
Microsoft Visual Studio Solution File, Format Version 11.00
# Visual Studio 2010
Project("{8BC9CEB8-8B4A-11D0-8D11-00A0C91BC942}") = "PuzzleMxN", "PuzzleMxN.vcxproj", "{CF08ECB6-FE81-4B1C-93BD-1EC67D07C2F9}"
EndProject
Project("{8BC9CEB8-8B4A-11D0-8D11-00A0C91BC942}") = "PuzzleMxNDemo", "PuzzleMxNDemo.vcxproj", "{8082DB7C-9294-40C4-900E-FECDDDF2E5F9}"
EndProject
Global
	GlobalSection(SolutionConfigurationPlatforms) = preSolution
		Debug|Win32 = Debug|Win32
		Release|Win32 = Release|Win32
	EndGlobalSection
	GlobalSection(ProjectConfigurationPlatforms) = postSolution
		{CF08ECB6-FE81-4B1C-93BD-1EC67D07C2F9}.Debug|Win32.ActiveCfg = Debug|Win32
		{CF08ECB6-FE81-4B1C-93BD-1EC67D07C2F9}.Debug|Win32.Build.0 = Debug|Win32
		{CF08ECB6-FE81-4B1C-93BD-1EC67D07C2F9}.Release|Win32.ActiveCfg = Release|Win32
		{CF08ECB6-FE81-4B1C-93BD-1EC67D07C2F9}.Release|Win32.Build.0 = Release|Win32
		{8082DB7C-9294-40C4-900E-FECDDDF2E5F9}.Debug|Win32.ActiveCfg = Debug|Win32
		{8082DB7C-9294-40C4-900E-FECDDDF2E5F9}.Debug|Win32.Build.0 = Debug|Win32
		{8082DB7C-9294-40C4-900E-FECDDDF2E5F9}.Release|Win32.ActiveCfg = Release|Win32
		{8082DB7C-9294-40C4-900E-FECDDDF2E5F9}.Release|Win32.Build.0 = Release|Win32
	EndGlobalSection
	GlobalSection(SolutionProperties) = preSolution
		HideSolutionNode = FALSE
	EndGlobalSection
EndGlobal
