
Microsoft Visual Studio Solution File, Format Version 11.00
# Visual Studio 2010
Project("{FAE04EC0-301F-11D3-BF4B-00C04F79EFBC}") = "BlockPuzzle", "BlockPuzzle.csproj", "{C0B591E0-6421-4090-BB71-FD71AF60A3F6}"
EndProject
Project("{FAE04EC0-301F-11D3-BF4B-00C04F79EFBC}") = "BlockPuzzle._2x2", "..\BlockPuzzle._2x2\BlockPuzzle._2x2.csproj", "{371B5248-2FD8-42A8-9766-1A531EEEE45F}"
EndProject
Project("{FAE04EC0-301F-11D3-BF4B-00C04F79EFBC}") = "BlockPuzzle._2x3", "..\BlockPuzzle._2x3\BlockPuzzle._2x3.csproj", "{B7F52ED7-958E-4CC7-BDF9-6EA3BEE63AB0}"
EndProject
Project("{FAE04EC0-301F-11D3-BF4B-00C04F79EFBC}") = "BlockPuzzle._3x2", "..\BlockPuzzle._3x2\BlockPuzzle._3x2.csproj", "{3E38245C-5572-4827-96E5-1AD8F50EF323}"
EndProject
Project("{FAE04EC0-301F-11D3-BF4B-00C04F79EFBC}") = "BlockPuzzle._3x3", "..\BlockPuzzle._3x3\BlockPuzzle._3x3.csproj", "{5E1C8DDE-E9A8-424A-B58A-83F860C5D2AF}"
EndProject
Global
	GlobalSection(SolutionConfigurationPlatforms) = preSolution
		Debug|Any CPU = Debug|Any CPU
		Release|Any CPU = Release|Any CPU
	EndGlobalSection
	GlobalSection(ProjectConfigurationPlatforms) = postSolution
		{C0B591E0-6421-4090-BB71-FD71AF60A3F6}.Debug|Any CPU.ActiveCfg = Debug|Any CPU
		{C0B591E0-6421-4090-BB71-FD71AF60A3F6}.Debug|Any CPU.Build.0 = Debug|Any CPU
		{C0B591E0-6421-4090-BB71-FD71AF60A3F6}.Release|Any CPU.ActiveCfg = Release|Any CPU
		{C0B591E0-6421-4090-BB71-FD71AF60A3F6}.Release|Any CPU.Build.0 = Release|Any CPU
		{371B5248-2FD8-42A8-9766-1A531EEEE45F}.Debug|Any CPU.ActiveCfg = Debug|Any CPU
		{371B5248-2FD8-42A8-9766-1A531EEEE45F}.Debug|Any CPU.Build.0 = Debug|Any CPU
		{371B5248-2FD8-42A8-9766-1A531EEEE45F}.Release|Any CPU.ActiveCfg = Release|Any CPU
		{371B5248-2FD8-42A8-9766-1A531EEEE45F}.Release|Any CPU.Build.0 = Release|Any CPU
		{B7F52ED7-958E-4CC7-BDF9-6EA3BEE63AB0}.Debug|Any CPU.ActiveCfg = Debug|Any CPU
		{B7F52ED7-958E-4CC7-BDF9-6EA3BEE63AB0}.Debug|Any CPU.Build.0 = Debug|Any CPU
		{B7F52ED7-958E-4CC7-BDF9-6EA3BEE63AB0}.Release|Any CPU.ActiveCfg = Release|Any CPU
		{B7F52ED7-958E-4CC7-BDF9-6EA3BEE63AB0}.Release|Any CPU.Build.0 = Release|Any CPU
		{3E38245C-5572-4827-96E5-1AD8F50EF323}.Debug|Any CPU.ActiveCfg = Debug|Any CPU
		{3E38245C-5572-4827-96E5-1AD8F50EF323}.Debug|Any CPU.Build.0 = Debug|Any CPU
		{3E38245C-5572-4827-96E5-1AD8F50EF323}.Release|Any CPU.ActiveCfg = Release|Any CPU
		{3E38245C-5572-4827-96E5-1AD8F50EF323}.Release|Any CPU.Build.0 = Release|Any CPU
		{5E1C8DDE-E9A8-424A-B58A-83F860C5D2AF}.Debug|Any CPU.ActiveCfg = Debug|Any CPU
		{5E1C8DDE-E9A8-424A-B58A-83F860C5D2AF}.Debug|Any CPU.Build.0 = Debug|Any CPU
		{5E1C8DDE-E9A8-424A-B58A-83F860C5D2AF}.Release|Any CPU.ActiveCfg = Release|Any CPU
		{5E1C8DDE-E9A8-424A-B58A-83F860C5D2AF}.Release|Any CPU.Build.0 = Release|Any CPU
	EndGlobalSection
	GlobalSection(SolutionProperties) = preSolution
		HideSolutionNode = FALSE
	EndGlobalSection
EndGlobal
