
Microsoft Visual Studio Solution File, Format Version 11.00
# Visual Studio 2010
Project("{FAE04EC0-301F-11D3-BF4B-00C04F79EFBC}") = "Assessment.Player", "Assessment.Player\Assessment.Player.csproj", "{3AC6092A-1008-4EF7-91C8-4E0BBD596B7F}"
EndProject
Project("{FAE04EC0-301F-11D3-BF4B-00C04F79EFBC}") = "SoonLearning.Math_Fast.SYSS300.QMDJ_151", "Math_Fast_SYSS300\151_160\SoonLearning.Math_Fast.SYSS300.QMDJ_151\SoonLearning.Math_Fast.SYSS300.QMDJ_151.csproj", "{CE68EEF7-B89B-4197-85AB-883E2EBE8235}"
EndProject
Project("{FAE04EC0-301F-11D3-BF4B-00C04F79EFBC}") = "SoonLearning.Math_Fast.SYSS300.EWSTC_152", "Math_Fast_SYSS300\151_160\SoonLearning.Math_Fast.SYSS300.EWSTC_152\SoonLearning.Math_Fast.SYSS300.EWSTC_152.csproj", "{9CFE6D74-A4E9-48FA-B615-CD2C4899A306}"
EndProject
Project("{FAE04EC0-301F-11D3-BF4B-00C04F79EFBC}") = "SoonLearning.Math_Fast.SYSS300.JDBS1_153", "Math_Fast_SYSS300\151_160\SoonLearning.Math_Fast.SYSS300.JDBS1_153\SoonLearning.Math_Fast.SYSS300.JDBS1_153.csproj", "{756A79E3-263A-4E7A-8725-A01B8D9E1FBE}"
EndProject
Project("{FAE04EC0-301F-11D3-BF4B-00C04F79EFBC}") = "SoonLearning.Math_Fast.SYSS300.JDBS2_154", "Math_Fast_SYSS300\151_160\SoonLearning.Math_Fast.SYSS300.JDBS2_154\SoonLearning.Math_Fast.SYSS300.JDBS2_154.csproj", "{73E31A83-0F07-440A-B66A-815BDCF00E4A}"
EndProject
Project("{FAE04EC0-301F-11D3-BF4B-00C04F79EFBC}") = "SoonLearning.Math_Fast.SYSS300.EBSS_155", "Math_Fast_SYSS300\151_160\SoonLearning.Math_Fast.SYSS300.EBSS_155\SoonLearning.Math_Fast.SYSS300.EBSS_155.csproj", "{938CA307-C8EF-4218-BCB3-162E6EE85D90}"
EndProject
Project("{FAE04EC0-301F-11D3-BF4B-00C04F79EFBC}") = "SoonLearning.Math_Fast.SYSS300.SBSS_156", "Math_Fast_SYSS300\151_160\SoonLearning.Math_Fast.SYSS300.SBSS_156\SoonLearning.Math_Fast.SYSS300.SBSS_156.csproj", "{36B98749-FC69-4713-9038-3A894ED3E666}"
EndProject
Project("{FAE04EC0-301F-11D3-BF4B-00C04F79EFBC}") = "SoonLearning.Math_Fast.SYSS300.SBSS_157", "Math_Fast_SYSS300\151_160\SoonLearning.Math_Fast.SYSS300.SBSS_157\SoonLearning.Math_Fast.SYSS300.SBSS_157.csproj", "{4F4902B4-CF54-42D6-8B5D-50F69EA1EA0E}"
EndProject
Project("{FAE04EC0-301F-11D3-BF4B-00C04F79EFBC}") = "SoonLearning.Math_Fast.SYSS300.WBSS_158", "Math_Fast_SYSS300\151_160\SoonLearning.Math_Fast.SYSS300.WBSS_158\SoonLearning.Math_Fast.SYSS300.WBSS_158.csproj", "{96690B4E-FC12-4367-9166-655BA96D2BD0}"
EndProject
Project("{FAE04EC0-301F-11D3-BF4B-00C04F79EFBC}") = "SoonLearning.Math_Fast.SYSS300.LBSS_159", "Math_Fast_SYSS300\151_160\SoonLearning.Math_Fast.SYSS300.LBSS_159\SoonLearning.Math_Fast.SYSS300.LBSS_159.csproj", "{3A216F30-0E72-45D9-B029-2E923EBAD45E}"
EndProject
Project("{FAE04EC0-301F-11D3-BF4B-00C04F79EFBC}") = "SoonLearning.Math_Fast.SYSS300.QBSS_160", "Math_Fast_SYSS300\151_160\SoonLearning.Math_Fast.SYSS300.QBSS_160\SoonLearning.Math_Fast.SYSS300.QBSS_160.csproj", "{9F2B6043-9ED4-411F-B99F-BD04D2CB62ED}"
EndProject
Global
	GlobalSection(SolutionConfigurationPlatforms) = preSolution
		Debug|Any CPU = Debug|Any CPU
		Release|Any CPU = Release|Any CPU
	EndGlobalSection
	GlobalSection(ProjectConfigurationPlatforms) = postSolution
		{3AC6092A-1008-4EF7-91C8-4E0BBD596B7F}.Debug|Any CPU.ActiveCfg = Debug|Any CPU
		{3AC6092A-1008-4EF7-91C8-4E0BBD596B7F}.Debug|Any CPU.Build.0 = Debug|Any CPU
		{3AC6092A-1008-4EF7-91C8-4E0BBD596B7F}.Release|Any CPU.ActiveCfg = Release|Any CPU
		{3AC6092A-1008-4EF7-91C8-4E0BBD596B7F}.Release|Any CPU.Build.0 = Release|Any CPU
		{CE68EEF7-B89B-4197-85AB-883E2EBE8235}.Debug|Any CPU.ActiveCfg = Debug|Any CPU
		{CE68EEF7-B89B-4197-85AB-883E2EBE8235}.Debug|Any CPU.Build.0 = Debug|Any CPU
		{CE68EEF7-B89B-4197-85AB-883E2EBE8235}.Release|Any CPU.ActiveCfg = Release|Any CPU
		{CE68EEF7-B89B-4197-85AB-883E2EBE8235}.Release|Any CPU.Build.0 = Release|Any CPU
		{9CFE6D74-A4E9-48FA-B615-CD2C4899A306}.Debug|Any CPU.ActiveCfg = Debug|Any CPU
		{9CFE6D74-A4E9-48FA-B615-CD2C4899A306}.Debug|Any CPU.Build.0 = Debug|Any CPU
		{9CFE6D74-A4E9-48FA-B615-CD2C4899A306}.Release|Any CPU.ActiveCfg = Release|Any CPU
		{9CFE6D74-A4E9-48FA-B615-CD2C4899A306}.Release|Any CPU.Build.0 = Release|Any CPU
		{756A79E3-263A-4E7A-8725-A01B8D9E1FBE}.Debug|Any CPU.ActiveCfg = Debug|Any CPU
		{756A79E3-263A-4E7A-8725-A01B8D9E1FBE}.Debug|Any CPU.Build.0 = Debug|Any CPU
		{756A79E3-263A-4E7A-8725-A01B8D9E1FBE}.Release|Any CPU.ActiveCfg = Release|Any CPU
		{756A79E3-263A-4E7A-8725-A01B8D9E1FBE}.Release|Any CPU.Build.0 = Release|Any CPU
		{73E31A83-0F07-440A-B66A-815BDCF00E4A}.Debug|Any CPU.ActiveCfg = Debug|Any CPU
		{73E31A83-0F07-440A-B66A-815BDCF00E4A}.Debug|Any CPU.Build.0 = Debug|Any CPU
		{73E31A83-0F07-440A-B66A-815BDCF00E4A}.Release|Any CPU.ActiveCfg = Release|Any CPU
		{73E31A83-0F07-440A-B66A-815BDCF00E4A}.Release|Any CPU.Build.0 = Release|Any CPU
		{938CA307-C8EF-4218-BCB3-162E6EE85D90}.Debug|Any CPU.ActiveCfg = Debug|Any CPU
		{938CA307-C8EF-4218-BCB3-162E6EE85D90}.Debug|Any CPU.Build.0 = Debug|Any CPU
		{938CA307-C8EF-4218-BCB3-162E6EE85D90}.Release|Any CPU.ActiveCfg = Release|Any CPU
		{938CA307-C8EF-4218-BCB3-162E6EE85D90}.Release|Any CPU.Build.0 = Release|Any CPU
		{36B98749-FC69-4713-9038-3A894ED3E666}.Debug|Any CPU.ActiveCfg = Debug|Any CPU
		{36B98749-FC69-4713-9038-3A894ED3E666}.Debug|Any CPU.Build.0 = Debug|Any CPU
		{36B98749-FC69-4713-9038-3A894ED3E666}.Release|Any CPU.ActiveCfg = Release|Any CPU
		{36B98749-FC69-4713-9038-3A894ED3E666}.Release|Any CPU.Build.0 = Release|Any CPU
		{4F4902B4-CF54-42D6-8B5D-50F69EA1EA0E}.Debug|Any CPU.ActiveCfg = Debug|Any CPU
		{4F4902B4-CF54-42D6-8B5D-50F69EA1EA0E}.Debug|Any CPU.Build.0 = Debug|Any CPU
		{4F4902B4-CF54-42D6-8B5D-50F69EA1EA0E}.Release|Any CPU.ActiveCfg = Release|Any CPU
		{4F4902B4-CF54-42D6-8B5D-50F69EA1EA0E}.Release|Any CPU.Build.0 = Release|Any CPU
		{96690B4E-FC12-4367-9166-655BA96D2BD0}.Debug|Any CPU.ActiveCfg = Debug|Any CPU
		{96690B4E-FC12-4367-9166-655BA96D2BD0}.Debug|Any CPU.Build.0 = Debug|Any CPU
		{96690B4E-FC12-4367-9166-655BA96D2BD0}.Release|Any CPU.ActiveCfg = Release|Any CPU
		{96690B4E-FC12-4367-9166-655BA96D2BD0}.Release|Any CPU.Build.0 = Release|Any CPU
		{3A216F30-0E72-45D9-B029-2E923EBAD45E}.Debug|Any CPU.ActiveCfg = Debug|Any CPU
		{3A216F30-0E72-45D9-B029-2E923EBAD45E}.Debug|Any CPU.Build.0 = Debug|Any CPU
		{3A216F30-0E72-45D9-B029-2E923EBAD45E}.Release|Any CPU.ActiveCfg = Release|Any CPU
		{3A216F30-0E72-45D9-B029-2E923EBAD45E}.Release|Any CPU.Build.0 = Release|Any CPU
		{9F2B6043-9ED4-411F-B99F-BD04D2CB62ED}.Debug|Any CPU.ActiveCfg = Debug|Any CPU
		{9F2B6043-9ED4-411F-B99F-BD04D2CB62ED}.Debug|Any CPU.Build.0 = Debug|Any CPU
		{9F2B6043-9ED4-411F-B99F-BD04D2CB62ED}.Release|Any CPU.ActiveCfg = Release|Any CPU
		{9F2B6043-9ED4-411F-B99F-BD04D2CB62ED}.Release|Any CPU.Build.0 = Release|Any CPU
	EndGlobalSection
	GlobalSection(SolutionProperties) = preSolution
		HideSolutionNode = FALSE
	EndGlobalSection
EndGlobal
