
Microsoft Visual Studio Solution File, Format Version 11.00
# Visual Studio 2010
Project("{FAE04EC0-301F-11D3-BF4B-00C04F79EFBC}") = "Assessment.Player", "Assessment.Player\Assessment.Player.csproj", "{3AC6092A-1008-4EF7-91C8-4E0BBD596B7F}"
EndProject
Project("{FAE04EC0-301F-11D3-BF4B-00C04F79EFBC}") = "SoonLearning.Math_Fast.SYSS300.THYC_141", "Math_Fast_SYSS300\141_150\SoonLearning.Math_Fast.SYSS300.THYC_141\SoonLearning.Math_Fast.SYSS300.THYC_141.csproj", "{2C2F5C24-6508-4120-8051-4BEEE614224C}"
EndProject
Project("{FAE04EC0-301F-11D3-BF4B-00C04F79EFBC}") = "SoonLearning.Math_Fast.SYSS300.CFBC_142", "Math_Fast_SYSS300\141_150\SoonLearning.Math_Fast.SYSS300.CFBC_142\SoonLearning.Math_Fast.SYSS300.CFBC_142.csproj", "{48982BF7-5309-4CC9-B356-EE07C8C04A66}"
EndProject
Project("{FAE04EC0-301F-11D3-BF4B-00C04F79EFBC}") = "SoonLearning.Math_Fast.SYSS300.XSPF_143", "Math_Fast_SYSS300\141_150\SoonLearning.Math_Fast.SYSS300.XSPF_143\SoonLearning.Math_Fast.SYSS300.XSPF_143.csproj", "{E775A9F9-2ED8-4FF1-AC5E-4B5D8C94AB5E}"
EndProject
Project("{FAE04EC0-301F-11D3-BF4B-00C04F79EFBC}") = "SoonLearning.Math_Fast.SYSS300.JXQJ_144", "Math_Fast_SYSS300\141_150\SoonLearning.Math_Fast.SYSS300.JXQJ_144\SoonLearning.Math_Fast.SYSS300.JXQJ_144.csproj", "{4BABD593-8DA8-4CD6-A3E7-EE1034A94D89}"
EndProject
Project("{FAE04EC0-301F-11D3-BF4B-00C04F79EFBC}") = "SoonLearning.Math_Fast.SYSS300.DJQJ_145", "Math_Fast_SYSS300\141_150\SoonLearning.Math_Fast.SYSS300.DJQJ_145\SoonLearning.Math_Fast.SYSS300.DJQJ_145.csproj", "{C6A2783B-87D7-42D8-B254-8857A8D864F7}"
EndProject
Project("{FAE04EC0-301F-11D3-BF4B-00C04F79EFBC}") = "SoonLearning.Math_Fast.SYSS300.YCDJ1_146", "Math_Fast_SYSS300\141_150\SoonLearning.Math_Fast.SYSS300.YCDJ1_146\SoonLearning.Math_Fast.SYSS300.YCDJ1_146.csproj", "{04413E29-B490-4894-96D9-3A0EC7F4D00A}"
EndProject
Project("{FAE04EC0-301F-11D3-BF4B-00C04F79EFBC}") = "SoonLearning.Math_Fast.SYSS300.YCDJ2_147", "Math_Fast_SYSS300\141_150\SoonLearning.Math_Fast.SYSS300.YCDJ2_147\SoonLearning.Math_Fast.SYSS300.YCDJ2_147.csproj", "{E42F3E4F-1D6A-479A-B1CD-2805B3DA42AA}"
EndProject
Project("{FAE04EC0-301F-11D3-BF4B-00C04F79EFBC}") = "SoonLearning.Math_Fast.SYSS300.YCDJ3_148", "Math_Fast_SYSS300\141_150\SoonLearning.Math_Fast.SYSS300.YCDJ3_148\SoonLearning.Math_Fast.SYSS300.YCDJ3_148.csproj", "{B5DD5D84-F5AF-46A4-8A2E-0573AEFAFCE0}"
EndProject
Project("{FAE04EC0-301F-11D3-BF4B-00C04F79EFBC}") = "SoonLearning.Math_Fast.SYSS300.DS_150", "Math_Fast_SYSS300\141_150\SoonLearning.Math_Fast.SYSS300.DS_150\SoonLearning.Math_Fast.SYSS300.DS_150.csproj", "{E184A5AD-57E3-484F-BCA2-F0810E7594F6}"
EndProject
Global
	GlobalSection(SolutionConfigurationPlatforms) = preSolution
		Debug|Any CPU = Debug|Any CPU
		Release|Any CPU = Release|Any CPU
	EndGlobalSection
	GlobalSection(ProjectConfigurationPlatforms) = postSolution
		{3AC6092A-1008-4EF7-91C8-4E0BBD596B7F}.Debug|Any CPU.ActiveCfg = Debug|Any CPU
		{3AC6092A-1008-4EF7-91C8-4E0BBD596B7F}.Debug|Any CPU.Build.0 = Debug|Any CPU
		{3AC6092A-1008-4EF7-91C8-4E0BBD596B7F}.Release|Any CPU.ActiveCfg = Release|Any CPU
		{3AC6092A-1008-4EF7-91C8-4E0BBD596B7F}.Release|Any CPU.Build.0 = Release|Any CPU
		{2C2F5C24-6508-4120-8051-4BEEE614224C}.Debug|Any CPU.ActiveCfg = Debug|Any CPU
		{2C2F5C24-6508-4120-8051-4BEEE614224C}.Debug|Any CPU.Build.0 = Debug|Any CPU
		{2C2F5C24-6508-4120-8051-4BEEE614224C}.Release|Any CPU.ActiveCfg = Release|Any CPU
		{2C2F5C24-6508-4120-8051-4BEEE614224C}.Release|Any CPU.Build.0 = Release|Any CPU
		{48982BF7-5309-4CC9-B356-EE07C8C04A66}.Debug|Any CPU.ActiveCfg = Debug|Any CPU
		{48982BF7-5309-4CC9-B356-EE07C8C04A66}.Debug|Any CPU.Build.0 = Debug|Any CPU
		{48982BF7-5309-4CC9-B356-EE07C8C04A66}.Release|Any CPU.ActiveCfg = Release|Any CPU
		{48982BF7-5309-4CC9-B356-EE07C8C04A66}.Release|Any CPU.Build.0 = Release|Any CPU
		{E775A9F9-2ED8-4FF1-AC5E-4B5D8C94AB5E}.Debug|Any CPU.ActiveCfg = Debug|Any CPU
		{E775A9F9-2ED8-4FF1-AC5E-4B5D8C94AB5E}.Debug|Any CPU.Build.0 = Debug|Any CPU
		{E775A9F9-2ED8-4FF1-AC5E-4B5D8C94AB5E}.Release|Any CPU.ActiveCfg = Release|Any CPU
		{E775A9F9-2ED8-4FF1-AC5E-4B5D8C94AB5E}.Release|Any CPU.Build.0 = Release|Any CPU
		{4BABD593-8DA8-4CD6-A3E7-EE1034A94D89}.Debug|Any CPU.ActiveCfg = Debug|Any CPU
		{4BABD593-8DA8-4CD6-A3E7-EE1034A94D89}.Debug|Any CPU.Build.0 = Debug|Any CPU
		{4BABD593-8DA8-4CD6-A3E7-EE1034A94D89}.Release|Any CPU.ActiveCfg = Release|Any CPU
		{4BABD593-8DA8-4CD6-A3E7-EE1034A94D89}.Release|Any CPU.Build.0 = Release|Any CPU
		{C6A2783B-87D7-42D8-B254-8857A8D864F7}.Debug|Any CPU.ActiveCfg = Debug|Any CPU
		{C6A2783B-87D7-42D8-B254-8857A8D864F7}.Debug|Any CPU.Build.0 = Debug|Any CPU
		{C6A2783B-87D7-42D8-B254-8857A8D864F7}.Release|Any CPU.ActiveCfg = Release|Any CPU
		{C6A2783B-87D7-42D8-B254-8857A8D864F7}.Release|Any CPU.Build.0 = Release|Any CPU
		{04413E29-B490-4894-96D9-3A0EC7F4D00A}.Debug|Any CPU.ActiveCfg = Debug|Any CPU
		{04413E29-B490-4894-96D9-3A0EC7F4D00A}.Debug|Any CPU.Build.0 = Debug|Any CPU
		{04413E29-B490-4894-96D9-3A0EC7F4D00A}.Release|Any CPU.ActiveCfg = Release|Any CPU
		{04413E29-B490-4894-96D9-3A0EC7F4D00A}.Release|Any CPU.Build.0 = Release|Any CPU
		{E42F3E4F-1D6A-479A-B1CD-2805B3DA42AA}.Debug|Any CPU.ActiveCfg = Debug|Any CPU
		{E42F3E4F-1D6A-479A-B1CD-2805B3DA42AA}.Debug|Any CPU.Build.0 = Debug|Any CPU
		{E42F3E4F-1D6A-479A-B1CD-2805B3DA42AA}.Release|Any CPU.ActiveCfg = Release|Any CPU
		{E42F3E4F-1D6A-479A-B1CD-2805B3DA42AA}.Release|Any CPU.Build.0 = Release|Any CPU
		{B5DD5D84-F5AF-46A4-8A2E-0573AEFAFCE0}.Debug|Any CPU.ActiveCfg = Debug|Any CPU
		{B5DD5D84-F5AF-46A4-8A2E-0573AEFAFCE0}.Debug|Any CPU.Build.0 = Debug|Any CPU
		{B5DD5D84-F5AF-46A4-8A2E-0573AEFAFCE0}.Release|Any CPU.ActiveCfg = Release|Any CPU
		{B5DD5D84-F5AF-46A4-8A2E-0573AEFAFCE0}.Release|Any CPU.Build.0 = Release|Any CPU
		{E184A5AD-57E3-484F-BCA2-F0810E7594F6}.Debug|Any CPU.ActiveCfg = Debug|Any CPU
		{E184A5AD-57E3-484F-BCA2-F0810E7594F6}.Debug|Any CPU.Build.0 = Debug|Any CPU
		{E184A5AD-57E3-484F-BCA2-F0810E7594F6}.Release|Any CPU.ActiveCfg = Release|Any CPU
		{E184A5AD-57E3-484F-BCA2-F0810E7594F6}.Release|Any CPU.Build.0 = Release|Any CPU
	EndGlobalSection
	GlobalSection(SolutionProperties) = preSolution
		HideSolutionNode = FALSE
	EndGlobalSection
EndGlobal
