
Microsoft Visual Studio Solution File, Format Version 11.00
# Visual Studio 2010
Project("{FAE04EC0-301F-11D3-BF4B-00C04F79EFBC}") = "Assessment.Player", "Assessment.Player\Assessment.Player.csproj", "{3AC6092A-1008-4EF7-91C8-4E0BBD596B7F}"
EndProject
Project("{FAE04EC0-301F-11D3-BF4B-00C04F79EFBC}") = "SoonLearning.Math_Fast.SYSS300.QCSS9DS2_221", "Math_Fast_SYSS300\221_230\SoonLearning.Math_Fast.SYSS300.QCSS9DS2_221\SoonLearning.Math_Fast.SYSS300.QCSS9DS2_221.csproj", "{5E032183-55A7-4AFC-BFAF-220EBA04D779}"
EndProject
Project("{FAE04EC0-301F-11D3-BF4B-00C04F79EFBC}") = "SoonLearning.Math_Fast.SYSS300.QCSS37DS_226", "Math_Fast_SYSS300\221_230\SoonLearning.Math_Fast.SYSS300.QCSS37DS_226\SoonLearning.Math_Fast.SYSS300.QCSS37DS_226.csproj", "{03687E7D-5E6A-499C-ABA1-1889904123E9}"
EndProject
Project("{FAE04EC0-301F-11D3-BF4B-00C04F79EFBC}") = "SoonLearning.Math_Fast.SYSS300.YWJH_227", "Math_Fast_SYSS300\221_230\SoonLearning.Math_Fast.SYSS300.YWJH_227\SoonLearning.Math_Fast.SYSS300.YWJH_227.csproj", "{87AB1448-B226-4EAE-B212-A9502B0C47EE}"
EndProject
Project("{FAE04EC0-301F-11D3-BF4B-00C04F79EFBC}") = "SoonLearning.Math_Fast.SYSS300.XHHC_228", "Math_Fast_SYSS300\221_230\SoonLearning.Math_Fast.SYSS300.XHHC_228\SoonLearning.Math_Fast.SYSS300.XHHC_228.csproj", "{69878AB8-A287-4CE7-9DA0-024EDDE07213}"
EndProject
Project("{FAE04EC0-301F-11D3-BF4B-00C04F79EFBC}") = "SoonLearning.Math_Fast.SYSS300.QHSC_229", "Math_Fast_SYSS300\221_230\SoonLearning.Math_Fast.SYSS300.QHSC_229\SoonLearning.Math_Fast.SYSS300.QHSC_229.csproj", "{A20071EB-49B9-4819-9AD6-6285EDBEEF76}"
EndProject
Project("{FAE04EC0-301F-11D3-BF4B-00C04F79EFBC}") = "SoonLearning.Math_Fast.SYSS300.THSC_230", "Math_Fast_SYSS300\221_230\SoonLearning.Math_Fast.SYSS300.THSC_230\SoonLearning.Math_Fast.SYSS300.THSC_230.csproj", "{BB373E69-1F62-4E96-9150-0262963DFF83}"
EndProject
Global
	GlobalSection(SolutionConfigurationPlatforms) = preSolution
		Debug|Any CPU = Debug|Any CPU
		Release|Any CPU = Release|Any CPU
	EndGlobalSection
	GlobalSection(ProjectConfigurationPlatforms) = postSolution
		{3AC6092A-1008-4EF7-91C8-4E0BBD596B7F}.Debug|Any CPU.ActiveCfg = Debug|Any CPU
		{3AC6092A-1008-4EF7-91C8-4E0BBD596B7F}.Debug|Any CPU.Build.0 = Debug|Any CPU
		{3AC6092A-1008-4EF7-91C8-4E0BBD596B7F}.Release|Any CPU.ActiveCfg = Release|Any CPU
		{3AC6092A-1008-4EF7-91C8-4E0BBD596B7F}.Release|Any CPU.Build.0 = Release|Any CPU
		{5E032183-55A7-4AFC-BFAF-220EBA04D779}.Debug|Any CPU.ActiveCfg = Debug|Any CPU
		{5E032183-55A7-4AFC-BFAF-220EBA04D779}.Debug|Any CPU.Build.0 = Debug|Any CPU
		{5E032183-55A7-4AFC-BFAF-220EBA04D779}.Release|Any CPU.ActiveCfg = Release|Any CPU
		{5E032183-55A7-4AFC-BFAF-220EBA04D779}.Release|Any CPU.Build.0 = Release|Any CPU
		{03687E7D-5E6A-499C-ABA1-1889904123E9}.Debug|Any CPU.ActiveCfg = Debug|Any CPU
		{03687E7D-5E6A-499C-ABA1-1889904123E9}.Debug|Any CPU.Build.0 = Debug|Any CPU
		{03687E7D-5E6A-499C-ABA1-1889904123E9}.Release|Any CPU.ActiveCfg = Release|Any CPU
		{03687E7D-5E6A-499C-ABA1-1889904123E9}.Release|Any CPU.Build.0 = Release|Any CPU
		{87AB1448-B226-4EAE-B212-A9502B0C47EE}.Debug|Any CPU.ActiveCfg = Debug|Any CPU
		{87AB1448-B226-4EAE-B212-A9502B0C47EE}.Debug|Any CPU.Build.0 = Debug|Any CPU
		{87AB1448-B226-4EAE-B212-A9502B0C47EE}.Release|Any CPU.ActiveCfg = Release|Any CPU
		{87AB1448-B226-4EAE-B212-A9502B0C47EE}.Release|Any CPU.Build.0 = Release|Any CPU
		{69878AB8-A287-4CE7-9DA0-024EDDE07213}.Debug|Any CPU.ActiveCfg = Debug|Any CPU
		{69878AB8-A287-4CE7-9DA0-024EDDE07213}.Debug|Any CPU.Build.0 = Debug|Any CPU
		{69878AB8-A287-4CE7-9DA0-024EDDE07213}.Release|Any CPU.ActiveCfg = Release|Any CPU
		{69878AB8-A287-4CE7-9DA0-024EDDE07213}.Release|Any CPU.Build.0 = Release|Any CPU
		{A20071EB-49B9-4819-9AD6-6285EDBEEF76}.Debug|Any CPU.ActiveCfg = Debug|Any CPU
		{A20071EB-49B9-4819-9AD6-6285EDBEEF76}.Debug|Any CPU.Build.0 = Debug|Any CPU
		{A20071EB-49B9-4819-9AD6-6285EDBEEF76}.Release|Any CPU.ActiveCfg = Release|Any CPU
		{A20071EB-49B9-4819-9AD6-6285EDBEEF76}.Release|Any CPU.Build.0 = Release|Any CPU
		{BB373E69-1F62-4E96-9150-0262963DFF83}.Debug|Any CPU.ActiveCfg = Debug|Any CPU
		{BB373E69-1F62-4E96-9150-0262963DFF83}.Debug|Any CPU.Build.0 = Debug|Any CPU
		{BB373E69-1F62-4E96-9150-0262963DFF83}.Release|Any CPU.ActiveCfg = Release|Any CPU
		{BB373E69-1F62-4E96-9150-0262963DFF83}.Release|Any CPU.Build.0 = Release|Any CPU
	EndGlobalSection
	GlobalSection(SolutionProperties) = preSolution
		HideSolutionNode = FALSE
	EndGlobalSection
EndGlobal
