
Microsoft Visual Studio Solution File, Format Version 11.00
# Visual Studio 2010
Project("{FAE04EC0-301F-11D3-BF4B-00C04F79EFBC}") = "Assessment.Player", "Assessment.Player\Assessment.Player.csproj", "{3AC6092A-1008-4EF7-91C8-4E0BBD596B7F}"
EndProject
Project("{FAE04EC0-301F-11D3-BF4B-00C04F79EFBC}") = "SoonLearning.Math_Fast.SYSS300.YCDC3_201", "Math_Fast_SYSS300\201_210\SoonLearning.Math_Fast.SYSS300.YCDC3_201\SoonLearning.Math_Fast.SYSS300.YCDC3_201.csproj", "{C3A570A4-1B23-4E84-93EB-224FEA96114E}"
EndProject
Project("{FAE04EC0-301F-11D3-BF4B-00C04F79EFBC}") = "SoonLearning.Math_Fast.SYSS300.YCDC4_202", "Math_Fast_SYSS300\201_210\SoonLearning.Math_Fast.SYSS300.YCDC4_202\SoonLearning.Math_Fast.SYSS300.YCDC4_202.csproj", "{D7D0D8A4-39A2-4355-876D-02C7E8D9C003}"
EndProject
Project("{FAE04EC0-301F-11D3-BF4B-00C04F79EFBC}") = "SoonLearning.Math_Fast.SYSS300.YCDC5_203", "Math_Fast_SYSS300\201_210\SoonLearning.Math_Fast.SYSS300.YCDC5_203\SoonLearning.Math_Fast.SYSS300.YCDC5_203.csproj", "{BE448E86-6DA5-44C5-902F-F25C7D4DA390}"
EndProject
Project("{FAE04EC0-301F-11D3-BF4B-00C04F79EFBC}") = "SoonLearning.Math_Fast.SYSS300.YCDC6_204", "Math_Fast_SYSS300\201_210\SoonLearning.Math_Fast.SYSS300.YCDC6_204\SoonLearning.Math_Fast.SYSS300.YCDC6_204.csproj", "{30FF0515-8294-44AB-ACD7-31EA8F533A21}"
EndProject
Project("{FAE04EC0-301F-11D3-BF4B-00C04F79EFBC}") = "SoonLearning.Math_Fast.SYSS300.YCDC7_205", "Math_Fast_SYSS300\201_210\SoonLearning.Math_Fast.SYSS300.YCDC7_205\SoonLearning.Math_Fast.SYSS300.YCDC7_205.csproj", "{D4FFEB0A-76E8-4030-98E7-8637A8368D35}"
EndProject
Project("{FAE04EC0-301F-11D3-BF4B-00C04F79EFBC}") = "SoonLearning.Math_Fast.SYSS300.YCDC8_206", "Math_Fast_SYSS300\201_210\SoonLearning.Math_Fast.SYSS300.YCDC8_206\SoonLearning.Math_Fast.SYSS300.YCDC8_206.csproj", "{30BD04F5-7960-48AE-BB72-4500FF03847A}"
EndProject
Project("{FAE04EC0-301F-11D3-BF4B-00C04F79EFBC}") = "SoonLearning.Math_Fast.SYSS300.YCDC9_207", "Math_Fast_SYSS300\201_210\SoonLearning.Math_Fast.SYSS300.YCDC9_207\SoonLearning.Math_Fast.SYSS300.YCDC9_207.csproj", "{16283E50-7ACE-4A91-86BE-0152430A6890}"
EndProject
Project("{FAE04EC0-301F-11D3-BF4B-00C04F79EFBC}") = "SoonLearning.Math_Fast.SYSS300.YCDC10_208", "Math_Fast_SYSS300\201_210\SoonLearning.Math_Fast.SYSS300.YCDC10_208\SoonLearning.Math_Fast.SYSS300.YCDC10_208.csproj", "{135A4F37-D03E-4D13-A78B-0227065281CC}"
EndProject
Project("{FAE04EC0-301F-11D3-BF4B-00C04F79EFBC}") = "SoonLearning.Math_Fast.SYSS300.YCDC11_209", "Math_Fast_SYSS300\201_210\SoonLearning.Math_Fast.SYSS300.YCDC11_209\SoonLearning.Math_Fast.SYSS300.YCDC11_209.csproj", "{7680B3A2-BB39-4796-BEA8-B509736ACD51}"
EndProject
Project("{FAE04EC0-301F-11D3-BF4B-00C04F79EFBC}") = "SoonLearning.Math_Fast.SYSS300.YCDC12_210", "Math_Fast_SYSS300\201_210\SoonLearning.Math_Fast.SYSS300.YCDC12_210\SoonLearning.Math_Fast.SYSS300.YCDC12_210.csproj", "{2A027DBB-924C-45BC-8816-3BA5D0A19663}"
EndProject
Global
	GlobalSection(SolutionConfigurationPlatforms) = preSolution
		Debug|Any CPU = Debug|Any CPU
		Release|Any CPU = Release|Any CPU
	EndGlobalSection
	GlobalSection(ProjectConfigurationPlatforms) = postSolution
		{3AC6092A-1008-4EF7-91C8-4E0BBD596B7F}.Debug|Any CPU.ActiveCfg = Debug|Any CPU
		{3AC6092A-1008-4EF7-91C8-4E0BBD596B7F}.Debug|Any CPU.Build.0 = Debug|Any CPU
		{3AC6092A-1008-4EF7-91C8-4E0BBD596B7F}.Release|Any CPU.ActiveCfg = Release|Any CPU
		{3AC6092A-1008-4EF7-91C8-4E0BBD596B7F}.Release|Any CPU.Build.0 = Release|Any CPU
		{C3A570A4-1B23-4E84-93EB-224FEA96114E}.Debug|Any CPU.ActiveCfg = Debug|Any CPU
		{C3A570A4-1B23-4E84-93EB-224FEA96114E}.Debug|Any CPU.Build.0 = Debug|Any CPU
		{C3A570A4-1B23-4E84-93EB-224FEA96114E}.Release|Any CPU.ActiveCfg = Release|Any CPU
		{C3A570A4-1B23-4E84-93EB-224FEA96114E}.Release|Any CPU.Build.0 = Release|Any CPU
		{D7D0D8A4-39A2-4355-876D-02C7E8D9C003}.Debug|Any CPU.ActiveCfg = Debug|Any CPU
		{D7D0D8A4-39A2-4355-876D-02C7E8D9C003}.Debug|Any CPU.Build.0 = Debug|Any CPU
		{D7D0D8A4-39A2-4355-876D-02C7E8D9C003}.Release|Any CPU.ActiveCfg = Release|Any CPU
		{D7D0D8A4-39A2-4355-876D-02C7E8D9C003}.Release|Any CPU.Build.0 = Release|Any CPU
		{BE448E86-6DA5-44C5-902F-F25C7D4DA390}.Debug|Any CPU.ActiveCfg = Debug|Any CPU
		{BE448E86-6DA5-44C5-902F-F25C7D4DA390}.Debug|Any CPU.Build.0 = Debug|Any CPU
		{BE448E86-6DA5-44C5-902F-F25C7D4DA390}.Release|Any CPU.ActiveCfg = Release|Any CPU
		{BE448E86-6DA5-44C5-902F-F25C7D4DA390}.Release|Any CPU.Build.0 = Release|Any CPU
		{30FF0515-8294-44AB-ACD7-31EA8F533A21}.Debug|Any CPU.ActiveCfg = Debug|Any CPU
		{30FF0515-8294-44AB-ACD7-31EA8F533A21}.Debug|Any CPU.Build.0 = Debug|Any CPU
		{30FF0515-8294-44AB-ACD7-31EA8F533A21}.Release|Any CPU.ActiveCfg = Release|Any CPU
		{30FF0515-8294-44AB-ACD7-31EA8F533A21}.Release|Any CPU.Build.0 = Release|Any CPU
		{D4FFEB0A-76E8-4030-98E7-8637A8368D35}.Debug|Any CPU.ActiveCfg = Debug|Any CPU
		{D4FFEB0A-76E8-4030-98E7-8637A8368D35}.Debug|Any CPU.Build.0 = Debug|Any CPU
		{D4FFEB0A-76E8-4030-98E7-8637A8368D35}.Release|Any CPU.ActiveCfg = Release|Any CPU
		{D4FFEB0A-76E8-4030-98E7-8637A8368D35}.Release|Any CPU.Build.0 = Release|Any CPU
		{30BD04F5-7960-48AE-BB72-4500FF03847A}.Debug|Any CPU.ActiveCfg = Debug|Any CPU
		{30BD04F5-7960-48AE-BB72-4500FF03847A}.Debug|Any CPU.Build.0 = Debug|Any CPU
		{30BD04F5-7960-48AE-BB72-4500FF03847A}.Release|Any CPU.ActiveCfg = Release|Any CPU
		{30BD04F5-7960-48AE-BB72-4500FF03847A}.Release|Any CPU.Build.0 = Release|Any CPU
		{16283E50-7ACE-4A91-86BE-0152430A6890}.Debug|Any CPU.ActiveCfg = Debug|Any CPU
		{16283E50-7ACE-4A91-86BE-0152430A6890}.Debug|Any CPU.Build.0 = Debug|Any CPU
		{16283E50-7ACE-4A91-86BE-0152430A6890}.Release|Any CPU.ActiveCfg = Release|Any CPU
		{16283E50-7ACE-4A91-86BE-0152430A6890}.Release|Any CPU.Build.0 = Release|Any CPU
		{135A4F37-D03E-4D13-A78B-0227065281CC}.Debug|Any CPU.ActiveCfg = Debug|Any CPU
		{135A4F37-D03E-4D13-A78B-0227065281CC}.Debug|Any CPU.Build.0 = Debug|Any CPU
		{135A4F37-D03E-4D13-A78B-0227065281CC}.Release|Any CPU.ActiveCfg = Release|Any CPU
		{135A4F37-D03E-4D13-A78B-0227065281CC}.Release|Any CPU.Build.0 = Release|Any CPU
		{7680B3A2-BB39-4796-BEA8-B509736ACD51}.Debug|Any CPU.ActiveCfg = Debug|Any CPU
		{7680B3A2-BB39-4796-BEA8-B509736ACD51}.Debug|Any CPU.Build.0 = Debug|Any CPU
		{7680B3A2-BB39-4796-BEA8-B509736ACD51}.Release|Any CPU.ActiveCfg = Release|Any CPU
		{7680B3A2-BB39-4796-BEA8-B509736ACD51}.Release|Any CPU.Build.0 = Release|Any CPU
		{2A027DBB-924C-45BC-8816-3BA5D0A19663}.Debug|Any CPU.ActiveCfg = Debug|Any CPU
		{2A027DBB-924C-45BC-8816-3BA5D0A19663}.Debug|Any CPU.Build.0 = Debug|Any CPU
		{2A027DBB-924C-45BC-8816-3BA5D0A19663}.Release|Any CPU.ActiveCfg = Release|Any CPU
		{2A027DBB-924C-45BC-8816-3BA5D0A19663}.Release|Any CPU.Build.0 = Release|Any CPU
	EndGlobalSection
	GlobalSection(SolutionProperties) = preSolution
		HideSolutionNode = FALSE
	EndGlobalSection
EndGlobal
