
Microsoft Visual Studio Solution File, Format Version 11.00
# Visual Studio 2010
Project("{FAE04EC0-301F-11D3-BF4B-00C04F79EFBC}") = "Assessment.Player", "Assessment.Player\Assessment.Player.csproj", "{3AC6092A-1008-4EF7-91C8-4E0BBD596B7F}"
EndProject
Project("{FAE04EC0-301F-11D3-BF4B-00C04F79EFBC}") = "SoonLearning.Math_Fast.SYSS300.TSGZ_111", "Math_Fast_SYSS300\111_120\SoonLearning.Math_Fast.SYSS300.TSGZ_111\SoonLearning.Math_Fast.SYSS300.TSGZ_111.csproj", "{88A3FD99-4072-4A81-AD36-AAC76E6168EF}"
EndProject
Project("{FAE04EC0-301F-11D3-BF4B-00C04F79EFBC}") = "SoonLearning.Math_Fast.SYSS300.JBZB_112", "Math_Fast_SYSS300\111_120\SoonLearning.Math_Fast.SYSS300.JBZB_112\SoonLearning.Math_Fast.SYSS300.JBZB_112.csproj", "{3D4BB37F-1247-4B2C-A8BF-C568594416BC}"
EndProject
Project("{FAE04EC0-301F-11D3-BF4B-00C04F79EFBC}") = "SoonLearning.Math_Fast.SYSS300.DC_113", "Math_Fast_SYSS300\111_120\SoonLearning.Math_Fast.SYSS300.DC_113\SoonLearning.Math_Fast.SYSS300.DC_113.csproj", "{386396FF-98CC-4469-A36D-897F77B916A3}"
EndProject
Project("{FAE04EC0-301F-11D3-BF4B-00C04F79EFBC}") = "SoonLearning.Math_Fast.SYSS300.FZCZ_114", "Math_Fast_SYSS300\111_120\SoonLearning.Math_Fast.SYSS300.FZCZ_114\SoonLearning.Math_Fast.SYSS300.FZCZ_114.csproj", "{7BA864C2-8B9C-441E-B073-1177897AACE5}"
EndProject
Project("{FAE04EC0-301F-11D3-BF4B-00C04F79EFBC}") = "SoonLearning.Math_Fast.SYSS300.TZFP_115", "Math_Fast_SYSS300\111_120\SoonLearning.Math_Fast.SYSS300.TZFP_115\SoonLearning.Math_Fast.SYSS300.TZFP_115.csproj", "{C34E1D66-AA7F-4A6A-B153-93E4F7D18006}"
EndProject
Project("{FAE04EC0-301F-11D3-BF4B-00C04F79EFBC}") = "SoonLearning.Math_Fast.SYSS300.LSCC_116", "Math_Fast_SYSS300\111_120\SoonLearning.Math_Fast.SYSS300.LSCC_116\SoonLearning.Math_Fast.SYSS300.LSCC_116.csproj", "{11713F8E-2620-4C37-875D-F8CD529A2BAE}"
EndProject
Project("{FAE04EC0-301F-11D3-BF4B-00C04F79EFBC}") = "SoonLearning.Math_Fast.SYSS300.CZTL1_117", "Math_Fast_SYSS300\111_120\SoonLearning.Math_Fast.SYSS300.CZTL1_117\SoonLearning.Math_Fast.SYSS300.CZTL1_117.csproj", "{BFB2B76C-10C2-408D-9F17-4C30D64C4290}"
EndProject
Project("{FAE04EC0-301F-11D3-BF4B-00C04F79EFBC}") = "SoonLearning.Math_Fast.SYSS300.CZTL2_118", "Math_Fast_SYSS300\111_120\SoonLearning.Math_Fast.SYSS300.CZTL2_118\SoonLearning.Math_Fast.SYSS300.CZTL2_118.csproj", "{B1146A36-4022-4DE5-823F-C0617A05B163}"
EndProject
Project("{FAE04EC0-301F-11D3-BF4B-00C04F79EFBC}") = "SoonLearning.Math_Fast.SYSS300.JJCZ1_119", "Math_Fast_SYSS300\111_120\SoonLearning.Math_Fast.SYSS300.JJCZ1_119\SoonLearning.Math_Fast.SYSS300.JJCZ1_119.csproj", "{53897792-7771-49EA-BE7A-09273E983812}"
EndProject
Project("{FAE04EC0-301F-11D3-BF4B-00C04F79EFBC}") = "SoonLearning.Math_Fast.SYSS300.JJCZ2_120", "Math_Fast_SYSS300\111_120\SoonLearning.Math_Fast.SYSS300.JJCZ2_120\SoonLearning.Math_Fast.SYSS300.JJCZ2_120.csproj", "{2C0EA9AD-D70A-4031-80D3-CFD4B285AC62}"
EndProject
Global
	GlobalSection(SolutionConfigurationPlatforms) = preSolution
		Debug|Any CPU = Debug|Any CPU
		Release|Any CPU = Release|Any CPU
	EndGlobalSection
	GlobalSection(ProjectConfigurationPlatforms) = postSolution
		{3AC6092A-1008-4EF7-91C8-4E0BBD596B7F}.Debug|Any CPU.ActiveCfg = Debug|Any CPU
		{3AC6092A-1008-4EF7-91C8-4E0BBD596B7F}.Debug|Any CPU.Build.0 = Debug|Any CPU
		{3AC6092A-1008-4EF7-91C8-4E0BBD596B7F}.Release|Any CPU.ActiveCfg = Release|Any CPU
		{3AC6092A-1008-4EF7-91C8-4E0BBD596B7F}.Release|Any CPU.Build.0 = Release|Any CPU
		{88A3FD99-4072-4A81-AD36-AAC76E6168EF}.Debug|Any CPU.ActiveCfg = Debug|Any CPU
		{88A3FD99-4072-4A81-AD36-AAC76E6168EF}.Debug|Any CPU.Build.0 = Debug|Any CPU
		{88A3FD99-4072-4A81-AD36-AAC76E6168EF}.Release|Any CPU.ActiveCfg = Release|Any CPU
		{88A3FD99-4072-4A81-AD36-AAC76E6168EF}.Release|Any CPU.Build.0 = Release|Any CPU
		{3D4BB37F-1247-4B2C-A8BF-C568594416BC}.Debug|Any CPU.ActiveCfg = Debug|Any CPU
		{3D4BB37F-1247-4B2C-A8BF-C568594416BC}.Debug|Any CPU.Build.0 = Debug|Any CPU
		{3D4BB37F-1247-4B2C-A8BF-C568594416BC}.Release|Any CPU.ActiveCfg = Release|Any CPU
		{3D4BB37F-1247-4B2C-A8BF-C568594416BC}.Release|Any CPU.Build.0 = Release|Any CPU
		{386396FF-98CC-4469-A36D-897F77B916A3}.Debug|Any CPU.ActiveCfg = Debug|Any CPU
		{386396FF-98CC-4469-A36D-897F77B916A3}.Debug|Any CPU.Build.0 = Debug|Any CPU
		{386396FF-98CC-4469-A36D-897F77B916A3}.Release|Any CPU.ActiveCfg = Release|Any CPU
		{386396FF-98CC-4469-A36D-897F77B916A3}.Release|Any CPU.Build.0 = Release|Any CPU
		{7BA864C2-8B9C-441E-B073-1177897AACE5}.Debug|Any CPU.ActiveCfg = Debug|Any CPU
		{7BA864C2-8B9C-441E-B073-1177897AACE5}.Debug|Any CPU.Build.0 = Debug|Any CPU
		{7BA864C2-8B9C-441E-B073-1177897AACE5}.Release|Any CPU.ActiveCfg = Release|Any CPU
		{7BA864C2-8B9C-441E-B073-1177897AACE5}.Release|Any CPU.Build.0 = Release|Any CPU
		{C34E1D66-AA7F-4A6A-B153-93E4F7D18006}.Debug|Any CPU.ActiveCfg = Debug|Any CPU
		{C34E1D66-AA7F-4A6A-B153-93E4F7D18006}.Debug|Any CPU.Build.0 = Debug|Any CPU
		{C34E1D66-AA7F-4A6A-B153-93E4F7D18006}.Release|Any CPU.ActiveCfg = Release|Any CPU
		{C34E1D66-AA7F-4A6A-B153-93E4F7D18006}.Release|Any CPU.Build.0 = Release|Any CPU
		{11713F8E-2620-4C37-875D-F8CD529A2BAE}.Debug|Any CPU.ActiveCfg = Debug|Any CPU
		{11713F8E-2620-4C37-875D-F8CD529A2BAE}.Debug|Any CPU.Build.0 = Debug|Any CPU
		{11713F8E-2620-4C37-875D-F8CD529A2BAE}.Release|Any CPU.ActiveCfg = Release|Any CPU
		{11713F8E-2620-4C37-875D-F8CD529A2BAE}.Release|Any CPU.Build.0 = Release|Any CPU
		{BFB2B76C-10C2-408D-9F17-4C30D64C4290}.Debug|Any CPU.ActiveCfg = Debug|Any CPU
		{BFB2B76C-10C2-408D-9F17-4C30D64C4290}.Debug|Any CPU.Build.0 = Debug|Any CPU
		{BFB2B76C-10C2-408D-9F17-4C30D64C4290}.Release|Any CPU.ActiveCfg = Release|Any CPU
		{BFB2B76C-10C2-408D-9F17-4C30D64C4290}.Release|Any CPU.Build.0 = Release|Any CPU
		{B1146A36-4022-4DE5-823F-C0617A05B163}.Debug|Any CPU.ActiveCfg = Debug|Any CPU
		{B1146A36-4022-4DE5-823F-C0617A05B163}.Debug|Any CPU.Build.0 = Debug|Any CPU
		{B1146A36-4022-4DE5-823F-C0617A05B163}.Release|Any CPU.ActiveCfg = Release|Any CPU
		{B1146A36-4022-4DE5-823F-C0617A05B163}.Release|Any CPU.Build.0 = Release|Any CPU
		{53897792-7771-49EA-BE7A-09273E983812}.Debug|Any CPU.ActiveCfg = Debug|Any CPU
		{53897792-7771-49EA-BE7A-09273E983812}.Debug|Any CPU.Build.0 = Debug|Any CPU
		{53897792-7771-49EA-BE7A-09273E983812}.Release|Any CPU.ActiveCfg = Release|Any CPU
		{53897792-7771-49EA-BE7A-09273E983812}.Release|Any CPU.Build.0 = Release|Any CPU
		{2C0EA9AD-D70A-4031-80D3-CFD4B285AC62}.Debug|Any CPU.ActiveCfg = Debug|Any CPU
		{2C0EA9AD-D70A-4031-80D3-CFD4B285AC62}.Debug|Any CPU.Build.0 = Debug|Any CPU
		{2C0EA9AD-D70A-4031-80D3-CFD4B285AC62}.Release|Any CPU.ActiveCfg = Release|Any CPU
		{2C0EA9AD-D70A-4031-80D3-CFD4B285AC62}.Release|Any CPU.Build.0 = Release|Any CPU
	EndGlobalSection
	GlobalSection(SolutionProperties) = preSolution
		HideSolutionNode = FALSE
	EndGlobalSection
EndGlobal
