
Microsoft Visual Studio Solution File, Format Version 11.00
# Visual Studio 2010
Project("{FAE04EC0-301F-11D3-BF4B-00C04F79EFBC}") = "Assessment.Player", "Assessment.Player\Assessment.Player.csproj", "{3AC6092A-1008-4EF7-91C8-4E0BBD596B7F}"
EndProject
Project("{FAE04EC0-301F-11D3-BF4B-00C04F79EFBC}") = "SoonLearning.Math_Fast.SYSS300.JCJC", "Math_Fast_SYSS300\1-10\SoonLearning.Math_Fast.SYSS300.JCJC\SoonLearning.Math_Fast.SYSS300.JCJC.csproj", "{1C2ADD4D-A10D-4CEA-B867-9518BACE82E0}"
EndProject
Project("{FAE04EC0-301F-11D3-BF4B-00C04F79EFBC}") = "SoonLearning.Math_Fast.SYSS300.YCDJ", "Math_Fast_SYSS300\1-10\SoonLearning.Math_Fast.SYSS300.YCDJ\SoonLearning.Math_Fast.SYSS300.YCDJ.csproj", "{E24B4FE3-5F06-42B2-85DF-F7AD23FE98FF}"
EndProject
Project("{FAE04EC0-301F-11D3-BF4B-00C04F79EFBC}") = "SoonLearning.Math_Fast.SYSS300.FZLJ", "Math_Fast_SYSS300\1-10\SoonLearning.Math_Fast.SYSS300.FZLJ\SoonLearning.Math_Fast.SYSS300.FZLJ.csproj", "{820DB709-CDD7-4AF5-B5E2-2B23D5963B40}"
EndProject
Project("{FAE04EC0-301F-11D3-BF4B-00C04F79EFBC}") = "SoonLearning.Math_Fast.SYSS300.JSCZ", "Math_Fast_SYSS300\1-10\SoonLearning.Math_Fast.SYSS300.JSCZ\SoonLearning.Math_Fast.SYSS300.JSCZ.csproj", "{4C96E483-DC4F-4A28-B071-8DB9982E20D7}"
EndProject
Project("{FAE04EC0-301F-11D3-BF4B-00C04F79EFBC}") = "SoonLearning.Math_Fast.SYSS300.CBTJ", "Math_Fast_SYSS300\1-10\SoonLearning.Math_Fast.SYSS300.CBTJ\SoonLearning.Math_Fast.SYSS300.CBTJ.csproj", "{4183ACDD-CD45-47DC-8B4B-CF719EC5CB80}"
EndProject
Project("{FAE04EC0-301F-11D3-BF4B-00C04F79EFBC}") = "SoonLearning.Math_Fast.SYSS300.DDC11", "Math_Fast_SYSS300\1-10\SoonLearning.Math_Fast.SYSS300.DDC11\SoonLearning.Math_Fast.SYSS300.DDC11.csproj", "{53E2C7D6-8DD2-442D-89BD-0CCB36CBEEC6}"
EndProject
Project("{FAE04EC0-301F-11D3-BF4B-00C04F79EFBC}") = "SoonLearning.Math_Fast.SYSS300.SWHW", "Math_Fast_SYSS300\1-10\SoonLearning.Math_Fast.SYSS300.SWHW\SoonLearning.Math_Fast.SYSS300.SWHW.csproj", "{1ED343E8-D91E-4CE3-A0F3-2215216EB5E0}"
EndProject
Project("{FAE04EC0-301F-11D3-BF4B-00C04F79EFBC}") = "SoonLearning.Math_Fast.SYSS300.DCQH", "Math_Fast_SYSS300\1-10\SoonLearning.Math_Fast.SYSS300.DCQH\SoonLearning.Math_Fast.SYSS300.DCQH.csproj", "{7A55343E-05B5-444C-A4F4-57692F7131CD}"
EndProject
Project("{FAE04EC0-301F-11D3-BF4B-00C04F79EFBC}") = "SoonLearning.Math_Fast.SYSS300.QBJY", "Math_Fast_SYSS300\1-10\SoonLearning.Math_Fast.SYSS300.QBJY\SoonLearning.Math_Fast.SYSS300.QBJY.csproj", "{8BFECFD9-DF30-4723-B0EA-CA2548FCD4C5}"
EndProject
Project("{FAE04EC0-301F-11D3-BF4B-00C04F79EFBC}") = "SoonLearning.Math_Fast.SYSS300.LSQH1", "Math_Fast_SYSS300\1-10\SoonLearning.Math_Fast.SYSS300.LSQH1\SoonLearning.Math_Fast.SYSS300.LSQH1.csproj", "{416D86F2-996B-4F08-8098-3168950E8404}"
EndProject
Global
	GlobalSection(SolutionConfigurationPlatforms) = preSolution
		Debug|Any CPU = Debug|Any CPU
		Release|Any CPU = Release|Any CPU
	EndGlobalSection
	GlobalSection(ProjectConfigurationPlatforms) = postSolution
		{3AC6092A-1008-4EF7-91C8-4E0BBD596B7F}.Debug|Any CPU.ActiveCfg = Debug|Any CPU
		{3AC6092A-1008-4EF7-91C8-4E0BBD596B7F}.Debug|Any CPU.Build.0 = Debug|Any CPU
		{3AC6092A-1008-4EF7-91C8-4E0BBD596B7F}.Release|Any CPU.ActiveCfg = Release|Any CPU
		{3AC6092A-1008-4EF7-91C8-4E0BBD596B7F}.Release|Any CPU.Build.0 = Release|Any CPU
		{1C2ADD4D-A10D-4CEA-B867-9518BACE82E0}.Debug|Any CPU.ActiveCfg = Debug|Any CPU
		{1C2ADD4D-A10D-4CEA-B867-9518BACE82E0}.Debug|Any CPU.Build.0 = Debug|Any CPU
		{1C2ADD4D-A10D-4CEA-B867-9518BACE82E0}.Release|Any CPU.ActiveCfg = Release|Any CPU
		{1C2ADD4D-A10D-4CEA-B867-9518BACE82E0}.Release|Any CPU.Build.0 = Release|Any CPU
		{E24B4FE3-5F06-42B2-85DF-F7AD23FE98FF}.Debug|Any CPU.ActiveCfg = Debug|Any CPU
		{E24B4FE3-5F06-42B2-85DF-F7AD23FE98FF}.Debug|Any CPU.Build.0 = Debug|Any CPU
		{E24B4FE3-5F06-42B2-85DF-F7AD23FE98FF}.Release|Any CPU.ActiveCfg = Release|Any CPU
		{E24B4FE3-5F06-42B2-85DF-F7AD23FE98FF}.Release|Any CPU.Build.0 = Release|Any CPU
		{820DB709-CDD7-4AF5-B5E2-2B23D5963B40}.Debug|Any CPU.ActiveCfg = Debug|Any CPU
		{820DB709-CDD7-4AF5-B5E2-2B23D5963B40}.Debug|Any CPU.Build.0 = Debug|Any CPU
		{820DB709-CDD7-4AF5-B5E2-2B23D5963B40}.Release|Any CPU.ActiveCfg = Release|Any CPU
		{820DB709-CDD7-4AF5-B5E2-2B23D5963B40}.Release|Any CPU.Build.0 = Release|Any CPU
		{4C96E483-DC4F-4A28-B071-8DB9982E20D7}.Debug|Any CPU.ActiveCfg = Debug|Any CPU
		{4C96E483-DC4F-4A28-B071-8DB9982E20D7}.Debug|Any CPU.Build.0 = Debug|Any CPU
		{4C96E483-DC4F-4A28-B071-8DB9982E20D7}.Release|Any CPU.ActiveCfg = Release|Any CPU
		{4C96E483-DC4F-4A28-B071-8DB9982E20D7}.Release|Any CPU.Build.0 = Release|Any CPU
		{4183ACDD-CD45-47DC-8B4B-CF719EC5CB80}.Debug|Any CPU.ActiveCfg = Debug|Any CPU
		{4183ACDD-CD45-47DC-8B4B-CF719EC5CB80}.Debug|Any CPU.Build.0 = Debug|Any CPU
		{4183ACDD-CD45-47DC-8B4B-CF719EC5CB80}.Release|Any CPU.ActiveCfg = Release|Any CPU
		{4183ACDD-CD45-47DC-8B4B-CF719EC5CB80}.Release|Any CPU.Build.0 = Release|Any CPU
		{53E2C7D6-8DD2-442D-89BD-0CCB36CBEEC6}.Debug|Any CPU.ActiveCfg = Debug|Any CPU
		{53E2C7D6-8DD2-442D-89BD-0CCB36CBEEC6}.Debug|Any CPU.Build.0 = Debug|Any CPU
		{53E2C7D6-8DD2-442D-89BD-0CCB36CBEEC6}.Release|Any CPU.ActiveCfg = Release|Any CPU
		{53E2C7D6-8DD2-442D-89BD-0CCB36CBEEC6}.Release|Any CPU.Build.0 = Release|Any CPU
		{1ED343E8-D91E-4CE3-A0F3-2215216EB5E0}.Debug|Any CPU.ActiveCfg = Debug|Any CPU
		{1ED343E8-D91E-4CE3-A0F3-2215216EB5E0}.Debug|Any CPU.Build.0 = Debug|Any CPU
		{1ED343E8-D91E-4CE3-A0F3-2215216EB5E0}.Release|Any CPU.ActiveCfg = Release|Any CPU
		{1ED343E8-D91E-4CE3-A0F3-2215216EB5E0}.Release|Any CPU.Build.0 = Release|Any CPU
		{7A55343E-05B5-444C-A4F4-57692F7131CD}.Debug|Any CPU.ActiveCfg = Debug|Any CPU
		{7A55343E-05B5-444C-A4F4-57692F7131CD}.Debug|Any CPU.Build.0 = Debug|Any CPU
		{7A55343E-05B5-444C-A4F4-57692F7131CD}.Release|Any CPU.ActiveCfg = Release|Any CPU
		{7A55343E-05B5-444C-A4F4-57692F7131CD}.Release|Any CPU.Build.0 = Release|Any CPU
		{8BFECFD9-DF30-4723-B0EA-CA2548FCD4C5}.Debug|Any CPU.ActiveCfg = Debug|Any CPU
		{8BFECFD9-DF30-4723-B0EA-CA2548FCD4C5}.Debug|Any CPU.Build.0 = Debug|Any CPU
		{8BFECFD9-DF30-4723-B0EA-CA2548FCD4C5}.Release|Any CPU.ActiveCfg = Release|Any CPU
		{8BFECFD9-DF30-4723-B0EA-CA2548FCD4C5}.Release|Any CPU.Build.0 = Release|Any CPU
		{416D86F2-996B-4F08-8098-3168950E8404}.Debug|Any CPU.ActiveCfg = Debug|Any CPU
		{416D86F2-996B-4F08-8098-3168950E8404}.Debug|Any CPU.Build.0 = Debug|Any CPU
		{416D86F2-996B-4F08-8098-3168950E8404}.Release|Any CPU.ActiveCfg = Release|Any CPU
		{416D86F2-996B-4F08-8098-3168950E8404}.Release|Any CPU.Build.0 = Release|Any CPU
	EndGlobalSection
	GlobalSection(SolutionProperties) = preSolution
		HideSolutionNode = FALSE
	EndGlobalSection
EndGlobal
