
Microsoft Visual Studio Solution File, Format Version 11.00
# Visual Studio 2010
Project("{FAE04EC0-301F-11D3-BF4B-00C04F79EFBC}") = "Assessment.Player", "Assessment.Player\Assessment.Player.csproj", "{3AC6092A-1008-4EF7-91C8-4E0BBD596B7F}"
EndProject
Project("{FAE04EC0-301F-11D3-BF4B-00C04F79EFBC}") = "SoonLearning.Math_Fast.SYSS300.LSQH2", "Math_Fast_SYSS300\11-20\SoonLearning.Math_Fast.SYSS300.LSQH2\SoonLearning.Math_Fast.SYSS300.LSQH2.csproj", "{96D20EC7-7969-4AB7-9334-57E4EEDFE7E8}"
EndProject
Project("{FAE04EC0-301F-11D3-BF4B-00C04F79EFBC}") = "SoonLearning.Math_Fast.SYSS300.LSQH3", "Math_Fast_SYSS300\11-20\SoonLearning.Math_Fast.SYSS300.LSQH3\SoonLearning.Math_Fast.SYSS300.LSQH3.csproj", "{403F7B41-48F0-4516-A177-AE863C9A42FB}"
EndProject
Project("{FAE04EC0-301F-11D3-BF4B-00C04F79EFBC}") = "SoonLearning.Math_Fast.SYSS300.LSQH4", "Math_Fast_SYSS300\11-20\SoonLearning.Math_Fast.SYSS300.LSQH4\SoonLearning.Math_Fast.SYSS300.LSQH4.csproj", "{46E0DDD3-5F23-4331-A05D-556D322F8ECA}"
EndProject
Project("{FAE04EC0-301F-11D3-BF4B-00C04F79EFBC}") = "SoonLearning.Math_Fast.SYSS300.LSQH5", "Math_Fast_SYSS300\11-20\SoonLearning.Math_Fast.SYSS300.LSQH5\SoonLearning.Math_Fast.SYSS300.LSQH5.csproj", "{78DB23F7-67B1-48A2-B571-5E56ABEAFB22}"
EndProject
Project("{FAE04EC0-301F-11D3-BF4B-00C04F79EFBC}") = "SoonLearning.Math_Fast.SYSS300.LSQH6", "Math_Fast_SYSS300\11-20\SoonLearning.Math_Fast.SYSS300.LSQH6\SoonLearning.Math_Fast.SYSS300.LSQH6.csproj", "{71523E24-9250-477C-9673-1108D4AC293A}"
EndProject
Project("{FAE04EC0-301F-11D3-BF4B-00C04F79EFBC}") = "SoonLearning.Math_Fast.SYSS300.DDC9", "Math_Fast_SYSS300\11-20\SoonLearning.Math_Fast.SYSS300.DDC9\SoonLearning.Math_Fast.SYSS300.DDC9.csproj", "{90F3512E-3817-4072-888A-D60EAB01F228}"
EndProject
Project("{FAE04EC0-301F-11D3-BF4B-00C04F79EFBC}") = "SoonLearning.Math_Fast.SYSS300.RYQH", "Math_Fast_SYSS300\11-20\SoonLearning.Math_Fast.SYSS300.RYQH\SoonLearning.Math_Fast.SYSS300.RYQH.csproj", "{71D026D7-06CC-4CB4-8930-F4F0BB42E9B8}"
EndProject
Project("{FAE04EC0-301F-11D3-BF4B-00C04F79EFBC}") = "SoonLearning.Math_Fast.SYSS300.DDC99", "Math_Fast_SYSS300\11-20\SoonLearning.Math_Fast.SYSS300.DDC99\SoonLearning.Math_Fast.SYSS300.DDC99.csproj", "{3D34595F-314B-49CC-8F56-48E8A2EED5DC}"
EndProject
Project("{FAE04EC0-301F-11D3-BF4B-00C04F79EFBC}") = "SoonLearning.Math_Fast.SYSS300.ZJJX", "Math_Fast_SYSS300\11-20\SoonLearning.Math_Fast.SYSS300.ZJJX\SoonLearning.Math_Fast.SYSS300.ZJJX.csproj", "{24E4FF27-1299-4666-A2A0-77F2E98BADAB}"
EndProject
Project("{FAE04EC0-301F-11D3-BF4B-00C04F79EFBC}") = "SoonLearning.Math_Fast.SYSS300.CTTJ", "Math_Fast_SYSS300\11-20\SoonLearning.Math_Fast.SYSS300.CTTJ\SoonLearning.Math_Fast.SYSS300.CTTJ.csproj", "{F7EF2754-5DB3-4FB9-BE22-FE05E312227A}"
EndProject
Global
	GlobalSection(SolutionConfigurationPlatforms) = preSolution
		Debug|Any CPU = Debug|Any CPU
		Release|Any CPU = Release|Any CPU
	EndGlobalSection
	GlobalSection(ProjectConfigurationPlatforms) = postSolution
		{3AC6092A-1008-4EF7-91C8-4E0BBD596B7F}.Debug|Any CPU.ActiveCfg = Debug|Any CPU
		{3AC6092A-1008-4EF7-91C8-4E0BBD596B7F}.Debug|Any CPU.Build.0 = Debug|Any CPU
		{3AC6092A-1008-4EF7-91C8-4E0BBD596B7F}.Release|Any CPU.ActiveCfg = Release|Any CPU
		{3AC6092A-1008-4EF7-91C8-4E0BBD596B7F}.Release|Any CPU.Build.0 = Release|Any CPU
		{96D20EC7-7969-4AB7-9334-57E4EEDFE7E8}.Debug|Any CPU.ActiveCfg = Debug|Any CPU
		{96D20EC7-7969-4AB7-9334-57E4EEDFE7E8}.Debug|Any CPU.Build.0 = Debug|Any CPU
		{96D20EC7-7969-4AB7-9334-57E4EEDFE7E8}.Release|Any CPU.ActiveCfg = Release|Any CPU
		{96D20EC7-7969-4AB7-9334-57E4EEDFE7E8}.Release|Any CPU.Build.0 = Release|Any CPU
		{403F7B41-48F0-4516-A177-AE863C9A42FB}.Debug|Any CPU.ActiveCfg = Debug|Any CPU
		{403F7B41-48F0-4516-A177-AE863C9A42FB}.Debug|Any CPU.Build.0 = Debug|Any CPU
		{403F7B41-48F0-4516-A177-AE863C9A42FB}.Release|Any CPU.ActiveCfg = Release|Any CPU
		{403F7B41-48F0-4516-A177-AE863C9A42FB}.Release|Any CPU.Build.0 = Release|Any CPU
		{46E0DDD3-5F23-4331-A05D-556D322F8ECA}.Debug|Any CPU.ActiveCfg = Debug|Any CPU
		{46E0DDD3-5F23-4331-A05D-556D322F8ECA}.Debug|Any CPU.Build.0 = Debug|Any CPU
		{46E0DDD3-5F23-4331-A05D-556D322F8ECA}.Release|Any CPU.ActiveCfg = Release|Any CPU
		{46E0DDD3-5F23-4331-A05D-556D322F8ECA}.Release|Any CPU.Build.0 = Release|Any CPU
		{78DB23F7-67B1-48A2-B571-5E56ABEAFB22}.Debug|Any CPU.ActiveCfg = Debug|Any CPU
		{78DB23F7-67B1-48A2-B571-5E56ABEAFB22}.Debug|Any CPU.Build.0 = Debug|Any CPU
		{78DB23F7-67B1-48A2-B571-5E56ABEAFB22}.Release|Any CPU.ActiveCfg = Release|Any CPU
		{78DB23F7-67B1-48A2-B571-5E56ABEAFB22}.Release|Any CPU.Build.0 = Release|Any CPU
		{71523E24-9250-477C-9673-1108D4AC293A}.Debug|Any CPU.ActiveCfg = Debug|Any CPU
		{71523E24-9250-477C-9673-1108D4AC293A}.Debug|Any CPU.Build.0 = Debug|Any CPU
		{71523E24-9250-477C-9673-1108D4AC293A}.Release|Any CPU.ActiveCfg = Release|Any CPU
		{71523E24-9250-477C-9673-1108D4AC293A}.Release|Any CPU.Build.0 = Release|Any CPU
		{90F3512E-3817-4072-888A-D60EAB01F228}.Debug|Any CPU.ActiveCfg = Debug|Any CPU
		{90F3512E-3817-4072-888A-D60EAB01F228}.Debug|Any CPU.Build.0 = Debug|Any CPU
		{90F3512E-3817-4072-888A-D60EAB01F228}.Release|Any CPU.ActiveCfg = Release|Any CPU
		{90F3512E-3817-4072-888A-D60EAB01F228}.Release|Any CPU.Build.0 = Release|Any CPU
		{71D026D7-06CC-4CB4-8930-F4F0BB42E9B8}.Debug|Any CPU.ActiveCfg = Debug|Any CPU
		{71D026D7-06CC-4CB4-8930-F4F0BB42E9B8}.Debug|Any CPU.Build.0 = Debug|Any CPU
		{71D026D7-06CC-4CB4-8930-F4F0BB42E9B8}.Release|Any CPU.ActiveCfg = Release|Any CPU
		{71D026D7-06CC-4CB4-8930-F4F0BB42E9B8}.Release|Any CPU.Build.0 = Release|Any CPU
		{3D34595F-314B-49CC-8F56-48E8A2EED5DC}.Debug|Any CPU.ActiveCfg = Debug|Any CPU
		{3D34595F-314B-49CC-8F56-48E8A2EED5DC}.Debug|Any CPU.Build.0 = Debug|Any CPU
		{3D34595F-314B-49CC-8F56-48E8A2EED5DC}.Release|Any CPU.ActiveCfg = Release|Any CPU
		{3D34595F-314B-49CC-8F56-48E8A2EED5DC}.Release|Any CPU.Build.0 = Release|Any CPU
		{24E4FF27-1299-4666-A2A0-77F2E98BADAB}.Debug|Any CPU.ActiveCfg = Debug|Any CPU
		{24E4FF27-1299-4666-A2A0-77F2E98BADAB}.Debug|Any CPU.Build.0 = Debug|Any CPU
		{24E4FF27-1299-4666-A2A0-77F2E98BADAB}.Release|Any CPU.ActiveCfg = Release|Any CPU
		{24E4FF27-1299-4666-A2A0-77F2E98BADAB}.Release|Any CPU.Build.0 = Release|Any CPU
		{F7EF2754-5DB3-4FB9-BE22-FE05E312227A}.Debug|Any CPU.ActiveCfg = Debug|Any CPU
		{F7EF2754-5DB3-4FB9-BE22-FE05E312227A}.Debug|Any CPU.Build.0 = Debug|Any CPU
		{F7EF2754-5DB3-4FB9-BE22-FE05E312227A}.Release|Any CPU.ActiveCfg = Release|Any CPU
		{F7EF2754-5DB3-4FB9-BE22-FE05E312227A}.Release|Any CPU.Build.0 = Release|Any CPU
	EndGlobalSection
	GlobalSection(SolutionProperties) = preSolution
		HideSolutionNode = FALSE
	EndGlobalSection
EndGlobal
