
Microsoft Visual Studio Solution File, Format Version 11.00
# Visual Studio 2010
Project("{FAE04EC0-301F-11D3-BF4B-00C04F79EFBC}") = "Assessment.Player", "Assessment.Player\Assessment.Player.csproj", "{3AC6092A-1008-4EF7-91C8-4E0BBD596B7F}"
EndProject
Project("{FAE04EC0-301F-11D3-BF4B-00C04F79EFBC}") = "SoonLearning.Math_Fast.SYSS300.JYQB_32", "Math_Fast_SYSS300\31-40\SoonLearning.Math_Fast.SYSS300.JYQB_32\SoonLearning.Math_Fast.SYSS300.JYQB_32.csproj", "{CA3D16AF-9CF8-4587-AFE7-C9C30009A67E}"
EndProject
Project("{FAE04EC0-301F-11D3-BF4B-00C04F79EFBC}") = "SoonLearning.Math_Fast.SYSS300.QDCJ_33", "Math_Fast_SYSS300\31-40\SoonLearning.Math_Fast.SYSS300.QDCJ_33\SoonLearning.Math_Fast.SYSS300.QDCJ_33.csproj", "{546D95E7-E986-4B33-9E1E-52458311C11E}"
EndProject
Project("{FAE04EC0-301F-11D3-BF4B-00C04F79EFBC}") = "SoonLearning.Math_Fast.SYSS300.YWCZ_36", "Math_Fast_SYSS300\31-40\SoonLearning.Math_Fast.SYSS300.YWCZ_36\SoonLearning.Math_Fast.SYSS300.YWCZ_36.csproj", "{AAD059E8-DEB3-4CC7-A736-D6BC6AD7F432}"
EndProject
Project("{FAE04EC0-301F-11D3-BF4B-00C04F79EFBC}") = "SoonLearning.Math_Fast.SYSS300.QHCZ_37", "Math_Fast_SYSS300\31-40\SoonLearning.Math_Fast.SYSS300.QHCZ_37\SoonLearning.Math_Fast.SYSS300.QHCZ_37.csproj", "{6990758E-4389-43F4-8925-3B7B1BC7AC68}"
EndProject
Project("{FAE04EC0-301F-11D3-BF4B-00C04F79EFBC}") = "SoonLearning.Math_Fast.SYSS300.TZYC_38", "Math_Fast_SYSS300\31-40\SoonLearning.Math_Fast.SYSS300.TZYC_38\SoonLearning.Math_Fast.SYSS300.TZYC_38.csproj", "{99E1B74E-6990-4251-B82F-A4D3279EE2C1}"
EndProject
Project("{FAE04EC0-301F-11D3-BF4B-00C04F79EFBC}") = "SoonLearning.Math_Fast.SYSS300.ZLFS_39", "Math_Fast_SYSS300\31-40\SoonLearning.Math_Fast.SYSS300.ZLFS_39\SoonLearning.Math_Fast.SYSS300.ZLFS_39.csproj", "{5A7D2A5B-9A5F-40EF-867A-5E4F80B43C49}"
EndProject
Project("{FAE04EC0-301F-11D3-BF4B-00C04F79EFBC}") = "SoonLearning.Math_Fast.SYSS300.STWY1_40", "Math_Fast_SYSS300\31-40\SoonLearning.Math_Fast.SYSS300.STWY1_40\SoonLearning.Math_Fast.SYSS300.STWY1_40.csproj", "{2031A252-9FFB-418E-B301-F52B4F5AEA65}"
EndProject
Global
	GlobalSection(SolutionConfigurationPlatforms) = preSolution
		Debug|Any CPU = Debug|Any CPU
		Release|Any CPU = Release|Any CPU
	EndGlobalSection
	GlobalSection(ProjectConfigurationPlatforms) = postSolution
		{3AC6092A-1008-4EF7-91C8-4E0BBD596B7F}.Debug|Any CPU.ActiveCfg = Debug|Any CPU
		{3AC6092A-1008-4EF7-91C8-4E0BBD596B7F}.Debug|Any CPU.Build.0 = Debug|Any CPU
		{3AC6092A-1008-4EF7-91C8-4E0BBD596B7F}.Release|Any CPU.ActiveCfg = Release|Any CPU
		{3AC6092A-1008-4EF7-91C8-4E0BBD596B7F}.Release|Any CPU.Build.0 = Release|Any CPU
		{CA3D16AF-9CF8-4587-AFE7-C9C30009A67E}.Debug|Any CPU.ActiveCfg = Debug|Any CPU
		{CA3D16AF-9CF8-4587-AFE7-C9C30009A67E}.Debug|Any CPU.Build.0 = Debug|Any CPU
		{CA3D16AF-9CF8-4587-AFE7-C9C30009A67E}.Release|Any CPU.ActiveCfg = Release|Any CPU
		{CA3D16AF-9CF8-4587-AFE7-C9C30009A67E}.Release|Any CPU.Build.0 = Release|Any CPU
		{546D95E7-E986-4B33-9E1E-52458311C11E}.Debug|Any CPU.ActiveCfg = Debug|Any CPU
		{546D95E7-E986-4B33-9E1E-52458311C11E}.Debug|Any CPU.Build.0 = Debug|Any CPU
		{546D95E7-E986-4B33-9E1E-52458311C11E}.Release|Any CPU.ActiveCfg = Release|Any CPU
		{546D95E7-E986-4B33-9E1E-52458311C11E}.Release|Any CPU.Build.0 = Release|Any CPU
		{AAD059E8-DEB3-4CC7-A736-D6BC6AD7F432}.Debug|Any CPU.ActiveCfg = Debug|Any CPU
		{AAD059E8-DEB3-4CC7-A736-D6BC6AD7F432}.Debug|Any CPU.Build.0 = Debug|Any CPU
		{AAD059E8-DEB3-4CC7-A736-D6BC6AD7F432}.Release|Any CPU.ActiveCfg = Release|Any CPU
		{AAD059E8-DEB3-4CC7-A736-D6BC6AD7F432}.Release|Any CPU.Build.0 = Release|Any CPU
		{6990758E-4389-43F4-8925-3B7B1BC7AC68}.Debug|Any CPU.ActiveCfg = Debug|Any CPU
		{6990758E-4389-43F4-8925-3B7B1BC7AC68}.Debug|Any CPU.Build.0 = Debug|Any CPU
		{6990758E-4389-43F4-8925-3B7B1BC7AC68}.Release|Any CPU.ActiveCfg = Release|Any CPU
		{6990758E-4389-43F4-8925-3B7B1BC7AC68}.Release|Any CPU.Build.0 = Release|Any CPU
		{99E1B74E-6990-4251-B82F-A4D3279EE2C1}.Debug|Any CPU.ActiveCfg = Debug|Any CPU
		{99E1B74E-6990-4251-B82F-A4D3279EE2C1}.Debug|Any CPU.Build.0 = Debug|Any CPU
		{99E1B74E-6990-4251-B82F-A4D3279EE2C1}.Release|Any CPU.ActiveCfg = Release|Any CPU
		{99E1B74E-6990-4251-B82F-A4D3279EE2C1}.Release|Any CPU.Build.0 = Release|Any CPU
		{5A7D2A5B-9A5F-40EF-867A-5E4F80B43C49}.Debug|Any CPU.ActiveCfg = Debug|Any CPU
		{5A7D2A5B-9A5F-40EF-867A-5E4F80B43C49}.Debug|Any CPU.Build.0 = Debug|Any CPU
		{5A7D2A5B-9A5F-40EF-867A-5E4F80B43C49}.Release|Any CPU.ActiveCfg = Release|Any CPU
		{5A7D2A5B-9A5F-40EF-867A-5E4F80B43C49}.Release|Any CPU.Build.0 = Release|Any CPU
		{2031A252-9FFB-418E-B301-F52B4F5AEA65}.Debug|Any CPU.ActiveCfg = Debug|Any CPU
		{2031A252-9FFB-418E-B301-F52B4F5AEA65}.Debug|Any CPU.Build.0 = Debug|Any CPU
		{2031A252-9FFB-418E-B301-F52B4F5AEA65}.Release|Any CPU.ActiveCfg = Release|Any CPU
		{2031A252-9FFB-418E-B301-F52B4F5AEA65}.Release|Any CPU.Build.0 = Release|Any CPU
	EndGlobalSection
	GlobalSection(SolutionProperties) = preSolution
		HideSolutionNode = FALSE
	EndGlobalSection
EndGlobal
