
Microsoft Visual Studio Solution File, Format Version 11.00
# Visual Studio 2010
Project("{FAE04EC0-301F-11D3-BF4B-00C04F79EFBC}") = "Assessment.Player", "Assessment.Player\Assessment.Player.csproj", "{3AC6092A-1008-4EF7-91C8-4E0BBD596B7F}"
EndProject
Project("{FAE04EC0-301F-11D3-BF4B-00C04F79EFBC}") = "SoonLearning.Math_Fast.SYSS300.QBSS2_161", "Math_Fast_SYSS300\161_170\SoonLearning.Math_Fast.SYSS300.QBSS2_161\SoonLearning.Math_Fast.SYSS300.QBSS2_161.csproj", "{1A19B19E-A0AE-467F-B45A-6AA7C4BDB886}"
EndProject
Project("{FAE04EC0-301F-11D3-BF4B-00C04F79EFBC}") = "SoonLearning.Math_Fast.SYSS300.BBSS_162", "Math_Fast_SYSS300\161_170\SoonLearning.Math_Fast.SYSS300.BBSS_162\SoonLearning.Math_Fast.SYSS300.BBSS_162.csproj", "{E056403B-18D3-4266-B2C7-510FD9D2E8C0}"
EndProject
Project("{FAE04EC0-301F-11D3-BF4B-00C04F79EFBC}") = "SoonLearning.Math_Fast.SYSS300.JBSS_163", "Math_Fast_SYSS300\161_170\SoonLearning.Math_Fast.SYSS300.JBSS_163\SoonLearning.Math_Fast.SYSS300.JBSS_163.csproj", "{5EB74214-F627-4E83-B73A-AC69E2AE03B2}"
EndProject
Project("{FAE04EC0-301F-11D3-BF4B-00C04F79EFBC}") = "SoonLearning.Math_Fast.SYSS300.SBSS_164", "Math_Fast_SYSS300\161_170\SoonLearning.Math_Fast.SYSS300.SBSS_164\SoonLearning.Math_Fast.SYSS300.SBSS_164.csproj", "{A95D70A9-2A1C-48F1-B9EF-2F85520B2F04}"
EndProject
Project("{FAE04EC0-301F-11D3-BF4B-00C04F79EFBC}") = "SoonLearning.Math_Fast.SYSS300.SBSS_165", "Math_Fast_SYSS300\161_170\SoonLearning.Math_Fast.SYSS300.SBSS_165\SoonLearning.Math_Fast.SYSS300.SBSS_165.csproj", "{D283A34E-E57C-4A6A-AB88-D85DEF0FB86B}"
EndProject
Project("{FAE04EC0-301F-11D3-BF4B-00C04F79EFBC}") = "SoonLearning.Math_Fast.SYSS300.SBSS_166", "Math_Fast_SYSS300\161_170\SoonLearning.Math_Fast.SYSS300.SBSS_166\SoonLearning.Math_Fast.SYSS300.SBSS_166.csproj", "{305B2781-73BD-4B65-BF7F-15C1F211D2D0}"
EndProject
Project("{FAE04EC0-301F-11D3-BF4B-00C04F79EFBC}") = "SoonLearning.Math_Fast.SYSS300.SBSS_167", "Math_Fast_SYSS300\161_170\SoonLearning.Math_Fast.SYSS300.SBSS_167\SoonLearning.Math_Fast.SYSS300.SBSS_167.csproj", "{42DABF4F-26B4-4FA5-9840-C8FE05238576}"
EndProject
Project("{FAE04EC0-301F-11D3-BF4B-00C04F79EFBC}") = "SoonLearning.Math_Fast.SYSS300.SBSS_168", "Math_Fast_SYSS300\161_170\SoonLearning.Math_Fast.SYSS300.SBSS_168\SoonLearning.Math_Fast.SYSS300.SBSS_168.csproj", "{01CFBF55-2E26-42C2-82EB-73A7A71C4233}"
EndProject
Project("{FAE04EC0-301F-11D3-BF4B-00C04F79EFBC}") = "SoonLearning.Math_Fast.SYSS300.EBSS_169", "Math_Fast_SYSS300\161_170\SoonLearning.Math_Fast.SYSS300.EBSS_169\SoonLearning.Math_Fast.SYSS300.EBSS_169.csproj", "{D97134F7-3352-4754-94D2-0ABA1F573F6D}"
EndProject
Project("{FAE04EC0-301F-11D3-BF4B-00C04F79EFBC}") = "SoonLearning.Math_Fast.SYSS300.EBSS_170", "Math_Fast_SYSS300\161_170\SoonLearning.Math_Fast.SYSS300.EBSS_170\SoonLearning.Math_Fast.SYSS300.EBSS_170.csproj", "{C1832C8B-DB10-4450-9156-A60E69E50D92}"
EndProject
Global
	GlobalSection(SolutionConfigurationPlatforms) = preSolution
		Debug|Any CPU = Debug|Any CPU
		Release|Any CPU = Release|Any CPU
	EndGlobalSection
	GlobalSection(ProjectConfigurationPlatforms) = postSolution
		{3AC6092A-1008-4EF7-91C8-4E0BBD596B7F}.Debug|Any CPU.ActiveCfg = Debug|Any CPU
		{3AC6092A-1008-4EF7-91C8-4E0BBD596B7F}.Debug|Any CPU.Build.0 = Debug|Any CPU
		{3AC6092A-1008-4EF7-91C8-4E0BBD596B7F}.Release|Any CPU.ActiveCfg = Release|Any CPU
		{3AC6092A-1008-4EF7-91C8-4E0BBD596B7F}.Release|Any CPU.Build.0 = Release|Any CPU
		{1A19B19E-A0AE-467F-B45A-6AA7C4BDB886}.Debug|Any CPU.ActiveCfg = Debug|Any CPU
		{1A19B19E-A0AE-467F-B45A-6AA7C4BDB886}.Debug|Any CPU.Build.0 = Debug|Any CPU
		{1A19B19E-A0AE-467F-B45A-6AA7C4BDB886}.Release|Any CPU.ActiveCfg = Release|Any CPU
		{1A19B19E-A0AE-467F-B45A-6AA7C4BDB886}.Release|Any CPU.Build.0 = Release|Any CPU
		{E056403B-18D3-4266-B2C7-510FD9D2E8C0}.Debug|Any CPU.ActiveCfg = Debug|Any CPU
		{E056403B-18D3-4266-B2C7-510FD9D2E8C0}.Debug|Any CPU.Build.0 = Debug|Any CPU
		{E056403B-18D3-4266-B2C7-510FD9D2E8C0}.Release|Any CPU.ActiveCfg = Release|Any CPU
		{E056403B-18D3-4266-B2C7-510FD9D2E8C0}.Release|Any CPU.Build.0 = Release|Any CPU
		{5EB74214-F627-4E83-B73A-AC69E2AE03B2}.Debug|Any CPU.ActiveCfg = Debug|Any CPU
		{5EB74214-F627-4E83-B73A-AC69E2AE03B2}.Debug|Any CPU.Build.0 = Debug|Any CPU
		{5EB74214-F627-4E83-B73A-AC69E2AE03B2}.Release|Any CPU.ActiveCfg = Release|Any CPU
		{5EB74214-F627-4E83-B73A-AC69E2AE03B2}.Release|Any CPU.Build.0 = Release|Any CPU
		{A95D70A9-2A1C-48F1-B9EF-2F85520B2F04}.Debug|Any CPU.ActiveCfg = Debug|Any CPU
		{A95D70A9-2A1C-48F1-B9EF-2F85520B2F04}.Debug|Any CPU.Build.0 = Debug|Any CPU
		{A95D70A9-2A1C-48F1-B9EF-2F85520B2F04}.Release|Any CPU.ActiveCfg = Release|Any CPU
		{A95D70A9-2A1C-48F1-B9EF-2F85520B2F04}.Release|Any CPU.Build.0 = Release|Any CPU
		{D283A34E-E57C-4A6A-AB88-D85DEF0FB86B}.Debug|Any CPU.ActiveCfg = Debug|Any CPU
		{D283A34E-E57C-4A6A-AB88-D85DEF0FB86B}.Debug|Any CPU.Build.0 = Debug|Any CPU
		{D283A34E-E57C-4A6A-AB88-D85DEF0FB86B}.Release|Any CPU.ActiveCfg = Release|Any CPU
		{D283A34E-E57C-4A6A-AB88-D85DEF0FB86B}.Release|Any CPU.Build.0 = Release|Any CPU
		{305B2781-73BD-4B65-BF7F-15C1F211D2D0}.Debug|Any CPU.ActiveCfg = Debug|Any CPU
		{305B2781-73BD-4B65-BF7F-15C1F211D2D0}.Debug|Any CPU.Build.0 = Debug|Any CPU
		{305B2781-73BD-4B65-BF7F-15C1F211D2D0}.Release|Any CPU.ActiveCfg = Release|Any CPU
		{305B2781-73BD-4B65-BF7F-15C1F211D2D0}.Release|Any CPU.Build.0 = Release|Any CPU
		{42DABF4F-26B4-4FA5-9840-C8FE05238576}.Debug|Any CPU.ActiveCfg = Debug|Any CPU
		{42DABF4F-26B4-4FA5-9840-C8FE05238576}.Debug|Any CPU.Build.0 = Debug|Any CPU
		{42DABF4F-26B4-4FA5-9840-C8FE05238576}.Release|Any CPU.ActiveCfg = Release|Any CPU
		{42DABF4F-26B4-4FA5-9840-C8FE05238576}.Release|Any CPU.Build.0 = Release|Any CPU
		{01CFBF55-2E26-42C2-82EB-73A7A71C4233}.Debug|Any CPU.ActiveCfg = Debug|Any CPU
		{01CFBF55-2E26-42C2-82EB-73A7A71C4233}.Debug|Any CPU.Build.0 = Debug|Any CPU
		{01CFBF55-2E26-42C2-82EB-73A7A71C4233}.Release|Any CPU.ActiveCfg = Release|Any CPU
		{01CFBF55-2E26-42C2-82EB-73A7A71C4233}.Release|Any CPU.Build.0 = Release|Any CPU
		{D97134F7-3352-4754-94D2-0ABA1F573F6D}.Debug|Any CPU.ActiveCfg = Debug|Any CPU
		{D97134F7-3352-4754-94D2-0ABA1F573F6D}.Debug|Any CPU.Build.0 = Debug|Any CPU
		{D97134F7-3352-4754-94D2-0ABA1F573F6D}.Release|Any CPU.ActiveCfg = Release|Any CPU
		{D97134F7-3352-4754-94D2-0ABA1F573F6D}.Release|Any CPU.Build.0 = Release|Any CPU
		{C1832C8B-DB10-4450-9156-A60E69E50D92}.Debug|Any CPU.ActiveCfg = Debug|Any CPU
		{C1832C8B-DB10-4450-9156-A60E69E50D92}.Debug|Any CPU.Build.0 = Debug|Any CPU
		{C1832C8B-DB10-4450-9156-A60E69E50D92}.Release|Any CPU.ActiveCfg = Release|Any CPU
		{C1832C8B-DB10-4450-9156-A60E69E50D92}.Release|Any CPU.Build.0 = Release|Any CPU
	EndGlobalSection
	GlobalSection(SolutionProperties) = preSolution
		HideSolutionNode = FALSE
	EndGlobalSection
EndGlobal
