
Microsoft Visual Studio Solution File, Format Version 11.00
# Visual Studio 2010
Project("{FAE04EC0-301F-11D3-BF4B-00C04F79EFBC}") = "Assessment.Player", "Assessment.Player\Assessment.Player.csproj", "{3AC6092A-1008-4EF7-91C8-4E0BBD596B7F}"
EndProject
Project("{FAE04EC0-301F-11D3-BF4B-00C04F79EFBC}") = "SoonLearning.Math_Fast.SYSS300.CSS1_91", "Math_Fast_SYSS300\91_100\SoonLearning.Math_Fast.SYSS300.CSS1_91\SoonLearning.Math_Fast.SYSS300.CSS1_91.csproj", "{FDE84828-2D82-4789-BE1A-8EBB2208F516}"
EndProject
Project("{FAE04EC0-301F-11D3-BF4B-00C04F79EFBC}") = "SoonLearning.Math_Fast.SYSS300.CSS5_92", "Math_Fast_SYSS300\91_100\SoonLearning.Math_Fast.SYSS300.CSS5_92\SoonLearning.Math_Fast.SYSS300.CSS5_92.csproj", "{B77C9DF1-96BC-4365-A795-E086FD7607BF}"
EndProject
Project("{FAE04EC0-301F-11D3-BF4B-00C04F79EFBC}") = "SoonLearning.Math_Fast.SYSS300.CSW5_93", "Math_Fast_SYSS300\91_100\SoonLearning.Math_Fast.SYSS300.CSW5_93\SoonLearning.Math_Fast.SYSS300.CSW5_93.csproj", "{A216F243-D805-4885-9776-A995B1E94D45}"
EndProject
Project("{FAE04EC0-301F-11D3-BF4B-00C04F79EFBC}") = "SoonLearning.Math_Fast.SYSS300.S9WY1_94", "Math_Fast_SYSS300\91_100\SoonLearning.Math_Fast.SYSS300.S9WY1_94\SoonLearning.Math_Fast.SYSS300.S9WY1_94.csproj", "{46869646-34B8-4E09-9815-9C148F154EDE}"
EndProject
Project("{FAE04EC0-301F-11D3-BF4B-00C04F79EFBC}") = "SoonLearning.Math_Fast.SYSS300.S9WY2_95", "Math_Fast_SYSS300\91_100\SoonLearning.Math_Fast.SYSS300.S9WY2_95\SoonLearning.Math_Fast.SYSS300.S9WY2_95.csproj", "{205214DA-3598-47CE-810B-9CC2BDE001C7}"
EndProject
Project("{FAE04EC0-301F-11D3-BF4B-00C04F79EFBC}") = "SoonLearning.Math_Fast.SYSS300.S9WY3_96", "Math_Fast_SYSS300\91_100\SoonLearning.Math_Fast.SYSS300.S9WY3_96\SoonLearning.Math_Fast.SYSS300.S9WY3_96.csproj", "{30F9900D-EADD-4739-9727-ED1F3AA8DFC0}"
EndProject
Project("{FAE04EC0-301F-11D3-BF4B-00C04F79EFBC}") = "SoonLearning.Math_Fast.SYSS300.SWC1_97", "Math_Fast_SYSS300\91_100\SoonLearning.Math_Fast.SYSS300.SWC1_97\SoonLearning.Math_Fast.SYSS300.SWC1_97.csproj", "{B7B7E882-527A-4E9A-9B47-EB7AFBD33E97}"
EndProject
Project("{FAE04EC0-301F-11D3-BF4B-00C04F79EFBC}") = "SoonLearning.Math_Fast.SYSS300.SWH9_98", "Math_Fast_SYSS300\91_100\SoonLearning.Math_Fast.SYSS300.SWH9_98\SoonLearning.Math_Fast.SYSS300.SWH9_98.csproj", "{B64CD358-1629-49EF-94B9-BC3C8BFED65B}"
EndProject
Project("{FAE04EC0-301F-11D3-BF4B-00C04F79EFBC}") = "SoonLearning.Math_Fast.SYSS300.WSF91_99", "Math_Fast_SYSS300\91_100\SoonLearning.Math_Fast.SYSS300.WSF91_99\SoonLearning.Math_Fast.SYSS300.WSF91_99.csproj", "{08D74558-6F38-4107-BCE2-D3855324BDD7}"
EndProject
Project("{FAE04EC0-301F-11D3-BF4B-00C04F79EFBC}") = "SoonLearning.Math_Fast.SYSS300.WSF92_100", "Math_Fast_SYSS300\91_100\SoonLearning.Math_Fast.SYSS300.WSF92_100\SoonLearning.Math_Fast.SYSS300.WSF92_100.csproj", "{903F525F-D882-413D-91E1-3FE6E025B183}"
EndProject
Global
	GlobalSection(SolutionConfigurationPlatforms) = preSolution
		Debug|Any CPU = Debug|Any CPU
		Release|Any CPU = Release|Any CPU
	EndGlobalSection
	GlobalSection(ProjectConfigurationPlatforms) = postSolution
		{3AC6092A-1008-4EF7-91C8-4E0BBD596B7F}.Debug|Any CPU.ActiveCfg = Debug|Any CPU
		{3AC6092A-1008-4EF7-91C8-4E0BBD596B7F}.Debug|Any CPU.Build.0 = Debug|Any CPU
		{3AC6092A-1008-4EF7-91C8-4E0BBD596B7F}.Release|Any CPU.ActiveCfg = Release|Any CPU
		{3AC6092A-1008-4EF7-91C8-4E0BBD596B7F}.Release|Any CPU.Build.0 = Release|Any CPU
		{FDE84828-2D82-4789-BE1A-8EBB2208F516}.Debug|Any CPU.ActiveCfg = Debug|Any CPU
		{FDE84828-2D82-4789-BE1A-8EBB2208F516}.Debug|Any CPU.Build.0 = Debug|Any CPU
		{FDE84828-2D82-4789-BE1A-8EBB2208F516}.Release|Any CPU.ActiveCfg = Release|Any CPU
		{FDE84828-2D82-4789-BE1A-8EBB2208F516}.Release|Any CPU.Build.0 = Release|Any CPU
		{B77C9DF1-96BC-4365-A795-E086FD7607BF}.Debug|Any CPU.ActiveCfg = Debug|Any CPU
		{B77C9DF1-96BC-4365-A795-E086FD7607BF}.Debug|Any CPU.Build.0 = Debug|Any CPU
		{B77C9DF1-96BC-4365-A795-E086FD7607BF}.Release|Any CPU.ActiveCfg = Release|Any CPU
		{B77C9DF1-96BC-4365-A795-E086FD7607BF}.Release|Any CPU.Build.0 = Release|Any CPU
		{A216F243-D805-4885-9776-A995B1E94D45}.Debug|Any CPU.ActiveCfg = Debug|Any CPU
		{A216F243-D805-4885-9776-A995B1E94D45}.Debug|Any CPU.Build.0 = Debug|Any CPU
		{A216F243-D805-4885-9776-A995B1E94D45}.Release|Any CPU.ActiveCfg = Release|Any CPU
		{A216F243-D805-4885-9776-A995B1E94D45}.Release|Any CPU.Build.0 = Release|Any CPU
		{46869646-34B8-4E09-9815-9C148F154EDE}.Debug|Any CPU.ActiveCfg = Debug|Any CPU
		{46869646-34B8-4E09-9815-9C148F154EDE}.Debug|Any CPU.Build.0 = Debug|Any CPU
		{46869646-34B8-4E09-9815-9C148F154EDE}.Release|Any CPU.ActiveCfg = Release|Any CPU
		{46869646-34B8-4E09-9815-9C148F154EDE}.Release|Any CPU.Build.0 = Release|Any CPU
		{205214DA-3598-47CE-810B-9CC2BDE001C7}.Debug|Any CPU.ActiveCfg = Debug|Any CPU
		{205214DA-3598-47CE-810B-9CC2BDE001C7}.Debug|Any CPU.Build.0 = Debug|Any CPU
		{205214DA-3598-47CE-810B-9CC2BDE001C7}.Release|Any CPU.ActiveCfg = Release|Any CPU
		{205214DA-3598-47CE-810B-9CC2BDE001C7}.Release|Any CPU.Build.0 = Release|Any CPU
		{30F9900D-EADD-4739-9727-ED1F3AA8DFC0}.Debug|Any CPU.ActiveCfg = Debug|Any CPU
		{30F9900D-EADD-4739-9727-ED1F3AA8DFC0}.Debug|Any CPU.Build.0 = Debug|Any CPU
		{30F9900D-EADD-4739-9727-ED1F3AA8DFC0}.Release|Any CPU.ActiveCfg = Release|Any CPU
		{30F9900D-EADD-4739-9727-ED1F3AA8DFC0}.Release|Any CPU.Build.0 = Release|Any CPU
		{B7B7E882-527A-4E9A-9B47-EB7AFBD33E97}.Debug|Any CPU.ActiveCfg = Debug|Any CPU
		{B7B7E882-527A-4E9A-9B47-EB7AFBD33E97}.Debug|Any CPU.Build.0 = Debug|Any CPU
		{B7B7E882-527A-4E9A-9B47-EB7AFBD33E97}.Release|Any CPU.ActiveCfg = Release|Any CPU
		{B7B7E882-527A-4E9A-9B47-EB7AFBD33E97}.Release|Any CPU.Build.0 = Release|Any CPU
		{B64CD358-1629-49EF-94B9-BC3C8BFED65B}.Debug|Any CPU.ActiveCfg = Debug|Any CPU
		{B64CD358-1629-49EF-94B9-BC3C8BFED65B}.Debug|Any CPU.Build.0 = Debug|Any CPU
		{B64CD358-1629-49EF-94B9-BC3C8BFED65B}.Release|Any CPU.ActiveCfg = Release|Any CPU
		{B64CD358-1629-49EF-94B9-BC3C8BFED65B}.Release|Any CPU.Build.0 = Release|Any CPU
		{08D74558-6F38-4107-BCE2-D3855324BDD7}.Debug|Any CPU.ActiveCfg = Debug|Any CPU
		{08D74558-6F38-4107-BCE2-D3855324BDD7}.Debug|Any CPU.Build.0 = Debug|Any CPU
		{08D74558-6F38-4107-BCE2-D3855324BDD7}.Release|Any CPU.ActiveCfg = Release|Any CPU
		{08D74558-6F38-4107-BCE2-D3855324BDD7}.Release|Any CPU.Build.0 = Release|Any CPU
		{903F525F-D882-413D-91E1-3FE6E025B183}.Debug|Any CPU.ActiveCfg = Debug|Any CPU
		{903F525F-D882-413D-91E1-3FE6E025B183}.Debug|Any CPU.Build.0 = Debug|Any CPU
		{903F525F-D882-413D-91E1-3FE6E025B183}.Release|Any CPU.ActiveCfg = Release|Any CPU
		{903F525F-D882-413D-91E1-3FE6E025B183}.Release|Any CPU.Build.0 = Release|Any CPU
	EndGlobalSection
	GlobalSection(SolutionProperties) = preSolution
		HideSolutionNode = FALSE
	EndGlobalSection
EndGlobal
