
Microsoft Visual Studio Solution File, Format Version 11.00
# Visual Studio 2010
Project("{FAE04EC0-301F-11D3-BF4B-00C04F79EFBC}") = "Assessment.Player", "Assessment.Player\Assessment.Player.csproj", "{3AC6092A-1008-4EF7-91C8-4E0BBD596B7F}"
EndProject
Project("{FAE04EC0-301F-11D3-BF4B-00C04F79EFBC}") = "SoonLearning.Math_Fast.SYSS300.QBSS_181", "Math_Fast_SYSS300\181_190\SoonLearning.Math_Fast.SYSS300.QBSS_181\SoonLearning.Math_Fast.SYSS300.QBSS_181.csproj", "{8F7909E2-22B5-42C0-8356-806C7F571CFC}"
EndProject
Project("{FAE04EC0-301F-11D3-BF4B-00C04F79EFBC}") = "SoonLearning.Math_Fast.SYSS300.BBSS_182", "Math_Fast_SYSS300\181_190\SoonLearning.Math_Fast.SYSS300.BBSS_182\SoonLearning.Math_Fast.SYSS300.BBSS_182.csproj", "{4F49F9AA-464B-4FB3-A0A1-1A6EAB8F4E17}"
EndProject
Project("{FAE04EC0-301F-11D3-BF4B-00C04F79EFBC}") = "SoonLearning.Math_Fast.SYSS300.JBSS_183", "Math_Fast_SYSS300\181_190\SoonLearning.Math_Fast.SYSS300.JBSS_183\SoonLearning.Math_Fast.SYSS300.JBSS_183.csproj", "{F4D3773E-F8A9-47A3-8CD2-C6E2F89D9A11}"
EndProject
Project("{FAE04EC0-301F-11D3-BF4B-00C04F79EFBC}") = "SoonLearning.Math_Fast.SYSS300.JBSS_184", "Math_Fast_SYSS300\181_190\SoonLearning.Math_Fast.SYSS300.JBSS_184\SoonLearning.Math_Fast.SYSS300.JBSS_184.csproj", "{AE4ECE71-058B-4F3C-9C2C-5955662E1655}"
EndProject
Project("{FAE04EC0-301F-11D3-BF4B-00C04F79EFBC}") = "SoonLearning.Math_Fast.SYSS300.YBSS_185", "Math_Fast_SYSS300\181_190\SoonLearning.Math_Fast.SYSS300.YBSS_185\SoonLearning.Math_Fast.SYSS300.YBSS_185.csproj", "{A97CF628-316D-441B-8413-4CE0CE406F72}"
EndProject
Project("{FAE04EC0-301F-11D3-BF4B-00C04F79EFBC}") = "SoonLearning.Math_Fast.SYSS300.SBSS_186", "Math_Fast_SYSS300\181_190\SoonLearning.Math_Fast.SYSS300.SBSS_186\SoonLearning.Math_Fast.SYSS300.SBSS_186.csproj", "{C092D5A0-6EE1-49CE-A974-B90AEAB1562D}"
EndProject
Project("{FAE04EC0-301F-11D3-BF4B-00C04F79EFBC}") = "SoonLearning.Math_Fast.SYSS300.SBSS_187", "Math_Fast_SYSS300\181_190\SoonLearning.Math_Fast.SYSS300.SBSS_187\SoonLearning.Math_Fast.SYSS300.SBSS_187.csproj", "{93F72FC6-A460-4F21-A61B-E6B07C49DDA2}"
EndProject
Project("{FAE04EC0-301F-11D3-BF4B-00C04F79EFBC}") = "SoonLearning.Math_Fast.SYSS300.LBSS1_188", "Math_Fast_SYSS300\181_190\SoonLearning.Math_Fast.SYSS300.LBSS1_188\SoonLearning.Math_Fast.SYSS300.LBSS1_188.csproj", "{4F4AC7BE-2255-47DD-B77C-4BE48F284635}"
EndProject
Project("{FAE04EC0-301F-11D3-BF4B-00C04F79EFBC}") = "SoonLearning.Math_Fast.SYSS300.LBSS2_189", "Math_Fast_SYSS300\181_190\SoonLearning.Math_Fast.SYSS300.LBSS2_189\SoonLearning.Math_Fast.SYSS300.LBSS2_189.csproj", "{30A4ED66-BE1C-4492-8E4B-E7CE02FE7009}"
EndProject
Project("{FAE04EC0-301F-11D3-BF4B-00C04F79EFBC}") = "SoonLearning.Math_Fast.SYSS300.LBSS3_190", "Math_Fast_SYSS300\181_190\SoonLearning.Math_Fast.SYSS300.LBSS3_190\SoonLearning.Math_Fast.SYSS300.LBSS3_190.csproj", "{287D6572-B501-41EF-9F09-C1A04E794CB1}"
EndProject
Global
	GlobalSection(SolutionConfigurationPlatforms) = preSolution
		Debug|Any CPU = Debug|Any CPU
		Release|Any CPU = Release|Any CPU
	EndGlobalSection
	GlobalSection(ProjectConfigurationPlatforms) = postSolution
		{3AC6092A-1008-4EF7-91C8-4E0BBD596B7F}.Debug|Any CPU.ActiveCfg = Debug|Any CPU
		{3AC6092A-1008-4EF7-91C8-4E0BBD596B7F}.Debug|Any CPU.Build.0 = Debug|Any CPU
		{3AC6092A-1008-4EF7-91C8-4E0BBD596B7F}.Release|Any CPU.ActiveCfg = Release|Any CPU
		{3AC6092A-1008-4EF7-91C8-4E0BBD596B7F}.Release|Any CPU.Build.0 = Release|Any CPU
		{8F7909E2-22B5-42C0-8356-806C7F571CFC}.Debug|Any CPU.ActiveCfg = Debug|Any CPU
		{8F7909E2-22B5-42C0-8356-806C7F571CFC}.Debug|Any CPU.Build.0 = Debug|Any CPU
		{8F7909E2-22B5-42C0-8356-806C7F571CFC}.Release|Any CPU.ActiveCfg = Release|Any CPU
		{8F7909E2-22B5-42C0-8356-806C7F571CFC}.Release|Any CPU.Build.0 = Release|Any CPU
		{4F49F9AA-464B-4FB3-A0A1-1A6EAB8F4E17}.Debug|Any CPU.ActiveCfg = Debug|Any CPU
		{4F49F9AA-464B-4FB3-A0A1-1A6EAB8F4E17}.Debug|Any CPU.Build.0 = Debug|Any CPU
		{4F49F9AA-464B-4FB3-A0A1-1A6EAB8F4E17}.Release|Any CPU.ActiveCfg = Release|Any CPU
		{4F49F9AA-464B-4FB3-A0A1-1A6EAB8F4E17}.Release|Any CPU.Build.0 = Release|Any CPU
		{F4D3773E-F8A9-47A3-8CD2-C6E2F89D9A11}.Debug|Any CPU.ActiveCfg = Debug|Any CPU
		{F4D3773E-F8A9-47A3-8CD2-C6E2F89D9A11}.Debug|Any CPU.Build.0 = Debug|Any CPU
		{F4D3773E-F8A9-47A3-8CD2-C6E2F89D9A11}.Release|Any CPU.ActiveCfg = Release|Any CPU
		{F4D3773E-F8A9-47A3-8CD2-C6E2F89D9A11}.Release|Any CPU.Build.0 = Release|Any CPU
		{AE4ECE71-058B-4F3C-9C2C-5955662E1655}.Debug|Any CPU.ActiveCfg = Debug|Any CPU
		{AE4ECE71-058B-4F3C-9C2C-5955662E1655}.Debug|Any CPU.Build.0 = Debug|Any CPU
		{AE4ECE71-058B-4F3C-9C2C-5955662E1655}.Release|Any CPU.ActiveCfg = Release|Any CPU
		{AE4ECE71-058B-4F3C-9C2C-5955662E1655}.Release|Any CPU.Build.0 = Release|Any CPU
		{A97CF628-316D-441B-8413-4CE0CE406F72}.Debug|Any CPU.ActiveCfg = Debug|Any CPU
		{A97CF628-316D-441B-8413-4CE0CE406F72}.Debug|Any CPU.Build.0 = Debug|Any CPU
		{A97CF628-316D-441B-8413-4CE0CE406F72}.Release|Any CPU.ActiveCfg = Release|Any CPU
		{A97CF628-316D-441B-8413-4CE0CE406F72}.Release|Any CPU.Build.0 = Release|Any CPU
		{C092D5A0-6EE1-49CE-A974-B90AEAB1562D}.Debug|Any CPU.ActiveCfg = Debug|Any CPU
		{C092D5A0-6EE1-49CE-A974-B90AEAB1562D}.Debug|Any CPU.Build.0 = Debug|Any CPU
		{C092D5A0-6EE1-49CE-A974-B90AEAB1562D}.Release|Any CPU.ActiveCfg = Release|Any CPU
		{C092D5A0-6EE1-49CE-A974-B90AEAB1562D}.Release|Any CPU.Build.0 = Release|Any CPU
		{93F72FC6-A460-4F21-A61B-E6B07C49DDA2}.Debug|Any CPU.ActiveCfg = Debug|Any CPU
		{93F72FC6-A460-4F21-A61B-E6B07C49DDA2}.Debug|Any CPU.Build.0 = Debug|Any CPU
		{93F72FC6-A460-4F21-A61B-E6B07C49DDA2}.Release|Any CPU.ActiveCfg = Release|Any CPU
		{93F72FC6-A460-4F21-A61B-E6B07C49DDA2}.Release|Any CPU.Build.0 = Release|Any CPU
		{4F4AC7BE-2255-47DD-B77C-4BE48F284635}.Debug|Any CPU.ActiveCfg = Debug|Any CPU
		{4F4AC7BE-2255-47DD-B77C-4BE48F284635}.Debug|Any CPU.Build.0 = Debug|Any CPU
		{4F4AC7BE-2255-47DD-B77C-4BE48F284635}.Release|Any CPU.ActiveCfg = Release|Any CPU
		{4F4AC7BE-2255-47DD-B77C-4BE48F284635}.Release|Any CPU.Build.0 = Release|Any CPU
		{30A4ED66-BE1C-4492-8E4B-E7CE02FE7009}.Debug|Any CPU.ActiveCfg = Debug|Any CPU
		{30A4ED66-BE1C-4492-8E4B-E7CE02FE7009}.Debug|Any CPU.Build.0 = Debug|Any CPU
		{30A4ED66-BE1C-4492-8E4B-E7CE02FE7009}.Release|Any CPU.ActiveCfg = Release|Any CPU
		{30A4ED66-BE1C-4492-8E4B-E7CE02FE7009}.Release|Any CPU.Build.0 = Release|Any CPU
		{287D6572-B501-41EF-9F09-C1A04E794CB1}.Debug|Any CPU.ActiveCfg = Debug|Any CPU
		{287D6572-B501-41EF-9F09-C1A04E794CB1}.Debug|Any CPU.Build.0 = Debug|Any CPU
		{287D6572-B501-41EF-9F09-C1A04E794CB1}.Release|Any CPU.ActiveCfg = Release|Any CPU
		{287D6572-B501-41EF-9F09-C1A04E794CB1}.Release|Any CPU.Build.0 = Release|Any CPU
	EndGlobalSection
	GlobalSection(SolutionProperties) = preSolution
		HideSolutionNode = FALSE
	EndGlobalSection
EndGlobal
