
Microsoft Visual Studio Solution File, Format Version 11.00
# Visual Studio 2010
Project("{FAE04EC0-301F-11D3-BF4B-00C04F79EFBC}") = "Assessment.Player", "Assessment.Player\Assessment.Player.csproj", "{3AC6092A-1008-4EF7-91C8-4E0BBD596B7F}"
EndProject
Project("{FAE04EC0-301F-11D3-BF4B-00C04F79EFBC}") = "SoonLearning.Math_Fast.SYSS300.EBSS_171", "Math_Fast_SYSS300\171_180\SoonLearning.Math_Fast.SYSS300.EBSS_171\SoonLearning.Math_Fast.SYSS300.EBSS_171.csproj", "{B878274E-8112-413B-8D87-F55EA658B414}"
EndProject
Project("{FAE04EC0-301F-11D3-BF4B-00C04F79EFBC}") = "SoonLearning.Math_Fast.SYSS300.EBSS_172", "Math_Fast_SYSS300\171_180\SoonLearning.Math_Fast.SYSS300.EBSS_172\SoonLearning.Math_Fast.SYSS300.EBSS_172.csproj", "{A5C283E6-3123-4134-B254-C08B6CC39F7B}"
EndProject
Project("{FAE04EC0-301F-11D3-BF4B-00C04F79EFBC}") = "SoonLearning.Math_Fast.SYSS300.SBSS_173", "Math_Fast_SYSS300\171_180\SoonLearning.Math_Fast.SYSS300.SBSS_173\SoonLearning.Math_Fast.SYSS300.SBSS_173.csproj", "{94F83D24-7D2D-4F2E-B50F-8FC6EA93906E}"
EndProject
Project("{FAE04EC0-301F-11D3-BF4B-00C04F79EFBC}") = "SoonLearning.Math_Fast.SYSS300.SBSS_174", "Math_Fast_SYSS300\171_180\SoonLearning.Math_Fast.SYSS300.SBSS_174\SoonLearning.Math_Fast.SYSS300.SBSS_174.csproj", "{0FE71B99-8F06-4243-9272-1711C085A54F}"
EndProject
Project("{FAE04EC0-301F-11D3-BF4B-00C04F79EFBC}") = "SoonLearning.Math_Fast.SYSS300.SBSS_175", "Math_Fast_SYSS300\171_180\SoonLearning.Math_Fast.SYSS300.SBSS_175\SoonLearning.Math_Fast.SYSS300.SBSS_175.csproj", "{5E70A745-BE04-44A2-9ECD-6F549F016C23}"
EndProject
Project("{FAE04EC0-301F-11D3-BF4B-00C04F79EFBC}") = "SoonLearning.Math_Fast.SYSS300.SBSS_176", "Math_Fast_SYSS300\171_180\SoonLearning.Math_Fast.SYSS300.SBSS_176\SoonLearning.Math_Fast.SYSS300.SBSS_176.csproj", "{6C8721AF-A084-40F8-9112-CF1890F8B186}"
EndProject
Project("{FAE04EC0-301F-11D3-BF4B-00C04F79EFBC}") = "SoonLearning.Math_Fast.SYSS300.LBSS_177", "Math_Fast_SYSS300\171_180\SoonLearning.Math_Fast.SYSS300.LBSS_177\SoonLearning.Math_Fast.SYSS300.LBSS_177.csproj", "{E750266A-532A-4351-AFCD-4A284CD38BC7}"
EndProject
Project("{FAE04EC0-301F-11D3-BF4B-00C04F79EFBC}") = "SoonLearning.Math_Fast.SYSS300.LBSS_178", "Math_Fast_SYSS300\171_180\SoonLearning.Math_Fast.SYSS300.LBSS_178\SoonLearning.Math_Fast.SYSS300.LBSS_178.csproj", "{595AA858-0450-49A8-A0F5-C4F0C8CA8133}"
EndProject
Project("{FAE04EC0-301F-11D3-BF4B-00C04F79EFBC}") = "SoonLearning.Math_Fast.SYSS300.QBSS_179", "Math_Fast_SYSS300\171_180\SoonLearning.Math_Fast.SYSS300.QBSS_179\SoonLearning.Math_Fast.SYSS300.QBSS_179.csproj", "{0008C84A-69DE-4C10-A9ED-74A4F9DAD054}"
EndProject
Project("{FAE04EC0-301F-11D3-BF4B-00C04F79EFBC}") = "SoonLearning.Math_Fast.SYSS300.QBSS_180", "Math_Fast_SYSS300\171_180\SoonLearning.Math_Fast.SYSS300.QBSS_180\SoonLearning.Math_Fast.SYSS300.QBSS_180.csproj", "{048A9FD2-5885-48D2-AFC0-8AF6B6D5A6C2}"
EndProject
Global
	GlobalSection(SolutionConfigurationPlatforms) = preSolution
		Debug|Any CPU = Debug|Any CPU
		Release|Any CPU = Release|Any CPU
	EndGlobalSection
	GlobalSection(ProjectConfigurationPlatforms) = postSolution
		{3AC6092A-1008-4EF7-91C8-4E0BBD596B7F}.Debug|Any CPU.ActiveCfg = Debug|Any CPU
		{3AC6092A-1008-4EF7-91C8-4E0BBD596B7F}.Debug|Any CPU.Build.0 = Debug|Any CPU
		{3AC6092A-1008-4EF7-91C8-4E0BBD596B7F}.Release|Any CPU.ActiveCfg = Release|Any CPU
		{3AC6092A-1008-4EF7-91C8-4E0BBD596B7F}.Release|Any CPU.Build.0 = Release|Any CPU
		{B878274E-8112-413B-8D87-F55EA658B414}.Debug|Any CPU.ActiveCfg = Debug|Any CPU
		{B878274E-8112-413B-8D87-F55EA658B414}.Debug|Any CPU.Build.0 = Debug|Any CPU
		{B878274E-8112-413B-8D87-F55EA658B414}.Release|Any CPU.ActiveCfg = Release|Any CPU
		{B878274E-8112-413B-8D87-F55EA658B414}.Release|Any CPU.Build.0 = Release|Any CPU
		{A5C283E6-3123-4134-B254-C08B6CC39F7B}.Debug|Any CPU.ActiveCfg = Debug|Any CPU
		{A5C283E6-3123-4134-B254-C08B6CC39F7B}.Debug|Any CPU.Build.0 = Debug|Any CPU
		{A5C283E6-3123-4134-B254-C08B6CC39F7B}.Release|Any CPU.ActiveCfg = Release|Any CPU
		{A5C283E6-3123-4134-B254-C08B6CC39F7B}.Release|Any CPU.Build.0 = Release|Any CPU
		{94F83D24-7D2D-4F2E-B50F-8FC6EA93906E}.Debug|Any CPU.ActiveCfg = Debug|Any CPU
		{94F83D24-7D2D-4F2E-B50F-8FC6EA93906E}.Debug|Any CPU.Build.0 = Debug|Any CPU
		{94F83D24-7D2D-4F2E-B50F-8FC6EA93906E}.Release|Any CPU.ActiveCfg = Release|Any CPU
		{94F83D24-7D2D-4F2E-B50F-8FC6EA93906E}.Release|Any CPU.Build.0 = Release|Any CPU
		{0FE71B99-8F06-4243-9272-1711C085A54F}.Debug|Any CPU.ActiveCfg = Debug|Any CPU
		{0FE71B99-8F06-4243-9272-1711C085A54F}.Debug|Any CPU.Build.0 = Debug|Any CPU
		{0FE71B99-8F06-4243-9272-1711C085A54F}.Release|Any CPU.ActiveCfg = Release|Any CPU
		{0FE71B99-8F06-4243-9272-1711C085A54F}.Release|Any CPU.Build.0 = Release|Any CPU
		{5E70A745-BE04-44A2-9ECD-6F549F016C23}.Debug|Any CPU.ActiveCfg = Debug|Any CPU
		{5E70A745-BE04-44A2-9ECD-6F549F016C23}.Debug|Any CPU.Build.0 = Debug|Any CPU
		{5E70A745-BE04-44A2-9ECD-6F549F016C23}.Release|Any CPU.ActiveCfg = Release|Any CPU
		{5E70A745-BE04-44A2-9ECD-6F549F016C23}.Release|Any CPU.Build.0 = Release|Any CPU
		{6C8721AF-A084-40F8-9112-CF1890F8B186}.Debug|Any CPU.ActiveCfg = Debug|Any CPU
		{6C8721AF-A084-40F8-9112-CF1890F8B186}.Debug|Any CPU.Build.0 = Debug|Any CPU
		{6C8721AF-A084-40F8-9112-CF1890F8B186}.Release|Any CPU.ActiveCfg = Release|Any CPU
		{6C8721AF-A084-40F8-9112-CF1890F8B186}.Release|Any CPU.Build.0 = Release|Any CPU
		{E750266A-532A-4351-AFCD-4A284CD38BC7}.Debug|Any CPU.ActiveCfg = Debug|Any CPU
		{E750266A-532A-4351-AFCD-4A284CD38BC7}.Debug|Any CPU.Build.0 = Debug|Any CPU
		{E750266A-532A-4351-AFCD-4A284CD38BC7}.Release|Any CPU.ActiveCfg = Release|Any CPU
		{E750266A-532A-4351-AFCD-4A284CD38BC7}.Release|Any CPU.Build.0 = Release|Any CPU
		{595AA858-0450-49A8-A0F5-C4F0C8CA8133}.Debug|Any CPU.ActiveCfg = Debug|Any CPU
		{595AA858-0450-49A8-A0F5-C4F0C8CA8133}.Debug|Any CPU.Build.0 = Debug|Any CPU
		{595AA858-0450-49A8-A0F5-C4F0C8CA8133}.Release|Any CPU.ActiveCfg = Release|Any CPU
		{595AA858-0450-49A8-A0F5-C4F0C8CA8133}.Release|Any CPU.Build.0 = Release|Any CPU
		{0008C84A-69DE-4C10-A9ED-74A4F9DAD054}.Debug|Any CPU.ActiveCfg = Debug|Any CPU
		{0008C84A-69DE-4C10-A9ED-74A4F9DAD054}.Debug|Any CPU.Build.0 = Debug|Any CPU
		{0008C84A-69DE-4C10-A9ED-74A4F9DAD054}.Release|Any CPU.ActiveCfg = Release|Any CPU
		{0008C84A-69DE-4C10-A9ED-74A4F9DAD054}.Release|Any CPU.Build.0 = Release|Any CPU
		{048A9FD2-5885-48D2-AFC0-8AF6B6D5A6C2}.Debug|Any CPU.ActiveCfg = Debug|Any CPU
		{048A9FD2-5885-48D2-AFC0-8AF6B6D5A6C2}.Debug|Any CPU.Build.0 = Debug|Any CPU
		{048A9FD2-5885-48D2-AFC0-8AF6B6D5A6C2}.Release|Any CPU.ActiveCfg = Release|Any CPU
		{048A9FD2-5885-48D2-AFC0-8AF6B6D5A6C2}.Release|Any CPU.Build.0 = Release|Any CPU
	EndGlobalSection
	GlobalSection(SolutionProperties) = preSolution
		HideSolutionNode = FALSE
	EndGlobalSection
EndGlobal
