
Microsoft Visual Studio Solution File, Format Version 11.00
# Visual Studio 2010
Project("{FAE04EC0-301F-11D3-BF4B-00C04F79EFBC}") = "Assessment.Player", "Assessment.Player\Assessment.Player.csproj", "{3AC6092A-1008-4EF7-91C8-4E0BBD596B7F}"
EndProject
Project("{FAE04EC0-301F-11D3-BF4B-00C04F79EFBC}") = "SoonLearning.Math_Fast.SYSS300.CTTJian", "Math_Fast_SYSS300\21-30\SoonLearning.Math_Fast.SYSS300.CTTJian\SoonLearning.Math_Fast.SYSS300.CTTJian.csproj", "{05517C14-6D01-4DBB-935D-295CE5103D72}"
EndProject
Project("{FAE04EC0-301F-11D3-BF4B-00C04F79EFBC}") = "SoonLearning.Math_Fast.SYSS300.SJJM", "Math_Fast_SYSS300\21-30\SoonLearning.Math_Fast.SYSS300.SJJM\SoonLearning.Math_Fast.SYSS300.SJJM.csproj", "{A2A8E057-FCD8-48E5-982A-C84F00D8D2CF}"
EndProject
Project("{FAE04EC0-301F-11D3-BF4B-00C04F79EFBC}") = "SoonLearning.Math_Fast.SYSS300.QCZJ", "Math_Fast_SYSS300\21-30\SoonLearning.Math_Fast.SYSS300.QCZJ\SoonLearning.Math_Fast.SYSS300.QCZJ.csproj", "{B3343BE5-76BA-463A-AA3B-ACD9CB4A4B1B}"
EndProject
Project("{FAE04EC0-301F-11D3-BF4B-00C04F79EFBC}") = "SoonLearning.Math_Fast.SYSS300.FJQC", "Math_Fast_SYSS300\21-30\SoonLearning.Math_Fast.SYSS300.FJQC\SoonLearning.Math_Fast.SYSS300.FJQC.csproj", "{214864FA-507C-43F9-8506-8733D52724BF}"
EndProject
Project("{FAE04EC0-301F-11D3-BF4B-00C04F79EFBC}") = "SoonLearning.Math_Fast.SYSS300.BJZJ", "Math_Fast_SYSS300\21-30\SoonLearning.Math_Fast.SYSS300.BJZJ\SoonLearning.Math_Fast.SYSS300.BJZJ.csproj", "{B96CCE4A-88EC-4FE9-85A1-FD12EA80FE12}"
EndProject
Project("{FAE04EC0-301F-11D3-BF4B-00C04F79EFBC}") = "SoonLearning.Math_Fast.SYSS300.JSCZ", "Math_Fast_SYSS300\21-30\SoonLearning.Math_Fast.SYSS300.JSCZ\SoonLearning.Math_Fast.SYSS300.JSCZ.csproj", "{D37EB841-2E07-4209-BB6D-9099ACD74870}"
EndProject
Project("{FAE04EC0-301F-11D3-BF4B-00C04F79EFBC}") = "SoonLearning.Math_Fast.SYSS300.HBQC", "Math_Fast_SYSS300\21-30\SoonLearning.Math_Fast.SYSS300.HBQC\SoonLearning.Math_Fast.SYSS300.HBQC.csproj", "{3AF175B5-B7AA-4DE8-ABE5-1DBB88180A76}"
EndProject
Project("{FAE04EC0-301F-11D3-BF4B-00C04F79EFBC}") = "SoonLearning.Math_Fast.SYSS300.JSHW", "Math_Fast_SYSS300\21-30\SoonLearning.Math_Fast.SYSS300.JSHW\SoonLearning.Math_Fast.SYSS300.JSHW.csproj", "{EDE76250-54AD-4801-BCE1-7DB2972E6529}"
EndProject
Global
	GlobalSection(SolutionConfigurationPlatforms) = preSolution
		Debug|Any CPU = Debug|Any CPU
		Release|Any CPU = Release|Any CPU
	EndGlobalSection
	GlobalSection(ProjectConfigurationPlatforms) = postSolution
		{3AC6092A-1008-4EF7-91C8-4E0BBD596B7F}.Debug|Any CPU.ActiveCfg = Debug|Any CPU
		{3AC6092A-1008-4EF7-91C8-4E0BBD596B7F}.Debug|Any CPU.Build.0 = Debug|Any CPU
		{3AC6092A-1008-4EF7-91C8-4E0BBD596B7F}.Release|Any CPU.ActiveCfg = Release|Any CPU
		{3AC6092A-1008-4EF7-91C8-4E0BBD596B7F}.Release|Any CPU.Build.0 = Release|Any CPU
		{05517C14-6D01-4DBB-935D-295CE5103D72}.Debug|Any CPU.ActiveCfg = Debug|Any CPU
		{05517C14-6D01-4DBB-935D-295CE5103D72}.Debug|Any CPU.Build.0 = Debug|Any CPU
		{05517C14-6D01-4DBB-935D-295CE5103D72}.Release|Any CPU.ActiveCfg = Release|Any CPU
		{05517C14-6D01-4DBB-935D-295CE5103D72}.Release|Any CPU.Build.0 = Release|Any CPU
		{A2A8E057-FCD8-48E5-982A-C84F00D8D2CF}.Debug|Any CPU.ActiveCfg = Debug|Any CPU
		{A2A8E057-FCD8-48E5-982A-C84F00D8D2CF}.Debug|Any CPU.Build.0 = Debug|Any CPU
		{A2A8E057-FCD8-48E5-982A-C84F00D8D2CF}.Release|Any CPU.ActiveCfg = Release|Any CPU
		{A2A8E057-FCD8-48E5-982A-C84F00D8D2CF}.Release|Any CPU.Build.0 = Release|Any CPU
		{B3343BE5-76BA-463A-AA3B-ACD9CB4A4B1B}.Debug|Any CPU.ActiveCfg = Debug|Any CPU
		{B3343BE5-76BA-463A-AA3B-ACD9CB4A4B1B}.Debug|Any CPU.Build.0 = Debug|Any CPU
		{B3343BE5-76BA-463A-AA3B-ACD9CB4A4B1B}.Release|Any CPU.ActiveCfg = Release|Any CPU
		{B3343BE5-76BA-463A-AA3B-ACD9CB4A4B1B}.Release|Any CPU.Build.0 = Release|Any CPU
		{214864FA-507C-43F9-8506-8733D52724BF}.Debug|Any CPU.ActiveCfg = Debug|Any CPU
		{214864FA-507C-43F9-8506-8733D52724BF}.Debug|Any CPU.Build.0 = Debug|Any CPU
		{214864FA-507C-43F9-8506-8733D52724BF}.Release|Any CPU.ActiveCfg = Release|Any CPU
		{214864FA-507C-43F9-8506-8733D52724BF}.Release|Any CPU.Build.0 = Release|Any CPU
		{B96CCE4A-88EC-4FE9-85A1-FD12EA80FE12}.Debug|Any CPU.ActiveCfg = Debug|Any CPU
		{B96CCE4A-88EC-4FE9-85A1-FD12EA80FE12}.Debug|Any CPU.Build.0 = Debug|Any CPU
		{B96CCE4A-88EC-4FE9-85A1-FD12EA80FE12}.Release|Any CPU.ActiveCfg = Release|Any CPU
		{B96CCE4A-88EC-4FE9-85A1-FD12EA80FE12}.Release|Any CPU.Build.0 = Release|Any CPU
		{D37EB841-2E07-4209-BB6D-9099ACD74870}.Debug|Any CPU.ActiveCfg = Debug|Any CPU
		{D37EB841-2E07-4209-BB6D-9099ACD74870}.Debug|Any CPU.Build.0 = Debug|Any CPU
		{D37EB841-2E07-4209-BB6D-9099ACD74870}.Release|Any CPU.ActiveCfg = Release|Any CPU
		{D37EB841-2E07-4209-BB6D-9099ACD74870}.Release|Any CPU.Build.0 = Release|Any CPU
		{3AF175B5-B7AA-4DE8-ABE5-1DBB88180A76}.Debug|Any CPU.ActiveCfg = Debug|Any CPU
		{3AF175B5-B7AA-4DE8-ABE5-1DBB88180A76}.Debug|Any CPU.Build.0 = Debug|Any CPU
		{3AF175B5-B7AA-4DE8-ABE5-1DBB88180A76}.Release|Any CPU.ActiveCfg = Release|Any CPU
		{3AF175B5-B7AA-4DE8-ABE5-1DBB88180A76}.Release|Any CPU.Build.0 = Release|Any CPU
		{EDE76250-54AD-4801-BCE1-7DB2972E6529}.Debug|Any CPU.ActiveCfg = Debug|Any CPU
		{EDE76250-54AD-4801-BCE1-7DB2972E6529}.Debug|Any CPU.Build.0 = Debug|Any CPU
		{EDE76250-54AD-4801-BCE1-7DB2972E6529}.Release|Any CPU.ActiveCfg = Release|Any CPU
		{EDE76250-54AD-4801-BCE1-7DB2972E6529}.Release|Any CPU.Build.0 = Release|Any CPU
	EndGlobalSection
	GlobalSection(SolutionProperties) = preSolution
		HideSolutionNode = FALSE
	EndGlobalSection
EndGlobal
