
Microsoft Visual Studio Solution File, Format Version 11.00
# Visual Studio 2010
Project("{FAE04EC0-301F-11D3-BF4B-00C04F79EFBC}") = "Assessment.Player", "Assessment.Player\Assessment.Player.csproj", "{3AC6092A-1008-4EF7-91C8-4E0BBD596B7F}"
EndProject
Project("{FAE04EC0-301F-11D3-BF4B-00C04F79EFBC}") = "SoonLearning.Math_Fast.SYSS300.SCWH9_71", "Math_Fast_SYSS300\71_80\SoonLearning.Math_Fast.SYSS300.SCWH9_71\SoonLearning.Math_Fast.SYSS300.SCWH9_71.csproj", "{44C7C353-F01D-4BF2-8517-C591B574106B}"
EndProject
Project("{FAE04EC0-301F-11D3-BF4B-00C04F79EFBC}") = "SoonLearning.Math_Fast.SYSS300.STWHC10_72", "Math_Fast_SYSS300\71_80\SoonLearning.Math_Fast.SYSS300.STWHC10_72\SoonLearning.Math_Fast.SYSS300.STWHC10_72.csproj", "{5DCAAE8E-DA65-4F31-BC44-95BE08FB3876}"
EndProject
Project("{FAE04EC0-301F-11D3-BF4B-00C04F79EFBC}") = "SoonLearning.Math_Fast.SYSS300.STWHC10_73", "Math_Fast_SYSS300\71_80\SoonLearning.Math_Fast.SYSS300.STWHC10_73\SoonLearning.Math_Fast.SYSS300.STWHC10_73.csproj", "{03251304-4195-4775-8FDF-3117CB285EDA}"
EndProject
Project("{FAE04EC0-301F-11D3-BF4B-00C04F79EFBC}") = "SoonLearning.Math_Fast.SYSS300.S1Z0WY_74", "Math_Fast_SYSS300\71_80\SoonLearning.Math_Fast.SYSS300.S1Z0WY_74\SoonLearning.Math_Fast.SYSS300.S1Z0WY_74.csproj", "{ED940993-86F0-43DE-9E67-E8C0CCE56985}"
EndProject
Project("{FAE04EC0-301F-11D3-BF4B-00C04F79EFBC}") = "SoonLearning.Math_Fast.SYSS300.S1Z0WY2_75", "Math_Fast_SYSS300\71_80\SoonLearning.Math_Fast.SYSS300.S1Z0WY2_75\SoonLearning.Math_Fast.SYSS300.S1Z0WY2_75.csproj", "{7B0EC091-62C9-450D-9C85-A266EAC91CC8}"
EndProject
Project("{FAE04EC0-301F-11D3-BF4B-00C04F79EFBC}") = "SoonLearning.Math_Fast.SYSS300.S1Z0WY3_76", "Math_Fast_SYSS300\71_80\SoonLearning.Math_Fast.SYSS300.S1Z0WY3_76\SoonLearning.Math_Fast.SYSS300.S1Z0WY3_76.csproj", "{12053359-94EF-42DC-8836-B055DAA8ECA4}"
EndProject
Project("{FAE04EC0-301F-11D3-BF4B-00C04F79EFBC}") = "SoonLearning.Math_Fast.SYSS300.S1Z0WY4_77", "Math_Fast_SYSS300\71_80\SoonLearning.Math_Fast.SYSS300.S1Z0WY4_77\SoonLearning.Math_Fast.SYSS300.S1Z0WY4_77.csproj", "{9F3B344A-BFEC-4C3F-8B42-992A193098F0}"
EndProject
Project("{FAE04EC0-301F-11D3-BF4B-00C04F79EFBC}") = "SoonLearning.Math_Fast.SYSS300.S9Z9WY_78", "Math_Fast_SYSS300\71_80\SoonLearning.Math_Fast.SYSS300.S9Z9WY_78\SoonLearning.Math_Fast.SYSS300.S9Z9WY_78.csproj", "{3285CE9E-A1FB-4B99-ACF0-97261CC90091}"
EndProject
Project("{FAE04EC0-301F-11D3-BF4B-00C04F79EFBC}") = "SoonLearning.Math_Fast.SYSS300.S1ZTWH_79", "Math_Fast_SYSS300\71_80\SoonLearning.Math_Fast.SYSS300.S1ZTWH_79\SoonLearning.Math_Fast.SYSS300.S1ZTWH_79.csproj", "{0190985A-9CD8-4BD4-9C9A-EDD3C6DE1FE0}"
EndProject
Project("{FAE04EC0-301F-11D3-BF4B-00C04F79EFBC}") = "SoonLearning.Math_Fast.SYSS300.STZ0WH_80", "Math_Fast_SYSS300\71_80\SoonLearning.Math_Fast.SYSS300.STZ0WH_80\SoonLearning.Math_Fast.SYSS300.STZ0WH_80.csproj", "{9CDA5FA9-EFAF-4654-9033-B4BCA787D1CB}"
EndProject
Global
	GlobalSection(SolutionConfigurationPlatforms) = preSolution
		Debug|Any CPU = Debug|Any CPU
		Release|Any CPU = Release|Any CPU
	EndGlobalSection
	GlobalSection(ProjectConfigurationPlatforms) = postSolution
		{3AC6092A-1008-4EF7-91C8-4E0BBD596B7F}.Debug|Any CPU.ActiveCfg = Debug|Any CPU
		{3AC6092A-1008-4EF7-91C8-4E0BBD596B7F}.Debug|Any CPU.Build.0 = Debug|Any CPU
		{3AC6092A-1008-4EF7-91C8-4E0BBD596B7F}.Release|Any CPU.ActiveCfg = Release|Any CPU
		{3AC6092A-1008-4EF7-91C8-4E0BBD596B7F}.Release|Any CPU.Build.0 = Release|Any CPU
		{44C7C353-F01D-4BF2-8517-C591B574106B}.Debug|Any CPU.ActiveCfg = Debug|Any CPU
		{44C7C353-F01D-4BF2-8517-C591B574106B}.Debug|Any CPU.Build.0 = Debug|Any CPU
		{44C7C353-F01D-4BF2-8517-C591B574106B}.Release|Any CPU.ActiveCfg = Release|Any CPU
		{44C7C353-F01D-4BF2-8517-C591B574106B}.Release|Any CPU.Build.0 = Release|Any CPU
		{5DCAAE8E-DA65-4F31-BC44-95BE08FB3876}.Debug|Any CPU.ActiveCfg = Debug|Any CPU
		{5DCAAE8E-DA65-4F31-BC44-95BE08FB3876}.Debug|Any CPU.Build.0 = Debug|Any CPU
		{5DCAAE8E-DA65-4F31-BC44-95BE08FB3876}.Release|Any CPU.ActiveCfg = Release|Any CPU
		{5DCAAE8E-DA65-4F31-BC44-95BE08FB3876}.Release|Any CPU.Build.0 = Release|Any CPU
		{03251304-4195-4775-8FDF-3117CB285EDA}.Debug|Any CPU.ActiveCfg = Debug|Any CPU
		{03251304-4195-4775-8FDF-3117CB285EDA}.Debug|Any CPU.Build.0 = Debug|Any CPU
		{03251304-4195-4775-8FDF-3117CB285EDA}.Release|Any CPU.ActiveCfg = Release|Any CPU
		{03251304-4195-4775-8FDF-3117CB285EDA}.Release|Any CPU.Build.0 = Release|Any CPU
		{ED940993-86F0-43DE-9E67-E8C0CCE56985}.Debug|Any CPU.ActiveCfg = Debug|Any CPU
		{ED940993-86F0-43DE-9E67-E8C0CCE56985}.Debug|Any CPU.Build.0 = Debug|Any CPU
		{ED940993-86F0-43DE-9E67-E8C0CCE56985}.Release|Any CPU.ActiveCfg = Release|Any CPU
		{ED940993-86F0-43DE-9E67-E8C0CCE56985}.Release|Any CPU.Build.0 = Release|Any CPU
		{7B0EC091-62C9-450D-9C85-A266EAC91CC8}.Debug|Any CPU.ActiveCfg = Debug|Any CPU
		{7B0EC091-62C9-450D-9C85-A266EAC91CC8}.Debug|Any CPU.Build.0 = Debug|Any CPU
		{7B0EC091-62C9-450D-9C85-A266EAC91CC8}.Release|Any CPU.ActiveCfg = Release|Any CPU
		{7B0EC091-62C9-450D-9C85-A266EAC91CC8}.Release|Any CPU.Build.0 = Release|Any CPU
		{12053359-94EF-42DC-8836-B055DAA8ECA4}.Debug|Any CPU.ActiveCfg = Debug|Any CPU
		{12053359-94EF-42DC-8836-B055DAA8ECA4}.Debug|Any CPU.Build.0 = Debug|Any CPU
		{12053359-94EF-42DC-8836-B055DAA8ECA4}.Release|Any CPU.ActiveCfg = Release|Any CPU
		{12053359-94EF-42DC-8836-B055DAA8ECA4}.Release|Any CPU.Build.0 = Release|Any CPU
		{9F3B344A-BFEC-4C3F-8B42-992A193098F0}.Debug|Any CPU.ActiveCfg = Debug|Any CPU
		{9F3B344A-BFEC-4C3F-8B42-992A193098F0}.Debug|Any CPU.Build.0 = Debug|Any CPU
		{9F3B344A-BFEC-4C3F-8B42-992A193098F0}.Release|Any CPU.ActiveCfg = Release|Any CPU
		{9F3B344A-BFEC-4C3F-8B42-992A193098F0}.Release|Any CPU.Build.0 = Release|Any CPU
		{3285CE9E-A1FB-4B99-ACF0-97261CC90091}.Debug|Any CPU.ActiveCfg = Debug|Any CPU
		{3285CE9E-A1FB-4B99-ACF0-97261CC90091}.Debug|Any CPU.Build.0 = Debug|Any CPU
		{3285CE9E-A1FB-4B99-ACF0-97261CC90091}.Release|Any CPU.ActiveCfg = Release|Any CPU
		{3285CE9E-A1FB-4B99-ACF0-97261CC90091}.Release|Any CPU.Build.0 = Release|Any CPU
		{0190985A-9CD8-4BD4-9C9A-EDD3C6DE1FE0}.Debug|Any CPU.ActiveCfg = Debug|Any CPU
		{0190985A-9CD8-4BD4-9C9A-EDD3C6DE1FE0}.Debug|Any CPU.Build.0 = Debug|Any CPU
		{0190985A-9CD8-4BD4-9C9A-EDD3C6DE1FE0}.Release|Any CPU.ActiveCfg = Release|Any CPU
		{0190985A-9CD8-4BD4-9C9A-EDD3C6DE1FE0}.Release|Any CPU.Build.0 = Release|Any CPU
		{9CDA5FA9-EFAF-4654-9033-B4BCA787D1CB}.Debug|Any CPU.ActiveCfg = Debug|Any CPU
		{9CDA5FA9-EFAF-4654-9033-B4BCA787D1CB}.Debug|Any CPU.Build.0 = Debug|Any CPU
		{9CDA5FA9-EFAF-4654-9033-B4BCA787D1CB}.Release|Any CPU.ActiveCfg = Release|Any CPU
		{9CDA5FA9-EFAF-4654-9033-B4BCA787D1CB}.Release|Any CPU.Build.0 = Release|Any CPU
	EndGlobalSection
	GlobalSection(SolutionProperties) = preSolution
		HideSolutionNode = FALSE
	EndGlobalSection
EndGlobal
