
Microsoft Visual Studio Solution File, Format Version 11.00
# Visual Studio 2010
Project("{FAE04EC0-301F-11D3-BF4B-00C04F79EFBC}") = "Assessment.Player", "Assessment.Player\Assessment.Player.csproj", "{3AC6092A-1008-4EF7-91C8-4E0BBD596B7F}"
EndProject
Project("{FAE04EC0-301F-11D3-BF4B-00C04F79EFBC}") = "SoonLearning.Math_Fast.SYSS300.STZ9WH_81", "Math_Fast_SYSS300\81_90\SoonLearning.Math_Fast.SYSS300.STZ9WH_81\SoonLearning.Math_Fast.SYSS300.STZ9WH_81.csproj", "{1E40ADCE-7D7C-4BEB-845A-C672EAD2C37D}"
EndProject
Project("{FAE04EC0-301F-11D3-BF4B-00C04F79EFBC}") = "SoonLearning.Math_Fast.SYSS300.STZTWH_82", "Math_Fast_SYSS300\81_90\SoonLearning.Math_Fast.SYSS300.STZTWH_82\SoonLearning.Math_Fast.SYSS300.STZTWH_82.csproj", "{A464CE12-19B8-4566-97D7-3310A4EC7238}"
EndProject
Project("{FAE04EC0-301F-11D3-BF4B-00C04F79EFBC}") = "SoonLearning.Math_Fast.SYSS300.SYZ0W1_83", "Math_Fast_SYSS300\81_90\SoonLearning.Math_Fast.SYSS300.SYZ0W1_83\SoonLearning.Math_Fast.SYSS300.SYZ0W1_83.csproj", "{D9A37E3E-7BC3-407B-B4E0-527B36F2F3BD}"
EndProject
Project("{FAE04EC0-301F-11D3-BF4B-00C04F79EFBC}") = "SoonLearning.Math_Fast.SYSS300.SYZ0W9_84", "Math_Fast_SYSS300\81_90\SoonLearning.Math_Fast.SYSS300.SYZ0W9_84\SoonLearning.Math_Fast.SYSS300.SYZ0W9_84.csproj", "{C5D53055-0C71-41FC-997B-8C3CCE9F1B66}"
EndProject
Project("{FAE04EC0-301F-11D3-BF4B-00C04F79EFBC}") = "SoonLearning.Math_Fast.SYSS300.SYZ0W5_85", "Math_Fast_SYSS300\81_90\SoonLearning.Math_Fast.SYSS300.SYZ0W5_85\SoonLearning.Math_Fast.SYSS300.SYZ0W5_85.csproj", "{164B53CE-27A7-48E4-82DD-03087099087D}"
EndProject
Project("{FAE04EC0-301F-11D3-BF4B-00C04F79EFBC}") = "SoonLearning.Math_Fast.SYSS300.SH5Z0WT_86", "Math_Fast_SYSS300\81_90\SoonLearning.Math_Fast.SYSS300.SH5Z0WT_86\SoonLearning.Math_Fast.SYSS300.SH5Z0WT_86.csproj", "{A8B96C42-4CD4-4B8D-97FD-CB0506A5EFE5}"
EndProject
Project("{FAE04EC0-301F-11D3-BF4B-00C04F79EFBC}") = "SoonLearning.Math_Fast.SYSS300.SH5WT_87", "Math_Fast_SYSS300\81_90\SoonLearning.Math_Fast.SYSS300.SH5WT_87\SoonLearning.Math_Fast.SYSS300.SH5WT_87.csproj", "{BE8E7A71-EDF7-4767-974A-587BC95EB931}"
EndProject
Project("{FAE04EC0-301F-11D3-BF4B-00C04F79EFBC}") = "SoonLearning.Math_Fast.SYSS300.STZYW5_88", "Math_Fast_SYSS300\81_90\SoonLearning.Math_Fast.SYSS300.STZYW5_88\SoonLearning.Math_Fast.SYSS300.STZYW5_88.csproj", "{7432A6FF-23F2-480D-8804-048D95BE6E97}"
EndProject
Project("{FAE04EC0-301F-11D3-BF4B-00C04F79EFBC}") = "SoonLearning.Math_Fast.SYSS300.SWYZ0_89", "Math_Fast_SYSS300\81_90\SoonLearning.Math_Fast.SYSS300.SWYZ0_89\SoonLearning.Math_Fast.SYSS300.SWYZ0_89.csproj", "{6F3DBAEF-B418-4CE0-B133-BDD645A008DE}"
EndProject
Project("{FAE04EC0-301F-11D3-BF4B-00C04F79EFBC}") = "SoonLearning.Math_Fast.SYSS300.CSZ0_90", "Math_Fast_SYSS300\81_90\SoonLearning.Math_Fast.SYSS300.CSZ0_90\SoonLearning.Math_Fast.SYSS300.CSZ0_90.csproj", "{4A3B086B-61E9-48DD-8394-B78A9DE3541F}"
EndProject
Global
	GlobalSection(SolutionConfigurationPlatforms) = preSolution
		Debug|Any CPU = Debug|Any CPU
		Release|Any CPU = Release|Any CPU
	EndGlobalSection
	GlobalSection(ProjectConfigurationPlatforms) = postSolution
		{3AC6092A-1008-4EF7-91C8-4E0BBD596B7F}.Debug|Any CPU.ActiveCfg = Debug|Any CPU
		{3AC6092A-1008-4EF7-91C8-4E0BBD596B7F}.Debug|Any CPU.Build.0 = Debug|Any CPU
		{3AC6092A-1008-4EF7-91C8-4E0BBD596B7F}.Release|Any CPU.ActiveCfg = Release|Any CPU
		{3AC6092A-1008-4EF7-91C8-4E0BBD596B7F}.Release|Any CPU.Build.0 = Release|Any CPU
		{1E40ADCE-7D7C-4BEB-845A-C672EAD2C37D}.Debug|Any CPU.ActiveCfg = Debug|Any CPU
		{1E40ADCE-7D7C-4BEB-845A-C672EAD2C37D}.Debug|Any CPU.Build.0 = Debug|Any CPU
		{1E40ADCE-7D7C-4BEB-845A-C672EAD2C37D}.Release|Any CPU.ActiveCfg = Release|Any CPU
		{1E40ADCE-7D7C-4BEB-845A-C672EAD2C37D}.Release|Any CPU.Build.0 = Release|Any CPU
		{A464CE12-19B8-4566-97D7-3310A4EC7238}.Debug|Any CPU.ActiveCfg = Debug|Any CPU
		{A464CE12-19B8-4566-97D7-3310A4EC7238}.Debug|Any CPU.Build.0 = Debug|Any CPU
		{A464CE12-19B8-4566-97D7-3310A4EC7238}.Release|Any CPU.ActiveCfg = Release|Any CPU
		{A464CE12-19B8-4566-97D7-3310A4EC7238}.Release|Any CPU.Build.0 = Release|Any CPU
		{D9A37E3E-7BC3-407B-B4E0-527B36F2F3BD}.Debug|Any CPU.ActiveCfg = Debug|Any CPU
		{D9A37E3E-7BC3-407B-B4E0-527B36F2F3BD}.Debug|Any CPU.Build.0 = Debug|Any CPU
		{D9A37E3E-7BC3-407B-B4E0-527B36F2F3BD}.Release|Any CPU.ActiveCfg = Release|Any CPU
		{D9A37E3E-7BC3-407B-B4E0-527B36F2F3BD}.Release|Any CPU.Build.0 = Release|Any CPU
		{C5D53055-0C71-41FC-997B-8C3CCE9F1B66}.Debug|Any CPU.ActiveCfg = Debug|Any CPU
		{C5D53055-0C71-41FC-997B-8C3CCE9F1B66}.Debug|Any CPU.Build.0 = Debug|Any CPU
		{C5D53055-0C71-41FC-997B-8C3CCE9F1B66}.Release|Any CPU.ActiveCfg = Release|Any CPU
		{C5D53055-0C71-41FC-997B-8C3CCE9F1B66}.Release|Any CPU.Build.0 = Release|Any CPU
		{164B53CE-27A7-48E4-82DD-03087099087D}.Debug|Any CPU.ActiveCfg = Debug|Any CPU
		{164B53CE-27A7-48E4-82DD-03087099087D}.Debug|Any CPU.Build.0 = Debug|Any CPU
		{164B53CE-27A7-48E4-82DD-03087099087D}.Release|Any CPU.ActiveCfg = Release|Any CPU
		{164B53CE-27A7-48E4-82DD-03087099087D}.Release|Any CPU.Build.0 = Release|Any CPU
		{A8B96C42-4CD4-4B8D-97FD-CB0506A5EFE5}.Debug|Any CPU.ActiveCfg = Debug|Any CPU
		{A8B96C42-4CD4-4B8D-97FD-CB0506A5EFE5}.Debug|Any CPU.Build.0 = Debug|Any CPU
		{A8B96C42-4CD4-4B8D-97FD-CB0506A5EFE5}.Release|Any CPU.ActiveCfg = Release|Any CPU
		{A8B96C42-4CD4-4B8D-97FD-CB0506A5EFE5}.Release|Any CPU.Build.0 = Release|Any CPU
		{BE8E7A71-EDF7-4767-974A-587BC95EB931}.Debug|Any CPU.ActiveCfg = Debug|Any CPU
		{BE8E7A71-EDF7-4767-974A-587BC95EB931}.Debug|Any CPU.Build.0 = Debug|Any CPU
		{BE8E7A71-EDF7-4767-974A-587BC95EB931}.Release|Any CPU.ActiveCfg = Release|Any CPU
		{BE8E7A71-EDF7-4767-974A-587BC95EB931}.Release|Any CPU.Build.0 = Release|Any CPU
		{7432A6FF-23F2-480D-8804-048D95BE6E97}.Debug|Any CPU.ActiveCfg = Debug|Any CPU
		{7432A6FF-23F2-480D-8804-048D95BE6E97}.Debug|Any CPU.Build.0 = Debug|Any CPU
		{7432A6FF-23F2-480D-8804-048D95BE6E97}.Release|Any CPU.ActiveCfg = Release|Any CPU
		{7432A6FF-23F2-480D-8804-048D95BE6E97}.Release|Any CPU.Build.0 = Release|Any CPU
		{6F3DBAEF-B418-4CE0-B133-BDD645A008DE}.Debug|Any CPU.ActiveCfg = Debug|Any CPU
		{6F3DBAEF-B418-4CE0-B133-BDD645A008DE}.Debug|Any CPU.Build.0 = Debug|Any CPU
		{6F3DBAEF-B418-4CE0-B133-BDD645A008DE}.Release|Any CPU.ActiveCfg = Release|Any CPU
		{6F3DBAEF-B418-4CE0-B133-BDD645A008DE}.Release|Any CPU.Build.0 = Release|Any CPU
		{4A3B086B-61E9-48DD-8394-B78A9DE3541F}.Debug|Any CPU.ActiveCfg = Debug|Any CPU
		{4A3B086B-61E9-48DD-8394-B78A9DE3541F}.Debug|Any CPU.Build.0 = Debug|Any CPU
		{4A3B086B-61E9-48DD-8394-B78A9DE3541F}.Release|Any CPU.ActiveCfg = Release|Any CPU
		{4A3B086B-61E9-48DD-8394-B78A9DE3541F}.Release|Any CPU.Build.0 = Release|Any CPU
	EndGlobalSection
	GlobalSection(SolutionProperties) = preSolution
		HideSolutionNode = FALSE
	EndGlobalSection
EndGlobal
