
Microsoft Visual Studio Solution File, Format Version 11.00
# Visual Studio 2010
Project("{FAE04EC0-301F-11D3-BF4B-00C04F79EFBC}") = "Assessment.Player", "Assessment.Player\Assessment.Player.csproj", "{3AC6092A-1008-4EF7-91C8-4E0BBD596B7F}"
EndProject
Project("{FAE04EC0-301F-11D3-BF4B-00C04F79EFBC}") = "SoonLearning.Math_Fast.SYSS300.SHWT2_51", "Math_Fast_SYSS300\51_60\SoonLearning.Math_Fast.SYSS300.SHWT2_51\SoonLearning.Math_Fast.SYSS300.SHWT2_51.csproj", "{A91230BA-76F2-4DA6-B9BC-9DC972EE4F40}"
EndProject
Project("{FAE04EC0-301F-11D3-BF4B-00C04F79EFBC}") = "SoonLearning.Math_Fast.SYSS300.SHWT3_52", "Math_Fast_SYSS300\51_60\SoonLearning.Math_Fast.SYSS300.SHWT3_52\SoonLearning.Math_Fast.SYSS300.SHWT3_52.csproj", "{40437094-6E4F-4DB2-ABB2-128324C71261}"
EndProject
Project("{FAE04EC0-301F-11D3-BF4B-00C04F79EFBC}") = "SoonLearning.Math_Fast.SYSS300.SYWH_53", "Math_Fast_SYSS300\51_60\SoonLearning.Math_Fast.SYSS300.SYWH_53\SoonLearning.Math_Fast.SYSS300.SYWH_53.csproj", "{0FFCEF8D-EABA-4EAD-B0CC-B4D1E244EF3C}"
EndProject
Project("{FAE04EC0-301F-11D3-BF4B-00C04F79EFBC}") = "SoonLearning.Math_Fast.SYSS300.SHWY_54", "Math_Fast_SYSS300\51_60\SoonLearning.Math_Fast.SYSS300.SHWY_54\SoonLearning.Math_Fast.SYSS300.SHWY_54.csproj", "{6DFFE33D-0A80-4C6F-AC83-285C65B24AB6}"
EndProject
Project("{FAE04EC0-301F-11D3-BF4B-00C04F79EFBC}") = "SoonLearning.Math_Fast.SYSS300.S1WY1_55", "Math_Fast_SYSS300\51_60\SoonLearning.Math_Fast.SYSS300.S1WY1_55\SoonLearning.Math_Fast.SYSS300.S1WY1_55.csproj", "{6273A8BF-8E86-4954-8134-391018E47F1B}"
EndProject
Project("{FAE04EC0-301F-11D3-BF4B-00C04F79EFBC}") = "SoonLearning.Math_Fast.SYSS300.S1WY2_56", "Math_Fast_SYSS300\51_60\SoonLearning.Math_Fast.SYSS300.S1WY2_56\SoonLearning.Math_Fast.SYSS300.S1WY2_56.csproj", "{73BFAEA6-C363-4752-B8FD-90B5705EB45B}"
EndProject
Project("{FAE04EC0-301F-11D3-BF4B-00C04F79EFBC}") = "SoonLearning.Math_Fast.SYSS300.SYW11_57", "Math_Fast_SYSS300\51_60\SoonLearning.Math_Fast.SYSS300.SYW11_57\SoonLearning.Math_Fast.SYSS300.SYW11_57.csproj", "{59376F68-884E-4661-89AE-C2701BED15CE}"
EndProject
Project("{FAE04EC0-301F-11D3-BF4B-00C04F79EFBC}") = "SoonLearning.Math_Fast.SYSS300.SYW12_58", "Math_Fast_SYSS300\51_60\SoonLearning.Math_Fast.SYSS300.SYW12_58\SoonLearning.Math_Fast.SYSS300.SYW12_58.csproj", "{DD830C9A-0B52-40E1-A9C2-A657D6EF822D}"
EndProject
Project("{FAE04EC0-301F-11D3-BF4B-00C04F79EFBC}") = "SoonLearning.Math_Fast.SYSS300.SCWH1_59", "Math_Fast_SYSS300\51_60\SoonLearning.Math_Fast.SYSS300.SCWH1_59\SoonLearning.Math_Fast.SYSS300.SCWH1_59.csproj", "{B60A28EB-1271-4326-AF77-43E116CF9C03}"
EndProject
Project("{FAE04EC0-301F-11D3-BF4B-00C04F79EFBC}") = "SoonLearning.Math_Fast.SYSS300.SCWH2_60", "Math_Fast_SYSS300\51_60\SoonLearning.Math_Fast.SYSS300.SCWH2_60\SoonLearning.Math_Fast.SYSS300.SCWH2_60.csproj", "{A204F631-25F4-4B5B-9F44-0702B4CD88AE}"
EndProject
Global
	GlobalSection(SolutionConfigurationPlatforms) = preSolution
		Debug|Any CPU = Debug|Any CPU
		Release|Any CPU = Release|Any CPU
	EndGlobalSection
	GlobalSection(ProjectConfigurationPlatforms) = postSolution
		{3AC6092A-1008-4EF7-91C8-4E0BBD596B7F}.Debug|Any CPU.ActiveCfg = Debug|Any CPU
		{3AC6092A-1008-4EF7-91C8-4E0BBD596B7F}.Debug|Any CPU.Build.0 = Debug|Any CPU
		{3AC6092A-1008-4EF7-91C8-4E0BBD596B7F}.Release|Any CPU.ActiveCfg = Release|Any CPU
		{3AC6092A-1008-4EF7-91C8-4E0BBD596B7F}.Release|Any CPU.Build.0 = Release|Any CPU
		{A91230BA-76F2-4DA6-B9BC-9DC972EE4F40}.Debug|Any CPU.ActiveCfg = Debug|Any CPU
		{A91230BA-76F2-4DA6-B9BC-9DC972EE4F40}.Debug|Any CPU.Build.0 = Debug|Any CPU
		{A91230BA-76F2-4DA6-B9BC-9DC972EE4F40}.Release|Any CPU.ActiveCfg = Release|Any CPU
		{A91230BA-76F2-4DA6-B9BC-9DC972EE4F40}.Release|Any CPU.Build.0 = Release|Any CPU
		{40437094-6E4F-4DB2-ABB2-128324C71261}.Debug|Any CPU.ActiveCfg = Debug|Any CPU
		{40437094-6E4F-4DB2-ABB2-128324C71261}.Debug|Any CPU.Build.0 = Debug|Any CPU
		{40437094-6E4F-4DB2-ABB2-128324C71261}.Release|Any CPU.ActiveCfg = Release|Any CPU
		{40437094-6E4F-4DB2-ABB2-128324C71261}.Release|Any CPU.Build.0 = Release|Any CPU
		{0FFCEF8D-EABA-4EAD-B0CC-B4D1E244EF3C}.Debug|Any CPU.ActiveCfg = Debug|Any CPU
		{0FFCEF8D-EABA-4EAD-B0CC-B4D1E244EF3C}.Debug|Any CPU.Build.0 = Debug|Any CPU
		{0FFCEF8D-EABA-4EAD-B0CC-B4D1E244EF3C}.Release|Any CPU.ActiveCfg = Release|Any CPU
		{0FFCEF8D-EABA-4EAD-B0CC-B4D1E244EF3C}.Release|Any CPU.Build.0 = Release|Any CPU
		{6DFFE33D-0A80-4C6F-AC83-285C65B24AB6}.Debug|Any CPU.ActiveCfg = Debug|Any CPU
		{6DFFE33D-0A80-4C6F-AC83-285C65B24AB6}.Debug|Any CPU.Build.0 = Debug|Any CPU
		{6DFFE33D-0A80-4C6F-AC83-285C65B24AB6}.Release|Any CPU.ActiveCfg = Release|Any CPU
		{6DFFE33D-0A80-4C6F-AC83-285C65B24AB6}.Release|Any CPU.Build.0 = Release|Any CPU
		{6273A8BF-8E86-4954-8134-391018E47F1B}.Debug|Any CPU.ActiveCfg = Debug|Any CPU
		{6273A8BF-8E86-4954-8134-391018E47F1B}.Debug|Any CPU.Build.0 = Debug|Any CPU
		{6273A8BF-8E86-4954-8134-391018E47F1B}.Release|Any CPU.ActiveCfg = Release|Any CPU
		{6273A8BF-8E86-4954-8134-391018E47F1B}.Release|Any CPU.Build.0 = Release|Any CPU
		{73BFAEA6-C363-4752-B8FD-90B5705EB45B}.Debug|Any CPU.ActiveCfg = Debug|Any CPU
		{73BFAEA6-C363-4752-B8FD-90B5705EB45B}.Debug|Any CPU.Build.0 = Debug|Any CPU
		{73BFAEA6-C363-4752-B8FD-90B5705EB45B}.Release|Any CPU.ActiveCfg = Release|Any CPU
		{73BFAEA6-C363-4752-B8FD-90B5705EB45B}.Release|Any CPU.Build.0 = Release|Any CPU
		{59376F68-884E-4661-89AE-C2701BED15CE}.Debug|Any CPU.ActiveCfg = Debug|Any CPU
		{59376F68-884E-4661-89AE-C2701BED15CE}.Debug|Any CPU.Build.0 = Debug|Any CPU
		{59376F68-884E-4661-89AE-C2701BED15CE}.Release|Any CPU.ActiveCfg = Release|Any CPU
		{59376F68-884E-4661-89AE-C2701BED15CE}.Release|Any CPU.Build.0 = Release|Any CPU
		{DD830C9A-0B52-40E1-A9C2-A657D6EF822D}.Debug|Any CPU.ActiveCfg = Debug|Any CPU
		{DD830C9A-0B52-40E1-A9C2-A657D6EF822D}.Debug|Any CPU.Build.0 = Debug|Any CPU
		{DD830C9A-0B52-40E1-A9C2-A657D6EF822D}.Release|Any CPU.ActiveCfg = Release|Any CPU
		{DD830C9A-0B52-40E1-A9C2-A657D6EF822D}.Release|Any CPU.Build.0 = Release|Any CPU
		{B60A28EB-1271-4326-AF77-43E116CF9C03}.Debug|Any CPU.ActiveCfg = Debug|Any CPU
		{B60A28EB-1271-4326-AF77-43E116CF9C03}.Debug|Any CPU.Build.0 = Debug|Any CPU
		{B60A28EB-1271-4326-AF77-43E116CF9C03}.Release|Any CPU.ActiveCfg = Release|Any CPU
		{B60A28EB-1271-4326-AF77-43E116CF9C03}.Release|Any CPU.Build.0 = Release|Any CPU
		{A204F631-25F4-4B5B-9F44-0702B4CD88AE}.Debug|Any CPU.ActiveCfg = Debug|Any CPU
		{A204F631-25F4-4B5B-9F44-0702B4CD88AE}.Debug|Any CPU.Build.0 = Debug|Any CPU
		{A204F631-25F4-4B5B-9F44-0702B4CD88AE}.Release|Any CPU.ActiveCfg = Release|Any CPU
		{A204F631-25F4-4B5B-9F44-0702B4CD88AE}.Release|Any CPU.Build.0 = Release|Any CPU
	EndGlobalSection
	GlobalSection(SolutionProperties) = preSolution
		HideSolutionNode = FALSE
	EndGlobalSection
EndGlobal
