
Microsoft Visual Studio Solution File, Format Version 11.00
# Visual Studio 2010
Project("{FAE04EC0-301F-11D3-BF4B-00C04F79EFBC}") = "AppCenter", "AppCenter\GadgetCenter\AppCenter.csproj", "{8025D9FE-113D-4646-8C64-55FF2A0A079C}"
EndProject
Project("{FAE04EC0-301F-11D3-BF4B-00C04F79EFBC}") = "BlockPuzzle._2x2", "Apps\BlockPuzzle._2x2\BlockPuzzle._2x2.csproj", "{371B5248-2FD8-42A8-9766-1A531EEEE45F}"
EndProject
Project("{FAE04EC0-301F-11D3-BF4B-00C04F79EFBC}") = "BlockPuzzle._2x3", "Apps\BlockPuzzle._2x3\BlockPuzzle._2x3.csproj", "{B7F52ED7-958E-4CC7-BDF9-6EA3BEE63AB0}"
EndProject
Project("{FAE04EC0-301F-11D3-BF4B-00C04F79EFBC}") = "BlockPuzzle._3x2", "Apps\BlockPuzzle._3x2\BlockPuzzle._3x2.csproj", "{3E38245C-5572-4827-96E5-1AD8F50EF323}"
EndProject
Project("{FAE04EC0-301F-11D3-BF4B-00C04F79EFBC}") = "BlockPuzzle._3x3", "Apps\BlockPuzzle._3x3\BlockPuzzle._3x3.csproj", "{5E1C8DDE-E9A8-424A-B58A-83F860C5D2AF}"
EndProject
Project("{FAE04EC0-301F-11D3-BF4B-00C04F79EFBC}") = "BlockPuzzle", "Apps\Puzzle\BlockPuzzle.csproj", "{C0B591E0-6421-4090-BB71-FD71AF60A3F6}"
EndProject
Project("{FAE04EC0-301F-11D3-BF4B-00C04F79EFBC}") = "ColorExplorer", "Apps\ColorExplore\ColorExplorer.csproj", "{142756D9-1A79-4B8C-AC9C-E57D1ADD827E}"
EndProject
Project("{FAE04EC0-301F-11D3-BF4B-00C04F79EFBC}") = "ColorExplorer.ClickBallon", "Apps\ColorExplorer.ClickBallon\ColorExplorer.ClickBallon.csproj", "{0AA398DF-E829-4175-A6F2-DACE1D9531F1}"
EndProject
Project("{FAE04EC0-301F-11D3-BF4B-00C04F79EFBC}") = "ColorExplorer.ReadBallon", "Apps\ColorExplorer.ReadBallon\ColorExplorer.ReadBallon.csproj", "{AC6C902B-C55A-40FE-94FC-87C3F96ABA35}"
EndProject
Project("{FAE04EC0-301F-11D3-BF4B-00C04F79EFBC}") = "DrawNumber", "Apps\DrawNumber\DrawNumber.csproj", "{08D9220F-D7C1-4955-B233-616491B2C287}"
EndProject
Project("{FAE04EC0-301F-11D3-BF4B-00C04F79EFBC}") = "Math.Fast", "Apps\Math\Math.Fast.csproj", "{769A5646-3E8A-44DB-8CA9-5C725825A61C}"
EndProject
Project("{FAE04EC0-301F-11D3-BF4B-00C04F79EFBC}") = "Math.Fast.AddMinus", "Apps\Math.Fast.AddMinus\Math.Fast.AddMinus.csproj", "{DADE7584-6556-4B53-B87D-0C1E74EE7766}"
EndProject
Project("{FAE04EC0-301F-11D3-BF4B-00C04F79EFBC}") = "Math.Fast.AddMinusMultiplyDivision", "Apps\Math.Fast.AddMinusMultiplyDivision\Math.Fast.AddMinusMultiplyDivision.csproj", "{E451514E-6357-4AE1-8ED4-000CE4C35D96}"
EndProject
Project("{FAE04EC0-301F-11D3-BF4B-00C04F79EFBC}") = "Math.Fast.MultiplyDivision", "Apps\Math.Fast.MultiplyDivision\Math.Fast.MultiplyDivision.csproj", "{7E81878D-5753-4A78-878F-453C3E2EEAA6}"
EndProject
Project("{FAE04EC0-301F-11D3-BF4B-00C04F79EFBC}") = "Math.Fast.NineNineTable", "Apps\Math.Fast.NineNineTable\Math.Fast.NineNineTable.csproj", "{1A39FFE7-BE82-4A7F-A120-E881001E6963}"
EndProject
Project("{FAE04EC0-301F-11D3-BF4B-00C04F79EFBC}") = "ReadCount", "Apps\ReadCount\ReadCount.csproj", "{4B492E97-FD68-4F7C-8BED-894D67F93C50}"
EndProject
Project("{FAE04EC0-301F-11D3-BF4B-00C04F79EFBC}") = "ReadCount.Fruite", "Apps\ReadCount.Fruite\ReadCount.Fruite.csproj", "{009067A6-F619-46F5-AC5D-A5A0E643925D}"
EndProject
Project("{FAE04EC0-301F-11D3-BF4B-00C04F79EFBC}") = "Memorize.UI", "Apps\Memorize.UI\Memorize.UI.csproj", "{DAC40E46-BB68-44CA-A6AF-476E0BD5EBB2}"
EndProject
Project("{FAE04EC0-301F-11D3-BF4B-00C04F79EFBC}") = "Assessment.Player", "Apps\Assessment.Player\Assessment.Player.csproj", "{3AC6092A-1008-4EF7-91C8-4E0BBD596B7F}"
EndProject
Project("{FAE04EC0-301F-11D3-BF4B-00C04F79EFBC}") = "AppCenter.Common", "AppCenter\AppCenter.Common\AppCenter.Common.csproj", "{445D729D-0C54-4EFC-96EB-C641BC03EDB8}"
EndProject
Global
	GlobalSection(SolutionConfigurationPlatforms) = preSolution
		Debug|Any CPU = Debug|Any CPU
		Debug|Mixed Platforms = Debug|Mixed Platforms
		Debug|x86 = Debug|x86
		Release|Any CPU = Release|Any CPU
		Release|Mixed Platforms = Release|Mixed Platforms
		Release|x86 = Release|x86
	EndGlobalSection
	GlobalSection(ProjectConfigurationPlatforms) = postSolution
		{8025D9FE-113D-4646-8C64-55FF2A0A079C}.Debug|Any CPU.ActiveCfg = Debug|x86
		{8025D9FE-113D-4646-8C64-55FF2A0A079C}.Debug|Mixed Platforms.ActiveCfg = Debug|x86
		{8025D9FE-113D-4646-8C64-55FF2A0A079C}.Debug|Mixed Platforms.Build.0 = Debug|x86
		{8025D9FE-113D-4646-8C64-55FF2A0A079C}.Debug|x86.ActiveCfg = Debug|x86
		{8025D9FE-113D-4646-8C64-55FF2A0A079C}.Debug|x86.Build.0 = Debug|x86
		{8025D9FE-113D-4646-8C64-55FF2A0A079C}.Release|Any CPU.ActiveCfg = Release|x86
		{8025D9FE-113D-4646-8C64-55FF2A0A079C}.Release|Mixed Platforms.ActiveCfg = Release|x86
		{8025D9FE-113D-4646-8C64-55FF2A0A079C}.Release|Mixed Platforms.Build.0 = Release|x86
		{8025D9FE-113D-4646-8C64-55FF2A0A079C}.Release|x86.ActiveCfg = Release|x86
		{8025D9FE-113D-4646-8C64-55FF2A0A079C}.Release|x86.Build.0 = Release|x86
		{371B5248-2FD8-42A8-9766-1A531EEEE45F}.Debug|Any CPU.ActiveCfg = Debug|Any CPU
		{371B5248-2FD8-42A8-9766-1A531EEEE45F}.Debug|Any CPU.Build.0 = Debug|Any CPU
		{371B5248-2FD8-42A8-9766-1A531EEEE45F}.Debug|Mixed Platforms.ActiveCfg = Debug|Any CPU
		{371B5248-2FD8-42A8-9766-1A531EEEE45F}.Debug|Mixed Platforms.Build.0 = Debug|Any CPU
		{371B5248-2FD8-42A8-9766-1A531EEEE45F}.Debug|x86.ActiveCfg = Debug|Any CPU
		{371B5248-2FD8-42A8-9766-1A531EEEE45F}.Release|Any CPU.ActiveCfg = Release|Any CPU
		{371B5248-2FD8-42A8-9766-1A531EEEE45F}.Release|Any CPU.Build.0 = Release|Any CPU
		{371B5248-2FD8-42A8-9766-1A531EEEE45F}.Release|Mixed Platforms.ActiveCfg = Release|Any CPU
		{371B5248-2FD8-42A8-9766-1A531EEEE45F}.Release|Mixed Platforms.Build.0 = Release|Any CPU
		{371B5248-2FD8-42A8-9766-1A531EEEE45F}.Release|x86.ActiveCfg = Release|Any CPU
		{B7F52ED7-958E-4CC7-BDF9-6EA3BEE63AB0}.Debug|Any CPU.ActiveCfg = Debug|Any CPU
		{B7F52ED7-958E-4CC7-BDF9-6EA3BEE63AB0}.Debug|Any CPU.Build.0 = Debug|Any CPU
		{B7F52ED7-958E-4CC7-BDF9-6EA3BEE63AB0}.Debug|Mixed Platforms.ActiveCfg = Debug|Any CPU
		{B7F52ED7-958E-4CC7-BDF9-6EA3BEE63AB0}.Debug|Mixed Platforms.Build.0 = Debug|Any CPU
		{B7F52ED7-958E-4CC7-BDF9-6EA3BEE63AB0}.Debug|x86.ActiveCfg = Debug|Any CPU
		{B7F52ED7-958E-4CC7-BDF9-6EA3BEE63AB0}.Release|Any CPU.ActiveCfg = Release|Any CPU
		{B7F52ED7-958E-4CC7-BDF9-6EA3BEE63AB0}.Release|Any CPU.Build.0 = Release|Any CPU
		{B7F52ED7-958E-4CC7-BDF9-6EA3BEE63AB0}.Release|Mixed Platforms.ActiveCfg = Release|Any CPU
		{B7F52ED7-958E-4CC7-BDF9-6EA3BEE63AB0}.Release|Mixed Platforms.Build.0 = Release|Any CPU
		{B7F52ED7-958E-4CC7-BDF9-6EA3BEE63AB0}.Release|x86.ActiveCfg = Release|Any CPU
		{3E38245C-5572-4827-96E5-1AD8F50EF323}.Debug|Any CPU.ActiveCfg = Debug|Any CPU
		{3E38245C-5572-4827-96E5-1AD8F50EF323}.Debug|Any CPU.Build.0 = Debug|Any CPU
		{3E38245C-5572-4827-96E5-1AD8F50EF323}.Debug|Mixed Platforms.ActiveCfg = Debug|Any CPU
		{3E38245C-5572-4827-96E5-1AD8F50EF323}.Debug|Mixed Platforms.Build.0 = Debug|Any CPU
		{3E38245C-5572-4827-96E5-1AD8F50EF323}.Debug|x86.ActiveCfg = Debug|Any CPU
		{3E38245C-5572-4827-96E5-1AD8F50EF323}.Release|Any CPU.ActiveCfg = Release|Any CPU
		{3E38245C-5572-4827-96E5-1AD8F50EF323}.Release|Any CPU.Build.0 = Release|Any CPU
		{3E38245C-5572-4827-96E5-1AD8F50EF323}.Release|Mixed Platforms.ActiveCfg = Release|Any CPU
		{3E38245C-5572-4827-96E5-1AD8F50EF323}.Release|Mixed Platforms.Build.0 = Release|Any CPU
		{3E38245C-5572-4827-96E5-1AD8F50EF323}.Release|x86.ActiveCfg = Release|Any CPU
		{5E1C8DDE-E9A8-424A-B58A-83F860C5D2AF}.Debug|Any CPU.ActiveCfg = Debug|Any CPU
		{5E1C8DDE-E9A8-424A-B58A-83F860C5D2AF}.Debug|Any CPU.Build.0 = Debug|Any CPU
		{5E1C8DDE-E9A8-424A-B58A-83F860C5D2AF}.Debug|Mixed Platforms.ActiveCfg = Debug|Any CPU
		{5E1C8DDE-E9A8-424A-B58A-83F860C5D2AF}.Debug|Mixed Platforms.Build.0 = Debug|Any CPU
		{5E1C8DDE-E9A8-424A-B58A-83F860C5D2AF}.Debug|x86.ActiveCfg = Debug|Any CPU
		{5E1C8DDE-E9A8-424A-B58A-83F860C5D2AF}.Release|Any CPU.ActiveCfg = Release|Any CPU
		{5E1C8DDE-E9A8-424A-B58A-83F860C5D2AF}.Release|Any CPU.Build.0 = Release|Any CPU
		{5E1C8DDE-E9A8-424A-B58A-83F860C5D2AF}.Release|Mixed Platforms.ActiveCfg = Release|Any CPU
		{5E1C8DDE-E9A8-424A-B58A-83F860C5D2AF}.Release|Mixed Platforms.Build.0 = Release|Any CPU
		{5E1C8DDE-E9A8-424A-B58A-83F860C5D2AF}.Release|x86.ActiveCfg = Release|Any CPU
		{C0B591E0-6421-4090-BB71-FD71AF60A3F6}.Debug|Any CPU.ActiveCfg = Debug|Any CPU
		{C0B591E0-6421-4090-BB71-FD71AF60A3F6}.Debug|Any CPU.Build.0 = Debug|Any CPU
		{C0B591E0-6421-4090-BB71-FD71AF60A3F6}.Debug|Mixed Platforms.ActiveCfg = Debug|Any CPU
		{C0B591E0-6421-4090-BB71-FD71AF60A3F6}.Debug|Mixed Platforms.Build.0 = Debug|Any CPU
		{C0B591E0-6421-4090-BB71-FD71AF60A3F6}.Debug|x86.ActiveCfg = Debug|Any CPU
		{C0B591E0-6421-4090-BB71-FD71AF60A3F6}.Release|Any CPU.ActiveCfg = Release|Any CPU
		{C0B591E0-6421-4090-BB71-FD71AF60A3F6}.Release|Any CPU.Build.0 = Release|Any CPU
		{C0B591E0-6421-4090-BB71-FD71AF60A3F6}.Release|Mixed Platforms.ActiveCfg = Release|Any CPU
		{C0B591E0-6421-4090-BB71-FD71AF60A3F6}.Release|Mixed Platforms.Build.0 = Release|Any CPU
		{C0B591E0-6421-4090-BB71-FD71AF60A3F6}.Release|x86.ActiveCfg = Release|Any CPU
		{142756D9-1A79-4B8C-AC9C-E57D1ADD827E}.Debug|Any CPU.ActiveCfg = Debug|Any CPU
		{142756D9-1A79-4B8C-AC9C-E57D1ADD827E}.Debug|Any CPU.Build.0 = Debug|Any CPU
		{142756D9-1A79-4B8C-AC9C-E57D1ADD827E}.Debug|Mixed Platforms.ActiveCfg = Debug|Any CPU
		{142756D9-1A79-4B8C-AC9C-E57D1ADD827E}.Debug|Mixed Platforms.Build.0 = Debug|Any CPU
		{142756D9-1A79-4B8C-AC9C-E57D1ADD827E}.Debug|x86.ActiveCfg = Debug|Any CPU
		{142756D9-1A79-4B8C-AC9C-E57D1ADD827E}.Release|Any CPU.ActiveCfg = Release|Any CPU
		{142756D9-1A79-4B8C-AC9C-E57D1ADD827E}.Release|Any CPU.Build.0 = Release|Any CPU
		{142756D9-1A79-4B8C-AC9C-E57D1ADD827E}.Release|Mixed Platforms.ActiveCfg = Release|Any CPU
		{142756D9-1A79-4B8C-AC9C-E57D1ADD827E}.Release|Mixed Platforms.Build.0 = Release|Any CPU
		{142756D9-1A79-4B8C-AC9C-E57D1ADD827E}.Release|x86.ActiveCfg = Release|Any CPU
		{0AA398DF-E829-4175-A6F2-DACE1D9531F1}.Debug|Any CPU.ActiveCfg = Debug|Any CPU
		{0AA398DF-E829-4175-A6F2-DACE1D9531F1}.Debug|Any CPU.Build.0 = Debug|Any CPU
		{0AA398DF-E829-4175-A6F2-DACE1D9531F1}.Debug|Mixed Platforms.ActiveCfg = Debug|Any CPU
		{0AA398DF-E829-4175-A6F2-DACE1D9531F1}.Debug|Mixed Platforms.Build.0 = Debug|Any CPU
		{0AA398DF-E829-4175-A6F2-DACE1D9531F1}.Debug|x86.ActiveCfg = Debug|Any CPU
		{0AA398DF-E829-4175-A6F2-DACE1D9531F1}.Release|Any CPU.ActiveCfg = Release|Any CPU
		{0AA398DF-E829-4175-A6F2-DACE1D9531F1}.Release|Any CPU.Build.0 = Release|Any CPU
		{0AA398DF-E829-4175-A6F2-DACE1D9531F1}.Release|Mixed Platforms.ActiveCfg = Release|Any CPU
		{0AA398DF-E829-4175-A6F2-DACE1D9531F1}.Release|Mixed Platforms.Build.0 = Release|Any CPU
		{0AA398DF-E829-4175-A6F2-DACE1D9531F1}.Release|x86.ActiveCfg = Release|Any CPU
		{AC6C902B-C55A-40FE-94FC-87C3F96ABA35}.Debug|Any CPU.ActiveCfg = Debug|Any CPU
		{AC6C902B-C55A-40FE-94FC-87C3F96ABA35}.Debug|Any CPU.Build.0 = Debug|Any CPU
		{AC6C902B-C55A-40FE-94FC-87C3F96ABA35}.Debug|Mixed Platforms.ActiveCfg = Debug|Any CPU
		{AC6C902B-C55A-40FE-94FC-87C3F96ABA35}.Debug|Mixed Platforms.Build.0 = Debug|Any CPU
		{AC6C902B-C55A-40FE-94FC-87C3F96ABA35}.Debug|x86.ActiveCfg = Debug|Any CPU
		{AC6C902B-C55A-40FE-94FC-87C3F96ABA35}.Release|Any CPU.ActiveCfg = Release|Any CPU
		{AC6C902B-C55A-40FE-94FC-87C3F96ABA35}.Release|Any CPU.Build.0 = Release|Any CPU
		{AC6C902B-C55A-40FE-94FC-87C3F96ABA35}.Release|Mixed Platforms.ActiveCfg = Release|Any CPU
		{AC6C902B-C55A-40FE-94FC-87C3F96ABA35}.Release|Mixed Platforms.Build.0 = Release|Any CPU
		{AC6C902B-C55A-40FE-94FC-87C3F96ABA35}.Release|x86.ActiveCfg = Release|Any CPU
		{08D9220F-D7C1-4955-B233-616491B2C287}.Debug|Any CPU.ActiveCfg = Debug|Any CPU
		{08D9220F-D7C1-4955-B233-616491B2C287}.Debug|Any CPU.Build.0 = Debug|Any CPU
		{08D9220F-D7C1-4955-B233-616491B2C287}.Debug|Mixed Platforms.ActiveCfg = Debug|Any CPU
		{08D9220F-D7C1-4955-B233-616491B2C287}.Debug|Mixed Platforms.Build.0 = Debug|Any CPU
		{08D9220F-D7C1-4955-B233-616491B2C287}.Debug|x86.ActiveCfg = Debug|Any CPU
		{08D9220F-D7C1-4955-B233-616491B2C287}.Release|Any CPU.ActiveCfg = Release|Any CPU
		{08D9220F-D7C1-4955-B233-616491B2C287}.Release|Any CPU.Build.0 = Release|Any CPU
		{08D9220F-D7C1-4955-B233-616491B2C287}.Release|Mixed Platforms.ActiveCfg = Release|Any CPU
		{08D9220F-D7C1-4955-B233-616491B2C287}.Release|Mixed Platforms.Build.0 = Release|Any CPU
		{08D9220F-D7C1-4955-B233-616491B2C287}.Release|x86.ActiveCfg = Release|Any CPU
		{769A5646-3E8A-44DB-8CA9-5C725825A61C}.Debug|Any CPU.ActiveCfg = Debug|Any CPU
		{769A5646-3E8A-44DB-8CA9-5C725825A61C}.Debug|Any CPU.Build.0 = Debug|Any CPU
		{769A5646-3E8A-44DB-8CA9-5C725825A61C}.Debug|Mixed Platforms.ActiveCfg = Debug|Any CPU
		{769A5646-3E8A-44DB-8CA9-5C725825A61C}.Debug|Mixed Platforms.Build.0 = Debug|Any CPU
		{769A5646-3E8A-44DB-8CA9-5C725825A61C}.Debug|x86.ActiveCfg = Debug|Any CPU
		{769A5646-3E8A-44DB-8CA9-5C725825A61C}.Release|Any CPU.ActiveCfg = Release|Any CPU
		{769A5646-3E8A-44DB-8CA9-5C725825A61C}.Release|Any CPU.Build.0 = Release|Any CPU
		{769A5646-3E8A-44DB-8CA9-5C725825A61C}.Release|Mixed Platforms.ActiveCfg = Release|Any CPU
		{769A5646-3E8A-44DB-8CA9-5C725825A61C}.Release|Mixed Platforms.Build.0 = Release|Any CPU
		{769A5646-3E8A-44DB-8CA9-5C725825A61C}.Release|x86.ActiveCfg = Release|Any CPU
		{DADE7584-6556-4B53-B87D-0C1E74EE7766}.Debug|Any CPU.ActiveCfg = Debug|Any CPU
		{DADE7584-6556-4B53-B87D-0C1E74EE7766}.Debug|Any CPU.Build.0 = Debug|Any CPU
		{DADE7584-6556-4B53-B87D-0C1E74EE7766}.Debug|Mixed Platforms.ActiveCfg = Debug|Any CPU
		{DADE7584-6556-4B53-B87D-0C1E74EE7766}.Debug|Mixed Platforms.Build.0 = Debug|Any CPU
		{DADE7584-6556-4B53-B87D-0C1E74EE7766}.Debug|x86.ActiveCfg = Debug|Any CPU
		{DADE7584-6556-4B53-B87D-0C1E74EE7766}.Release|Any CPU.ActiveCfg = Release|Any CPU
		{DADE7584-6556-4B53-B87D-0C1E74EE7766}.Release|Any CPU.Build.0 = Release|Any CPU
		{DADE7584-6556-4B53-B87D-0C1E74EE7766}.Release|Mixed Platforms.ActiveCfg = Release|Any CPU
		{DADE7584-6556-4B53-B87D-0C1E74EE7766}.Release|Mixed Platforms.Build.0 = Release|Any CPU
		{DADE7584-6556-4B53-B87D-0C1E74EE7766}.Release|x86.ActiveCfg = Release|Any CPU
		{E451514E-6357-4AE1-8ED4-000CE4C35D96}.Debug|Any CPU.ActiveCfg = Debug|Any CPU
		{E451514E-6357-4AE1-8ED4-000CE4C35D96}.Debug|Any CPU.Build.0 = Debug|Any CPU
		{E451514E-6357-4AE1-8ED4-000CE4C35D96}.Debug|Mixed Platforms.ActiveCfg = Debug|Any CPU
		{E451514E-6357-4AE1-8ED4-000CE4C35D96}.Debug|Mixed Platforms.Build.0 = Debug|Any CPU
		{E451514E-6357-4AE1-8ED4-000CE4C35D96}.Debug|x86.ActiveCfg = Debug|Any CPU
		{E451514E-6357-4AE1-8ED4-000CE4C35D96}.Release|Any CPU.ActiveCfg = Release|Any CPU
		{E451514E-6357-4AE1-8ED4-000CE4C35D96}.Release|Any CPU.Build.0 = Release|Any CPU
		{E451514E-6357-4AE1-8ED4-000CE4C35D96}.Release|Mixed Platforms.ActiveCfg = Release|Any CPU
		{E451514E-6357-4AE1-8ED4-000CE4C35D96}.Release|Mixed Platforms.Build.0 = Release|Any CPU
		{E451514E-6357-4AE1-8ED4-000CE4C35D96}.Release|x86.ActiveCfg = Release|Any CPU
		{7E81878D-5753-4A78-878F-453C3E2EEAA6}.Debug|Any CPU.ActiveCfg = Debug|Any CPU
		{7E81878D-5753-4A78-878F-453C3E2EEAA6}.Debug|Any CPU.Build.0 = Debug|Any CPU
		{7E81878D-5753-4A78-878F-453C3E2EEAA6}.Debug|Mixed Platforms.ActiveCfg = Debug|Any CPU
		{7E81878D-5753-4A78-878F-453C3E2EEAA6}.Debug|Mixed Platforms.Build.0 = Debug|Any CPU
		{7E81878D-5753-4A78-878F-453C3E2EEAA6}.Debug|x86.ActiveCfg = Debug|Any CPU
		{7E81878D-5753-4A78-878F-453C3E2EEAA6}.Release|Any CPU.ActiveCfg = Release|Any CPU
		{7E81878D-5753-4A78-878F-453C3E2EEAA6}.Release|Any CPU.Build.0 = Release|Any CPU
		{7E81878D-5753-4A78-878F-453C3E2EEAA6}.Release|Mixed Platforms.ActiveCfg = Release|Any CPU
		{7E81878D-5753-4A78-878F-453C3E2EEAA6}.Release|Mixed Platforms.Build.0 = Release|Any CPU
		{7E81878D-5753-4A78-878F-453C3E2EEAA6}.Release|x86.ActiveCfg = Release|Any CPU
		{1A39FFE7-BE82-4A7F-A120-E881001E6963}.Debug|Any CPU.ActiveCfg = Debug|Any CPU
		{1A39FFE7-BE82-4A7F-A120-E881001E6963}.Debug|Any CPU.Build.0 = Debug|Any CPU
		{1A39FFE7-BE82-4A7F-A120-E881001E6963}.Debug|Mixed Platforms.ActiveCfg = Debug|Any CPU
		{1A39FFE7-BE82-4A7F-A120-E881001E6963}.Debug|Mixed Platforms.Build.0 = Debug|Any CPU
		{1A39FFE7-BE82-4A7F-A120-E881001E6963}.Debug|x86.ActiveCfg = Debug|Any CPU
		{1A39FFE7-BE82-4A7F-A120-E881001E6963}.Release|Any CPU.ActiveCfg = Release|Any CPU
		{1A39FFE7-BE82-4A7F-A120-E881001E6963}.Release|Any CPU.Build.0 = Release|Any CPU
		{1A39FFE7-BE82-4A7F-A120-E881001E6963}.Release|Mixed Platforms.ActiveCfg = Release|Any CPU
		{1A39FFE7-BE82-4A7F-A120-E881001E6963}.Release|Mixed Platforms.Build.0 = Release|Any CPU
		{1A39FFE7-BE82-4A7F-A120-E881001E6963}.Release|x86.ActiveCfg = Release|Any CPU
		{4B492E97-FD68-4F7C-8BED-894D67F93C50}.Debug|Any CPU.ActiveCfg = Debug|Any CPU
		{4B492E97-FD68-4F7C-8BED-894D67F93C50}.Debug|Any CPU.Build.0 = Debug|Any CPU
		{4B492E97-FD68-4F7C-8BED-894D67F93C50}.Debug|Mixed Platforms.ActiveCfg = Debug|Any CPU
		{4B492E97-FD68-4F7C-8BED-894D67F93C50}.Debug|Mixed Platforms.Build.0 = Debug|Any CPU
		{4B492E97-FD68-4F7C-8BED-894D67F93C50}.Debug|x86.ActiveCfg = Debug|Any CPU
		{4B492E97-FD68-4F7C-8BED-894D67F93C50}.Release|Any CPU.ActiveCfg = Release|Any CPU
		{4B492E97-FD68-4F7C-8BED-894D67F93C50}.Release|Any CPU.Build.0 = Release|Any CPU
		{4B492E97-FD68-4F7C-8BED-894D67F93C50}.Release|Mixed Platforms.ActiveCfg = Release|Any CPU
		{4B492E97-FD68-4F7C-8BED-894D67F93C50}.Release|Mixed Platforms.Build.0 = Release|Any CPU
		{4B492E97-FD68-4F7C-8BED-894D67F93C50}.Release|x86.ActiveCfg = Release|Any CPU
		{009067A6-F619-46F5-AC5D-A5A0E643925D}.Debug|Any CPU.ActiveCfg = Debug|Any CPU
		{009067A6-F619-46F5-AC5D-A5A0E643925D}.Debug|Any CPU.Build.0 = Debug|Any CPU
		{009067A6-F619-46F5-AC5D-A5A0E643925D}.Debug|Mixed Platforms.ActiveCfg = Debug|Any CPU
		{009067A6-F619-46F5-AC5D-A5A0E643925D}.Debug|Mixed Platforms.Build.0 = Debug|Any CPU
		{009067A6-F619-46F5-AC5D-A5A0E643925D}.Debug|x86.ActiveCfg = Debug|Any CPU
		{009067A6-F619-46F5-AC5D-A5A0E643925D}.Release|Any CPU.ActiveCfg = Release|Any CPU
		{009067A6-F619-46F5-AC5D-A5A0E643925D}.Release|Any CPU.Build.0 = Release|Any CPU
		{009067A6-F619-46F5-AC5D-A5A0E643925D}.Release|Mixed Platforms.ActiveCfg = Release|Any CPU
		{009067A6-F619-46F5-AC5D-A5A0E643925D}.Release|Mixed Platforms.Build.0 = Release|Any CPU
		{009067A6-F619-46F5-AC5D-A5A0E643925D}.Release|x86.ActiveCfg = Release|Any CPU
		{DAC40E46-BB68-44CA-A6AF-476E0BD5EBB2}.Debug|Any CPU.ActiveCfg = Debug|Any CPU
		{DAC40E46-BB68-44CA-A6AF-476E0BD5EBB2}.Debug|Any CPU.Build.0 = Debug|Any CPU
		{DAC40E46-BB68-44CA-A6AF-476E0BD5EBB2}.Debug|Mixed Platforms.ActiveCfg = Debug|Any CPU
		{DAC40E46-BB68-44CA-A6AF-476E0BD5EBB2}.Debug|Mixed Platforms.Build.0 = Debug|Any CPU
		{DAC40E46-BB68-44CA-A6AF-476E0BD5EBB2}.Debug|x86.ActiveCfg = Debug|Any CPU
		{DAC40E46-BB68-44CA-A6AF-476E0BD5EBB2}.Release|Any CPU.ActiveCfg = Release|Any CPU
		{DAC40E46-BB68-44CA-A6AF-476E0BD5EBB2}.Release|Any CPU.Build.0 = Release|Any CPU
		{DAC40E46-BB68-44CA-A6AF-476E0BD5EBB2}.Release|Mixed Platforms.ActiveCfg = Release|Any CPU
		{DAC40E46-BB68-44CA-A6AF-476E0BD5EBB2}.Release|Mixed Platforms.Build.0 = Release|Any CPU
		{DAC40E46-BB68-44CA-A6AF-476E0BD5EBB2}.Release|x86.ActiveCfg = Release|Any CPU
		{3AC6092A-1008-4EF7-91C8-4E0BBD596B7F}.Debug|Any CPU.ActiveCfg = Debug|Any CPU
		{3AC6092A-1008-4EF7-91C8-4E0BBD596B7F}.Debug|Any CPU.Build.0 = Debug|Any CPU
		{3AC6092A-1008-4EF7-91C8-4E0BBD596B7F}.Debug|Mixed Platforms.ActiveCfg = Debug|Any CPU
		{3AC6092A-1008-4EF7-91C8-4E0BBD596B7F}.Debug|Mixed Platforms.Build.0 = Debug|Any CPU
		{3AC6092A-1008-4EF7-91C8-4E0BBD596B7F}.Debug|x86.ActiveCfg = Debug|Any CPU
		{3AC6092A-1008-4EF7-91C8-4E0BBD596B7F}.Release|Any CPU.ActiveCfg = Release|Any CPU
		{3AC6092A-1008-4EF7-91C8-4E0BBD596B7F}.Release|Any CPU.Build.0 = Release|Any CPU
		{3AC6092A-1008-4EF7-91C8-4E0BBD596B7F}.Release|Mixed Platforms.ActiveCfg = Release|Any CPU
		{3AC6092A-1008-4EF7-91C8-4E0BBD596B7F}.Release|Mixed Platforms.Build.0 = Release|Any CPU
		{3AC6092A-1008-4EF7-91C8-4E0BBD596B7F}.Release|x86.ActiveCfg = Release|Any CPU
		{445D729D-0C54-4EFC-96EB-C641BC03EDB8}.Debug|Any CPU.ActiveCfg = Debug|Any CPU
		{445D729D-0C54-4EFC-96EB-C641BC03EDB8}.Debug|Any CPU.Build.0 = Debug|Any CPU
		{445D729D-0C54-4EFC-96EB-C641BC03EDB8}.Debug|Mixed Platforms.ActiveCfg = Debug|Any CPU
		{445D729D-0C54-4EFC-96EB-C641BC03EDB8}.Debug|Mixed Platforms.Build.0 = Debug|Any CPU
		{445D729D-0C54-4EFC-96EB-C641BC03EDB8}.Debug|x86.ActiveCfg = Debug|Any CPU
		{445D729D-0C54-4EFC-96EB-C641BC03EDB8}.Release|Any CPU.ActiveCfg = Release|Any CPU
		{445D729D-0C54-4EFC-96EB-C641BC03EDB8}.Release|Any CPU.Build.0 = Release|Any CPU
		{445D729D-0C54-4EFC-96EB-C641BC03EDB8}.Release|Mixed Platforms.ActiveCfg = Release|Any CPU
		{445D729D-0C54-4EFC-96EB-C641BC03EDB8}.Release|Mixed Platforms.Build.0 = Release|Any CPU
		{445D729D-0C54-4EFC-96EB-C641BC03EDB8}.Release|x86.ActiveCfg = Release|Any CPU
	EndGlobalSection
	GlobalSection(SolutionProperties) = preSolution
		HideSolutionNode = FALSE
	EndGlobalSection
EndGlobal
